// !$*UTF8*$!
{
	archiveVersion = 1;
	classes = {
	};
	objectVersion = 52;
	objects = {

/* Begin PBXBuildFile section */
		0B0237132777660D001AC484 /* EventListViewController.swift in Sources */ = {isa = PBXBuildFile; fileRef = 0B0237112777660D001AC484 /* EventListViewController.swift */; };
		0B0237142777660D001AC484 /* EventListViewController.xib in Resources */ = {isa = PBXBuildFile; fileRef = 0B0237122777660D001AC484 /* EventListViewController.xib */; };
		0B02371627776A97001AC484 /* TimeTableNavigationController.swift in Sources */ = {isa = PBXBuildFile; fileRef = 0B02371527776A97001AC484 /* TimeTableNavigationController.swift */; };
		0B077DEF272D88A6005006F2 /* UIView+Constraints.swift in Sources */ = {isa = PBXBuildFile; fileRef = 0B077DEE272D88A6005006F2 /* UIView+Constraints.swift */; };
		0B0DF3FA269D0E4C005535CC /* timetableTests.swift in Sources */ = {isa = PBXBuildFile; fileRef = 0B0DF3F9269D0E4C005535CC /* timetableTests.swift */; };
		0B0DF404269D0E4C005535CC /* timetableUITests.swift in Sources */ = {isa = PBXBuildFile; fileRef = 0B0DF403269D0E4C005535CC /* timetableUITests.swift */; };
		0B0DF40F269D0FE5005535CC /* Assets.xcassets in Resources */ = {isa = PBXBuildFile; fileRef = 0B0DF40E269D0FE4005535CC /* Assets.xcassets */; };
		0B0DF43E269D1113005535CC /* GetEventsRepositoryImp.swift in Sources */ = {isa = PBXBuildFile; fileRef = 0B2780202678352E008EBA61 /* GetEventsRepositoryImp.swift */; };
		0B0DF43F269D1116005535CC /* EventsDataSource.swift in Sources */ = {isa = PBXBuildFile; fileRef = 0B2780212678352E008EBA61 /* EventsDataSource.swift */; };
		0B0DF440269D1119005535CC /* EventsDataSourceImp.swift in Sources */ = {isa = PBXBuildFile; fileRef = 0B2780222678352E008EBA61 /* EventsDataSourceImp.swift */; };
		0B0DF441269D1127005535CC /* GetEventsUseCaseImp.swift in Sources */ = {isa = PBXBuildFile; fileRef = 0B2780232678352E008EBA61 /* GetEventsUseCaseImp.swift */; };
		0B0DF442269D1134005535CC /* GetEventsRepository.swift in Sources */ = {isa = PBXBuildFile; fileRef = 0B2780422678352F008EBA61 /* GetEventsRepository.swift */; };
		0B0DF443269D1137005535CC /* GetEventsUseCase.swift in Sources */ = {isa = PBXBuildFile; fileRef = 0B2780432678352F008EBA61 /* GetEventsUseCase.swift */; };
		0B0DF444269D113D005535CC /* Location.swift in Sources */ = {isa = PBXBuildFile; fileRef = 0B2780452678352F008EBA61 /* Location.swift */; };
		0B0DF445269D113F005535CC /* Event.swift in Sources */ = {isa = PBXBuildFile; fileRef = 0B2780462678352F008EBA61 /* Event.swift */; };
		0B0DF446269D1141005535CC /* Day.swift in Sources */ = {isa = PBXBuildFile; fileRef = 0B2780472678352F008EBA61 /* Day.swift */; };
		0B0DF447269D1144005535CC /* Months.swift in Sources */ = {isa = PBXBuildFile; fileRef = 0B2780482678352F008EBA61 /* Months.swift */; };
		0B0DF448269D1146005535CC /* Month.swift in Sources */ = {isa = PBXBuildFile; fileRef = 0B2780492678352F008EBA61 /* Month.swift */; };
		0B0DF449269D114C005535CC /* Date+Extensions.swift in Sources */ = {isa = PBXBuildFile; fileRef = 0B27803D2678352F008EBA61 /* Date+Extensions.swift */; };
		0B0DF44A269D114E005535CC /* Time.swift in Sources */ = {isa = PBXBuildFile; fileRef = 0BF42EBA267AD6EA0074EB64 /* Time.swift */; };
		0B0DF44B269D115C005535CC /* Rubik-MediumItalic.ttf in Resources */ = {isa = PBXBuildFile; fileRef = 0B27802A2678352F008EBA61 /* Rubik-MediumItalic.ttf */; };
		0B0DF44C269D115F005535CC /* Rubik-Bold.ttf in Resources */ = {isa = PBXBuildFile; fileRef = 0B27802B2678352F008EBA61 /* Rubik-Bold.ttf */; };
		0B0DF44D269D1161005535CC /* Rubik-SemiBoldItalic.ttf in Resources */ = {isa = PBXBuildFile; fileRef = 0B27802C2678352F008EBA61 /* Rubik-SemiBoldItalic.ttf */; };
		0B0DF44E269D1164005535CC /* Rubik-Light.ttf in Resources */ = {isa = PBXBuildFile; fileRef = 0B27802D2678352F008EBA61 /* Rubik-Light.ttf */; };
		0B0DF44F269D1166005535CC /* Rubik-Medium.ttf in Resources */ = {isa = PBXBuildFile; fileRef = 0B27802E2678352F008EBA61 /* Rubik-Medium.ttf */; };
		0B0DF450269D1169005535CC /* Rubik-ExtraBoldItalic.ttf in Resources */ = {isa = PBXBuildFile; fileRef = 0B27802F2678352F008EBA61 /* Rubik-ExtraBoldItalic.ttf */; };
		0B0DF451269D116B005535CC /* Rubik-Black.ttf in Resources */ = {isa = PBXBuildFile; fileRef = 0B2780302678352F008EBA61 /* Rubik-Black.ttf */; };
		0B0DF452269D116D005535CC /* Extension+UIFont.swift in Sources */ = {isa = PBXBuildFile; fileRef = 0B2780312678352F008EBA61 /* Extension+UIFont.swift */; };
		0B0DF453269D1170005535CC /* Rubik-Italic.ttf in Resources */ = {isa = PBXBuildFile; fileRef = 0B2780322678352F008EBA61 /* Rubik-Italic.ttf */; };
		0B0DF454269D1173005535CC /* Rubik-LightItalic.ttf in Resources */ = {isa = PBXBuildFile; fileRef = 0B2780332678352F008EBA61 /* Rubik-LightItalic.ttf */; };
		0B0DF455269D1175005535CC /* Rubik-SemiBold.ttf in Resources */ = {isa = PBXBuildFile; fileRef = 0B2780342678352F008EBA61 /* Rubik-SemiBold.ttf */; };
		0B0DF456269D1178005535CC /* Rubik-BlackItalic.ttf in Resources */ = {isa = PBXBuildFile; fileRef = 0B2780352678352F008EBA61 /* Rubik-BlackItalic.ttf */; };
		0B0DF457269D117B005535CC /* Rubik-ExtraBold.ttf in Resources */ = {isa = PBXBuildFile; fileRef = 0B2780362678352F008EBA61 /* Rubik-ExtraBold.ttf */; };
		0B0DF458269D117E005535CC /* Rubik-Regular.ttf in Resources */ = {isa = PBXBuildFile; fileRef = 0B2780372678352F008EBA61 /* Rubik-Regular.ttf */; };
		0B0DF459269D1181005535CC /* Rubik-BoldItalic.ttf in Resources */ = {isa = PBXBuildFile; fileRef = 0B2780382678352F008EBA61 /* Rubik-BoldItalic.ttf */; };
		0B0DF45A269D1184005535CC /* Extension+UIColor.swift in Sources */ = {isa = PBXBuildFile; fileRef = 0BF42EBC267C02F60074EB64 /* Extension+UIColor.swift */; };
		0B0DF45B269D118A005535CC /* Preview Assets.xcassets in Resources */ = {isa = PBXBuildFile; fileRef = 0B0DF41F269D1054005535CC /* Preview Assets.xcassets */; };
		0B0DF45F269D11DB005535CC /* EventViewModel.swift in Sources */ = {isa = PBXBuildFile; fileRef = 0B2780282678352F008EBA61 /* EventViewModel.swift */; };
		0B424166276FAE9B00037845 /* String+Utils.swift in Sources */ = {isa = PBXBuildFile; fileRef = 0B424165276FAE9B00037845 /* String+Utils.swift */; };
		0B54E7A02702A487006A1FB5 /* AppDelegate.swift in Sources */ = {isa = PBXBuildFile; fileRef = 0B54E79E2702A487006A1FB5 /* AppDelegate.swift */; };
		0B54E7A12702A487006A1FB5 /* SceneDelegate.swift in Sources */ = {isa = PBXBuildFile; fileRef = 0B54E79F2702A487006A1FB5 /* SceneDelegate.swift */; };
		0BA628D0274F250B0046F492 /* Resolver in Frameworks */ = {isa = PBXBuildFile; productRef = 0BA628CF274F250B0046F492 /* Resolver */; };
		0BA628D3274F25A20046F492 /* Timetable+Injection.swift in Sources */ = {isa = PBXBuildFile; fileRef = 0BA628D2274F25A20046F492 /* Timetable+Injection.swift */; };
		0BA628DA2753B5530046F492 /* EventCell.swift in Sources */ = {isa = PBXBuildFile; fileRef = 0BA628D82753B5530046F492 /* EventCell.swift */; };
		0BA628DB2753B5530046F492 /* EventCell.xib in Resources */ = {isa = PBXBuildFile; fileRef = 0BA628D92753B5530046F492 /* EventCell.xib */; };
		0BA628DD2753C4C20046F492 /* PaddableLabel.swift in Sources */ = {isa = PBXBuildFile; fileRef = 0BA628DC2753C4C20046F492 /* PaddableLabel.swift */; };
		0BA628DF2758EE5E0046F492 /* EventCellViewModel.swift in Sources */ = {isa = PBXBuildFile; fileRef = 0BA628DE2758EE5E0046F492 /* EventCellViewModel.swift */; };
		0BA628E1275B9AF00046F492 /* LaunchScreen.storyboard in Resources */ = {isa = PBXBuildFile; fileRef = 0BA628E0275B9AF00046F492 /* LaunchScreen.storyboard */; };
		0BA628EA275B9F3C0046F492 /* CustomLaunchScreen.swift in Sources */ = {isa = PBXBuildFile; fileRef = 0BA628E8275B9F3C0046F492 /* CustomLaunchScreen.swift */; };
		0BA628EB275B9F3C0046F492 /* CustomLaunchScreen.xib in Resources */ = {isa = PBXBuildFile; fileRef = 0BA628E9275B9F3C0046F492 /* CustomLaunchScreen.xib */; };
		0BA628EF275BA7600046F492 /* Coordinator.swift in Sources */ = {isa = PBXBuildFile; fileRef = 0BA628EE275BA7600046F492 /* Coordinator.swift */; };
		0BA628F1275BA9200046F492 /* AppCoordinator.swift in Sources */ = {isa = PBXBuildFile; fileRef = 0BA628F0275BA9200046F492 /* AppCoordinator.swift */; };
		0BA628F4275BAAC20046F492 /* EventListViewCoordinator.swift in Sources */ = {isa = PBXBuildFile; fileRef = 0BA628F3275BAAC20046F492 /* EventListViewCoordinator.swift */; };
		0BEA78AC2765087B00933B33 /* AppearenceToggle.swift in Sources */ = {isa = PBXBuildFile; fileRef = 0BEA78AB2765087B00933B33 /* AppearenceToggle.swift */; };
/* End PBXBuildFile section */

/* Begin PBXContainerItemProxy section */
		0B0DF3F6269D0E4C005535CC /* PBXContainerItemProxy */ = {
			isa = PBXContainerItemProxy;
			containerPortal = 0BF3C96F265F17F1009C393F /* Project object */;
			proxyType = 1;
			remoteGlobalIDString = 0B0DF3E5269D0E4A005535CC;
			remoteInfo = timetable;
		};
		0B0DF400269D0E4C005535CC /* PBXContainerItemProxy */ = {
			isa = PBXContainerItemProxy;
			containerPortal = 0BF3C96F265F17F1009C393F /* Project object */;
			proxyType = 1;
			remoteGlobalIDString = 0B0DF3E5269D0E4A005535CC;
			remoteInfo = timetable;
		};
/* End PBXContainerItemProxy section */

/* Begin PBXFileReference section */
		0B0237112777660D001AC484 /* EventListViewController.swift */ = {isa = PBXFileReference; lastKnownFileType = sourcecode.swift; path = EventListViewController.swift; sourceTree = "<group>"; };
		0B0237122777660D001AC484 /* EventListViewController.xib */ = {isa = PBXFileReference; lastKnownFileType = file.xib; path = EventListViewController.xib; sourceTree = "<group>"; };
		0B02371527776A97001AC484 /* TimeTableNavigationController.swift */ = {isa = PBXFileReference; lastKnownFileType = sourcecode.swift; path = TimeTableNavigationController.swift; sourceTree = "<group>"; };
		0B077DEE272D88A6005006F2 /* UIView+Constraints.swift */ = {isa = PBXFileReference; fileEncoding = 4; lastKnownFileType = sourcecode.swift; path = "UIView+Constraints.swift"; sourceTree = "<group>"; };
		0B0DF3E6269D0E4A005535CC /* timetable.app */ = {isa = PBXFileReference; explicitFileType = wrapper.application; includeInIndex = 0; path = timetable.app; sourceTree = BUILT_PRODUCTS_DIR; };
		0B0DF3F5269D0E4C005535CC /* timetableTests.xctest */ = {isa = PBXFileReference; explicitFileType = wrapper.cfbundle; includeInIndex = 0; path = timetableTests.xctest; sourceTree = BUILT_PRODUCTS_DIR; };
		0B0DF3F9269D0E4C005535CC /* timetableTests.swift */ = {isa = PBXFileReference; lastKnownFileType = sourcecode.swift; path = timetableTests.swift; sourceTree = "<group>"; };
		0B0DF3FF269D0E4C005535CC /* timetableUITests.xctest */ = {isa = PBXFileReference; explicitFileType = wrapper.cfbundle; includeInIndex = 0; path = timetableUITests.xctest; sourceTree = BUILT_PRODUCTS_DIR; };
		0B0DF403269D0E4C005535CC /* timetableUITests.swift */ = {isa = PBXFileReference; lastKnownFileType = sourcecode.swift; path = timetableUITests.swift; sourceTree = "<group>"; };
		0B0DF40E269D0FE4005535CC /* Assets.xcassets */ = {isa = PBXFileReference; lastKnownFileType = folder.assetcatalog; path = Assets.xcassets; sourceTree = "<group>"; };
		0B0DF41F269D1054005535CC /* Preview Assets.xcassets */ = {isa = PBXFileReference; lastKnownFileType = folder.assetcatalog; path = "Preview Assets.xcassets"; sourceTree = "<group>"; };
		0B2780202678352E008EBA61 /* GetEventsRepositoryImp.swift */ = {isa = PBXFileReference; fileEncoding = 4; lastKnownFileType = sourcecode.swift; path = GetEventsRepositoryImp.swift; sourceTree = "<group>"; };
		0B2780212678352E008EBA61 /* EventsDataSource.swift */ = {isa = PBXFileReference; fileEncoding = 4; lastKnownFileType = sourcecode.swift; path = EventsDataSource.swift; sourceTree = "<group>"; };
		0B2780222678352E008EBA61 /* EventsDataSourceImp.swift */ = {isa = PBXFileReference; fileEncoding = 4; lastKnownFileType = sourcecode.swift; path = EventsDataSourceImp.swift; sourceTree = "<group>"; };
		0B2780232678352E008EBA61 /* GetEventsUseCaseImp.swift */ = {isa = PBXFileReference; fileEncoding = 4; lastKnownFileType = sourcecode.swift; path = GetEventsUseCaseImp.swift; sourceTree = "<group>"; };
		0B2780282678352F008EBA61 /* EventViewModel.swift */ = {isa = PBXFileReference; fileEncoding = 4; lastKnownFileType = sourcecode.swift; path = EventViewModel.swift; sourceTree = "<group>"; };
		0B27802A2678352F008EBA61 /* Rubik-MediumItalic.ttf */ = {isa = PBXFileReference; lastKnownFileType = file; path = "Rubik-MediumItalic.ttf"; sourceTree = "<group>"; };
		0B27802B2678352F008EBA61 /* Rubik-Bold.ttf */ = {isa = PBXFileReference; lastKnownFileType = file; path = "Rubik-Bold.ttf"; sourceTree = "<group>"; };
		0B27802C2678352F008EBA61 /* Rubik-SemiBoldItalic.ttf */ = {isa = PBXFileReference; lastKnownFileType = file; path = "Rubik-SemiBoldItalic.ttf"; sourceTree = "<group>"; };
		0B27802D2678352F008EBA61 /* Rubik-Light.ttf */ = {isa = PBXFileReference; lastKnownFileType = file; path = "Rubik-Light.ttf"; sourceTree = "<group>"; };
		0B27802E2678352F008EBA61 /* Rubik-Medium.ttf */ = {isa = PBXFileReference; lastKnownFileType = file; path = "Rubik-Medium.ttf"; sourceTree = "<group>"; };
		0B27802F2678352F008EBA61 /* Rubik-ExtraBoldItalic.ttf */ = {isa = PBXFileReference; lastKnownFileType = file; path = "Rubik-ExtraBoldItalic.ttf"; sourceTree = "<group>"; };
		0B2780302678352F008EBA61 /* Rubik-Black.ttf */ = {isa = PBXFileReference; lastKnownFileType = file; path = "Rubik-Black.ttf"; sourceTree = "<group>"; };
		0B2780312678352F008EBA61 /* Extension+UIFont.swift */ = {isa = PBXFileReference; fileEncoding = 4; lastKnownFileType = sourcecode.swift; path = "Extension+UIFont.swift"; sourceTree = "<group>"; };
		0B2780322678352F008EBA61 /* Rubik-Italic.ttf */ = {isa = PBXFileReference; lastKnownFileType = file; path = "Rubik-Italic.ttf"; sourceTree = "<group>"; };
		0B2780332678352F008EBA61 /* Rubik-LightItalic.ttf */ = {isa = PBXFileReference; lastKnownFileType = file; path = "Rubik-LightItalic.ttf"; sourceTree = "<group>"; };
		0B2780342678352F008EBA61 /* Rubik-SemiBold.ttf */ = {isa = PBXFileReference; lastKnownFileType = file; path = "Rubik-SemiBold.ttf"; sourceTree = "<group>"; };
		0B2780352678352F008EBA61 /* Rubik-BlackItalic.ttf */ = {isa = PBXFileReference; lastKnownFileType = file; path = "Rubik-BlackItalic.ttf"; sourceTree = "<group>"; };
		0B2780362678352F008EBA61 /* Rubik-ExtraBold.ttf */ = {isa = PBXFileReference; lastKnownFileType = file; path = "Rubik-ExtraBold.ttf"; sourceTree = "<group>"; };
		0B2780372678352F008EBA61 /* Rubik-Regular.ttf */ = {isa = PBXFileReference; lastKnownFileType = file; path = "Rubik-Regular.ttf"; sourceTree = "<group>"; };
		0B2780382678352F008EBA61 /* Rubik-BoldItalic.ttf */ = {isa = PBXFileReference; lastKnownFileType = file; path = "Rubik-BoldItalic.ttf"; sourceTree = "<group>"; };
		0B27803D2678352F008EBA61 /* Date+Extensions.swift */ = {isa = PBXFileReference; fileEncoding = 4; lastKnownFileType = sourcecode.swift; path = "Date+Extensions.swift"; sourceTree = "<group>"; };
		0B2780422678352F008EBA61 /* GetEventsRepository.swift */ = {isa = PBXFileReference; fileEncoding = 4; lastKnownFileType = sourcecode.swift; path = GetEventsRepository.swift; sourceTree = "<group>"; };
		0B2780432678352F008EBA61 /* GetEventsUseCase.swift */ = {isa = PBXFileReference; fileEncoding = 4; lastKnownFileType = sourcecode.swift; path = GetEventsUseCase.swift; sourceTree = "<group>"; };
		0B2780452678352F008EBA61 /* Location.swift */ = {isa = PBXFileReference; fileEncoding = 4; lastKnownFileType = sourcecode.swift; path = Location.swift; sourceTree = "<group>"; };
		0B2780462678352F008EBA61 /* Event.swift */ = {isa = PBXFileReference; fileEncoding = 4; lastKnownFileType = sourcecode.swift; path = Event.swift; sourceTree = "<group>"; };
		0B2780472678352F008EBA61 /* Day.swift */ = {isa = PBXFileReference; fileEncoding = 4; lastKnownFileType = sourcecode.swift; path = Day.swift; sourceTree = "<group>"; };
		0B2780482678352F008EBA61 /* Months.swift */ = {isa = PBXFileReference; fileEncoding = 4; lastKnownFileType = sourcecode.swift; path = Months.swift; sourceTree = "<group>"; };
		0B2780492678352F008EBA61 /* Month.swift */ = {isa = PBXFileReference; fileEncoding = 4; lastKnownFileType = sourcecode.swift; path = Month.swift; sourceTree = "<group>"; };
		0B424165276FAE9B00037845 /* String+Utils.swift */ = {isa = PBXFileReference; lastKnownFileType = sourcecode.swift; path = "String+Utils.swift"; sourceTree = "<group>"; };
		0B54E79E2702A487006A1FB5 /* AppDelegate.swift */ = {isa = PBXFileReference; fileEncoding = 4; lastKnownFileType = sourcecode.swift; path = AppDelegate.swift; sourceTree = "<group>"; };
		0B54E79F2702A487006A1FB5 /* SceneDelegate.swift */ = {isa = PBXFileReference; fileEncoding = 4; lastKnownFileType = sourcecode.swift; path = SceneDelegate.swift; sourceTree = "<group>"; };
		0BA628D2274F25A20046F492 /* Timetable+Injection.swift */ = {isa = PBXFileReference; lastKnownFileType = sourcecode.swift; path = "Timetable+Injection.swift"; sourceTree = "<group>"; };
		0BA628D82753B5530046F492 /* EventCell.swift */ = {isa = PBXFileReference; lastKnownFileType = sourcecode.swift; path = EventCell.swift; sourceTree = "<group>"; };
		0BA628D92753B5530046F492 /* EventCell.xib */ = {isa = PBXFileReference; lastKnownFileType = file.xib; path = EventCell.xib; sourceTree = "<group>"; };
		0BA628DC2753C4C20046F492 /* PaddableLabel.swift */ = {isa = PBXFileReference; lastKnownFileType = sourcecode.swift; path = PaddableLabel.swift; sourceTree = "<group>"; };
		0BA628DE2758EE5E0046F492 /* EventCellViewModel.swift */ = {isa = PBXFileReference; lastKnownFileType = sourcecode.swift; path = EventCellViewModel.swift; sourceTree = "<group>"; };
		0BA628E0275B9AF00046F492 /* LaunchScreen.storyboard */ = {isa = PBXFileReference; lastKnownFileType = file.storyboard; path = LaunchScreen.storyboard; sourceTree = "<group>"; };
		0BA628E8275B9F3C0046F492 /* CustomLaunchScreen.swift */ = {isa = PBXFileReference; lastKnownFileType = sourcecode.swift; path = CustomLaunchScreen.swift; sourceTree = "<group>"; };
		0BA628E9275B9F3C0046F492 /* CustomLaunchScreen.xib */ = {isa = PBXFileReference; lastKnownFileType = file.xib; path = CustomLaunchScreen.xib; sourceTree = "<group>"; };
		0BA628EE275BA7600046F492 /* Coordinator.swift */ = {isa = PBXFileReference; lastKnownFileType = sourcecode.swift; path = Coordinator.swift; sourceTree = "<group>"; };
		0BA628F0275BA9200046F492 /* AppCoordinator.swift */ = {isa = PBXFileReference; lastKnownFileType = sourcecode.swift; path = AppCoordinator.swift; sourceTree = "<group>"; };
		0BA628F3275BAAC20046F492 /* EventListViewCoordinator.swift */ = {isa = PBXFileReference; lastKnownFileType = sourcecode.swift; path = EventListViewCoordinator.swift; sourceTree = "<group>"; };
		0BEA78AB2765087B00933B33 /* AppearenceToggle.swift */ = {isa = PBXFileReference; lastKnownFileType = sourcecode.swift; path = AppearenceToggle.swift; sourceTree = "<group>"; };
		0BF3C983265F17F3009C393F /* Info.plist */ = {isa = PBXFileReference; lastKnownFileType = text.plist.xml; path = Info.plist; sourceTree = "<group>"; };
		0BF42EBA267AD6EA0074EB64 /* Time.swift */ = {isa = PBXFileReference; lastKnownFileType = sourcecode.swift; path = Time.swift; sourceTree = "<group>"; };
		0BF42EBC267C02F60074EB64 /* Extension+UIColor.swift */ = {isa = PBXFileReference; lastKnownFileType = sourcecode.swift; path = "Extension+UIColor.swift"; sourceTree = "<group>"; };
/* End PBXFileReference section */

/* Begin PBXFrameworksBuildPhase section */
		0B0DF3E3269D0E4A005535CC /* Frameworks */ = {
			isa = PBXFrameworksBuildPhase;
			buildActionMask = 2147483647;
			files = (
				0BA628D0274F250B0046F492 /* Resolver in Frameworks */,
			);
			runOnlyForDeploymentPostprocessing = 0;
		};
		0B0DF3F2269D0E4C005535CC /* Frameworks */ = {
			isa = PBXFrameworksBuildPhase;
			buildActionMask = 2147483647;
			files = (
			);
			runOnlyForDeploymentPostprocessing = 0;
		};
		0B0DF3FC269D0E4C005535CC /* Frameworks */ = {
			isa = PBXFrameworksBuildPhase;
			buildActionMask = 2147483647;
			files = (
			);
			runOnlyForDeploymentPostprocessing = 0;
		};
/* End PBXFrameworksBuildPhase section */

/* Begin PBXGroup section */
		0B0DF3F8269D0E4C005535CC /* timetableTests */ = {
			isa = PBXGroup;
			children = (
				0B0DF3F9269D0E4C005535CC /* timetableTests.swift */,
			);
			path = timetableTests;
			sourceTree = "<group>";
		};
		0B0DF402269D0E4C005535CC /* timetableUITests */ = {
			isa = PBXGroup;
			children = (
				0B0DF403269D0E4C005535CC /* timetableUITests.swift */,
			);
			path = timetableUITests;
			sourceTree = "<group>";
		};
		0B0DF41E269D1054005535CC /* Preview Content */ = {
			isa = PBXGroup;
			children = (
				0B0DF41F269D1054005535CC /* Preview Assets.xcassets */,
			);
			path = "Preview Content";
			sourceTree = "<group>";
		};
		0B27801F2678352E008EBA61 /* Data */ = {
			isa = PBXGroup;
			children = (
				0B2780202678352E008EBA61 /* GetEventsRepositoryImp.swift */,
				0B2780212678352E008EBA61 /* EventsDataSource.swift */,
				0B2780222678352E008EBA61 /* EventsDataSourceImp.swift */,
				0B2780232678352E008EBA61 /* GetEventsUseCaseImp.swift */,
			);
			path = Data;
			sourceTree = "<group>";
		};
		0B2780262678352F008EBA61 /* Presentation */ = {
			isa = PBXGroup;
			children = (
				0B2780282678352F008EBA61 /* EventViewModel.swift */,
				0B2780292678352F008EBA61 /* Fonts */,
				0B2780392678352F008EBA61 /* Views */,
				0BA628DE2758EE5E0046F492 /* EventCellViewModel.swift */,
				0BA628E0275B9AF00046F492 /* LaunchScreen.storyboard */,
				0BA628E8275B9F3C0046F492 /* CustomLaunchScreen.swift */,
				0BA628E9275B9F3C0046F492 /* CustomLaunchScreen.xib */,
			);
			path = Presentation;
			sourceTree = "<group>";
		};
		0B2780292678352F008EBA61 /* Fonts */ = {
			isa = PBXGroup;
			children = (
				0B27802A2678352F008EBA61 /* Rubik-MediumItalic.ttf */,
				0B27802B2678352F008EBA61 /* Rubik-Bold.ttf */,
				0B27802C2678352F008EBA61 /* Rubik-SemiBoldItalic.ttf */,
				0B27802D2678352F008EBA61 /* Rubik-Light.ttf */,
				0B27802E2678352F008EBA61 /* Rubik-Medium.ttf */,
				0B27802F2678352F008EBA61 /* Rubik-ExtraBoldItalic.ttf */,
				0B2780302678352F008EBA61 /* Rubik-Black.ttf */,
				0B2780322678352F008EBA61 /* Rubik-Italic.ttf */,
				0B2780332678352F008EBA61 /* Rubik-LightItalic.ttf */,
				0B2780342678352F008EBA61 /* Rubik-SemiBold.ttf */,
				0B2780352678352F008EBA61 /* Rubik-BlackItalic.ttf */,
				0B2780362678352F008EBA61 /* Rubik-ExtraBold.ttf */,
				0B2780372678352F008EBA61 /* Rubik-Regular.ttf */,
				0B2780382678352F008EBA61 /* Rubik-BoldItalic.ttf */,
			);
			path = Fonts;
			sourceTree = "<group>";
		};
		0B2780392678352F008EBA61 /* Views */ = {
			isa = PBXGroup;
			children = (
				0B0237112777660D001AC484 /* EventListViewController.swift */,
				0B0237122777660D001AC484 /* EventListViewController.xib */,
				0BA628D82753B5530046F492 /* EventCell.swift */,
				0BA628D92753B5530046F492 /* EventCell.xib */,
				0BEA78AB2765087B00933B33 /* AppearenceToggle.swift */,
			);
			path = Views;
			sourceTree = "<group>";
		};
		0B27803C2678352F008EBA61 /* Helpers */ = {
			isa = PBXGroup;
			children = (
				0BA628EE275BA7600046F492 /* Coordinator.swift */,
				0B27803D2678352F008EBA61 /* Date+Extensions.swift */,
				0B077DEE272D88A6005006F2 /* UIView+Constraints.swift */,
				0B2780312678352F008EBA61 /* Extension+UIFont.swift */,
				0BF42EBC267C02F60074EB64 /* Extension+UIColor.swift */,
				0BF42EBA267AD6EA0074EB64 /* Time.swift */,
				0BA628DC2753C4C20046F492 /* PaddableLabel.swift */,
				0B424165276FAE9B00037845 /* String+Utils.swift */,
				0B02371527776A97001AC484 /* TimeTableNavigationController.swift */,
			);
			path = Helpers;
			sourceTree = "<group>";
		};
		0B2780402678352F008EBA61 /* Domain */ = {
			isa = PBXGroup;
			children = (
				0B2780412678352F008EBA61 /* Repositories */,
				0B2780432678352F008EBA61 /* GetEventsUseCase.swift */,
				0B2780442678352F008EBA61 /* Entities */,
			);
			path = Domain;
			sourceTree = "<group>";
		};
		0B2780412678352F008EBA61 /* Repositories */ = {
			isa = PBXGroup;
			children = (
				0B2780422678352F008EBA61 /* GetEventsRepository.swift */,
			);
			path = Repositories;
			sourceTree = "<group>";
		};
		0B2780442678352F008EBA61 /* Entities */ = {
			isa = PBXGroup;
			children = (
				0B2780452678352F008EBA61 /* Location.swift */,
				0B2780462678352F008EBA61 /* Event.swift */,
				0B2780472678352F008EBA61 /* Day.swift */,
				0B2780482678352F008EBA61 /* Months.swift */,
				0B2780492678352F008EBA61 /* Month.swift */,
			);
			path = Entities;
			sourceTree = "<group>";
		};
		0BA628D1274F256E0046F492 /* Injection */ = {
			isa = PBXGroup;
			children = (
				0BA628D2274F25A20046F492 /* Timetable+Injection.swift */,
			);
			path = Injection;
			sourceTree = "<group>";
		};
		0BA628F2275BAAA70046F492 /* Coordinator */ = {
			isa = PBXGroup;
			children = (
				0BA628F3275BAAC20046F492 /* EventListViewCoordinator.swift */,
			);
			path = Coordinator;
			sourceTree = "<group>";
		};
		0BEB47D62678328C00436634 /* timetable */ = {
			isa = PBXGroup;
			children = (
				0BA628F2275BAAA70046F492 /* Coordinator */,
				0BA628D1274F256E0046F492 /* Injection */,
				0B0DF40E269D0FE4005535CC /* Assets.xcassets */,
				0B27801F2678352E008EBA61 /* Data */,
				0B2780402678352F008EBA61 /* Domain */,
				0B27803C2678352F008EBA61 /* Helpers */,
				0B2780262678352F008EBA61 /* Presentation */,
				0BF3C983265F17F3009C393F /* Info.plist */,
				0B0DF41E269D1054005535CC /* Preview Content */,
				0B54E79E2702A487006A1FB5 /* AppDelegate.swift */,
				0B54E79F2702A487006A1FB5 /* SceneDelegate.swift */,
				0BA628F0275BA9200046F492 /* AppCoordinator.swift */,
			);
			path = timetable;
			sourceTree = "<group>";
		};
		0BF3C96E265F17F1009C393F = {
			isa = PBXGroup;
			children = (
				0BEB47D62678328C00436634 /* timetable */,
				0B0DF3F8269D0E4C005535CC /* timetableTests */,
				0B0DF402269D0E4C005535CC /* timetableUITests */,
				0BF3C978265F17F1009C393F /* Products */,
			);
			sourceTree = "<group>";
		};
		0BF3C978265F17F1009C393F /* Products */ = {
			isa = PBXGroup;
			children = (
				0B0DF3E6269D0E4A005535CC /* timetable.app */,
				0B0DF3F5269D0E4C005535CC /* timetableTests.xctest */,
				0B0DF3FF269D0E4C005535CC /* timetableUITests.xctest */,
			);
			name = Products;
			sourceTree = "<group>";
		};
/* End PBXGroup section */

/* Begin PBXNativeTarget section */
		0B0DF3E5269D0E4A005535CC /* timetable */ = {
			isa = PBXNativeTarget;
			buildConfigurationList = 0B0DF405269D0E4C005535CC /* Build configuration list for PBXNativeTarget "timetable" */;
			buildPhases = (
				0B0DF3E2269D0E4A005535CC /* Sources */,
				0B0DF3E3269D0E4A005535CC /* Frameworks */,
				0B0DF3E4269D0E4A005535CC /* Resources */,
			);
			buildRules = (
			);
			dependencies = (
			);
			name = timetable;
			packageProductDependencies = (
				0BA628CF274F250B0046F492 /* Resolver */,
			);
			productName = timetable;
			productReference = 0B0DF3E6269D0E4A005535CC /* timetable.app */;
			productType = "com.apple.product-type.application";
		};
		0B0DF3F4269D0E4C005535CC /* timetableTests */ = {
			isa = PBXNativeTarget;
			buildConfigurationList = 0B0DF408269D0E4C005535CC /* Build configuration list for PBXNativeTarget "timetableTests" */;
			buildPhases = (
				0B0DF3F1269D0E4C005535CC /* Sources */,
				0B0DF3F2269D0E4C005535CC /* Frameworks */,
				0B0DF3F3269D0E4C005535CC /* Resources */,
			);
			buildRules = (
			);
			dependencies = (
				0B0DF3F7269D0E4C005535CC /* PBXTargetDependency */,
			);
			name = timetableTests;
			productName = timetableTests;
			productReference = 0B0DF3F5269D0E4C005535CC /* timetableTests.xctest */;
			productType = "com.apple.product-type.bundle.unit-test";
		};
		0B0DF3FE269D0E4C005535CC /* timetableUITests */ = {
			isa = PBXNativeTarget;
			buildConfigurationList = 0B0DF40B269D0E4C005535CC /* Build configuration list for PBXNativeTarget "timetableUITests" */;
			buildPhases = (
				0B0DF3FB269D0E4C005535CC /* Sources */,
				0B0DF3FC269D0E4C005535CC /* Frameworks */,
				0B0DF3FD269D0E4C005535CC /* Resources */,
			);
			buildRules = (
			);
			dependencies = (
				0B0DF401269D0E4C005535CC /* PBXTargetDependency */,
			);
			name = timetableUITests;
			productName = timetableUITests;
			productReference = 0B0DF3FF269D0E4C005535CC /* timetableUITests.xctest */;
			productType = "com.apple.product-type.bundle.ui-testing";
		};
/* End PBXNativeTarget section */

/* Begin PBXProject section */
		0BF3C96F265F17F1009C393F /* Project object */ = {
			isa = PBXProject;
			attributes = {
				LastSwiftUpdateCheck = 1300;
				LastUpgradeCheck = 1250;
				TargetAttributes = {
					0B0DF3E5269D0E4A005535CC = {
						CreatedOnToolsVersion = 13.0;
					};
					0B0DF3F4269D0E4C005535CC = {
						CreatedOnToolsVersion = 13.0;
						TestTargetID = 0B0DF3E5269D0E4A005535CC;
					};
					0B0DF3FE269D0E4C005535CC = {
						CreatedOnToolsVersion = 13.0;
						TestTargetID = 0B0DF3E5269D0E4A005535CC;
					};
				};
			};
			buildConfigurationList = 0BF3C972265F17F1009C393F /* Build configuration list for PBXProject "timetable" */;
			compatibilityVersion = "Xcode 9.3";
			developmentRegion = en;
			hasScannedForEncodings = 0;
			knownRegions = (
				en,
				Base,
			);
			mainGroup = 0BF3C96E265F17F1009C393F;
			packageReferences = (
				0BA628CE274F250B0046F492 /* XCRemoteSwiftPackageReference "Resolver" */,
			);
			productRefGroup = 0BF3C978265F17F1009C393F /* Products */;
			projectDirPath = "";
			projectRoot = "";
			targets = (
				0B0DF3E5269D0E4A005535CC /* timetable */,
				0B0DF3F4269D0E4C005535CC /* timetableTests */,
				0B0DF3FE269D0E4C005535CC /* timetableUITests */,
			);
		};
/* End PBXProject section */

/* Begin PBXResourcesBuildPhase section */
		0B0DF3E4269D0E4A005535CC /* Resources */ = {
			isa = PBXResourcesBuildPhase;
			buildActionMask = 2147483647;
			files = (
				0B0DF40F269D0FE5005535CC /* Assets.xcassets in Resources */,
				0B0DF458269D117E005535CC /* Rubik-Regular.ttf in Resources */,
				0B0DF457269D117B005535CC /* Rubik-ExtraBold.ttf in Resources */,
				0B0DF454269D1173005535CC /* Rubik-LightItalic.ttf in Resources */,
				0B0DF456269D1178005535CC /* Rubik-BlackItalic.ttf in Resources */,
				0B0DF44C269D115F005535CC /* Rubik-Bold.ttf in Resources */,
				0BA628E1275B9AF00046F492 /* LaunchScreen.storyboard in Resources */,
				0B0DF451269D116B005535CC /* Rubik-Black.ttf in Resources */,
				0B0DF44E269D1164005535CC /* Rubik-Light.ttf in Resources */,
				0B0DF45B269D118A005535CC /* Preview Assets.xcassets in Resources */,
				0B0DF44F269D1166005535CC /* Rubik-Medium.ttf in Resources */,
				0B0DF453269D1170005535CC /* Rubik-Italic.ttf in Resources */,
				0B0DF459269D1181005535CC /* Rubik-BoldItalic.ttf in Resources */,
				0B0237142777660D001AC484 /* EventListViewController.xib in Resources */,
				0B0DF44B269D115C005535CC /* Rubik-MediumItalic.ttf in Resources */,
				0B0DF455269D1175005535CC /* Rubik-SemiBold.ttf in Resources */,
				0B0DF450269D1169005535CC /* Rubik-ExtraBoldItalic.ttf in Resources */,
				0BA628EB275B9F3C0046F492 /* CustomLaunchScreen.xib in Resources */,
				0BA628DB2753B5530046F492 /* EventCell.xib in Resources */,
				0B0DF44D269D1161005535CC /* Rubik-SemiBoldItalic.ttf in Resources */,
			);
			runOnlyForDeploymentPostprocessing = 0;
		};
		0B0DF3F3269D0E4C005535CC /* Resources */ = {
			isa = PBXResourcesBuildPhase;
			buildActionMask = 2147483647;
			files = (
			);
			runOnlyForDeploymentPostprocessing = 0;
		};
		0B0DF3FD269D0E4C005535CC /* Resources */ = {
			isa = PBXResourcesBuildPhase;
			buildActionMask = 2147483647;
			files = (
			);
			runOnlyForDeploymentPostprocessing = 0;
		};
/* End PBXResourcesBuildPhase section */

/* Begin PBXSourcesBuildPhase section */
		0B0DF3E2269D0E4A005535CC /* Sources */ = {
			isa = PBXSourcesBuildPhase;
			buildActionMask = 2147483647;
			files = (
				0B0DF452269D116D005535CC /* Extension+UIFont.swift in Sources */,
				0B0DF445269D113F005535CC /* Event.swift in Sources */,
				0BA628EF275BA7600046F492 /* Coordinator.swift in Sources */,
				0B0DF441269D1127005535CC /* GetEventsUseCaseImp.swift in Sources */,
				0BA628DD2753C4C20046F492 /* PaddableLabel.swift in Sources */,
				0B0DF43E269D1113005535CC /* GetEventsRepositoryImp.swift in Sources */,
				0BA628F1275BA9200046F492 /* AppCoordinator.swift in Sources */,
				0B0DF448269D1146005535CC /* Month.swift in Sources */,
				0B0DF442269D1134005535CC /* GetEventsRepository.swift in Sources */,
				0B077DEF272D88A6005006F2 /* UIView+Constraints.swift in Sources */,
				0BA628F4275BAAC20046F492 /* EventListViewCoordinator.swift in Sources */,
				0B54E7A12702A487006A1FB5 /* SceneDelegate.swift in Sources */,
				0B54E7A02702A487006A1FB5 /* AppDelegate.swift in Sources */,
				0B02371627776A97001AC484 /* TimeTableNavigationController.swift in Sources */,
				0B0DF45F269D11DB005535CC /* EventViewModel.swift in Sources */,
				0BEA78AC2765087B00933B33 /* AppearenceToggle.swift in Sources */,
				0B0DF449269D114C005535CC /* Date+Extensions.swift in Sources */,
				0BA628DF2758EE5E0046F492 /* EventCellViewModel.swift in Sources */,
				0B0DF45A269D1184005535CC /* Extension+UIColor.swift in Sources */,
				0B0DF44A269D114E005535CC /* Time.swift in Sources */,
				0B0237132777660D001AC484 /* EventListViewController.swift in Sources */,
				0B424166276FAE9B00037845 /* String+Utils.swift in Sources */,
				0B0DF443269D1137005535CC /* GetEventsUseCase.swift in Sources */,
				0B0DF446269D1141005535CC /* Day.swift in Sources */,
				0B0DF440269D1119005535CC /* EventsDataSourceImp.swift in Sources */,
				0BA628EA275B9F3C0046F492 /* CustomLaunchScreen.swift in Sources */,
				0B0DF43F269D1116005535CC /* EventsDataSource.swift in Sources */,
				0B0DF447269D1144005535CC /* Months.swift in Sources */,
				0BA628DA2753B5530046F492 /* EventCell.swift in Sources */,
				0B0DF444269D113D005535CC /* Location.swift in Sources */,
				0BA628D3274F25A20046F492 /* Timetable+Injection.swift in Sources */,
			);
			runOnlyForDeploymentPostprocessing = 0;
		};
		0B0DF3F1269D0E4C005535CC /* Sources */ = {
			isa = PBXSourcesBuildPhase;
			buildActionMask = 2147483647;
			files = (
				0B0DF3FA269D0E4C005535CC /* timetableTests.swift in Sources */,
			);
			runOnlyForDeploymentPostprocessing = 0;
		};
		0B0DF3FB269D0E4C005535CC /* Sources */ = {
			isa = PBXSourcesBuildPhase;
			buildActionMask = 2147483647;
			files = (
				0B0DF404269D0E4C005535CC /* timetableUITests.swift in Sources */,
			);
			runOnlyForDeploymentPostprocessing = 0;
		};
/* End PBXSourcesBuildPhase section */

/* Begin PBXTargetDependency section */
		0B0DF3F7269D0E4C005535CC /* PBXTargetDependency */ = {
			isa = PBXTargetDependency;
			target = 0B0DF3E5269D0E4A005535CC /* timetable */;
			targetProxy = 0B0DF3F6269D0E4C005535CC /* PBXContainerItemProxy */;
		};
		0B0DF401269D0E4C005535CC /* PBXTargetDependency */ = {
			isa = PBXTargetDependency;
			target = 0B0DF3E5269D0E4A005535CC /* timetable */;
			targetProxy = 0B0DF400269D0E4C005535CC /* PBXContainerItemProxy */;
		};
/* End PBXTargetDependency section */

/* Begin XCBuildConfiguration section */
		0B0DF406269D0E4C005535CC /* Debug */ = {
			isa = XCBuildConfiguration;
			buildSettings = {
				ASSETCATALOG_COMPILER_APPICON_NAME = AppIconBlack;
				ASSETCATALOG_COMPILER_GLOBAL_ACCENT_COLOR_NAME = AccentColor;
				CODE_SIGN_STYLE = Automatic;
				CURRENT_PROJECT_VERSION = 6;
				DEVELOPMENT_ASSET_PATHS = "\"timetable/Preview Content\"";
				DEVELOPMENT_TEAM = C434CHPZ37;
				ENABLE_PREVIEWS = YES;
				GENERATE_INFOPLIST_FILE = YES;
				INFOPLIST_KEY_NSCalendarsUsageDescription = "precisamos acessar os dados de calendário";
				INFOPLIST_KEY_NSContactsUsageDescription = "precisamos acessar os dados de contatos";
				INFOPLIST_KEY_NSRemindersUsageDescription = "precisamos acessar os dados de calendário";
				INFOPLIST_KEY_UIApplicationSupportsIndirectInputEvents = YES;
				INFOPLIST_KEY_UILaunchStoryboardName = LaunchScreen;
				INFOPLIST_KEY_UIRequiresFullScreen = YES;
				INFOPLIST_KEY_UISupportedInterfaceOrientations = UIInterfaceOrientationPortrait;
				INFOPLIST_KEY_UISupportedInterfaceOrientations_iPad = UIInterfaceOrientationPortrait;
				INFOPLIST_KEY_UISupportedInterfaceOrientations_iPhone = UIInterfaceOrientationPortrait;
				IPHONEOS_DEPLOYMENT_TARGET = 15.0;
				LD_RUNPATH_SEARCH_PATHS = (
					"$(inherited)",
					"@executable_path/Frameworks",
				);
				MARKETING_VERSION = 1.0;
				PRODUCT_BUNDLE_IDENTIFIER = com.hoffsilva.timetable;
				PRODUCT_NAME = "$(TARGET_NAME)";
				SWIFT_EMIT_LOC_STRINGS = YES;
				SWIFT_VERSION = 5.0;
				TARGETED_DEVICE_FAMILY = "1,2";
			};
			name = Debug;
		};
		0B0DF407269D0E4C005535CC /* Release */ = {
			isa = XCBuildConfiguration;
			buildSettings = {
				ASSETCATALOG_COMPILER_APPICON_NAME = AppIconBlack;
				ASSETCATALOG_COMPILER_GLOBAL_ACCENT_COLOR_NAME = AccentColor;
				CODE_SIGN_STYLE = Automatic;
				CURRENT_PROJECT_VERSION = 6;
				DEVELOPMENT_ASSET_PATHS = "\"timetable/Preview Content\"";
				DEVELOPMENT_TEAM = C434CHPZ37;
				ENABLE_PREVIEWS = YES;
				GENERATE_INFOPLIST_FILE = YES;
				INFOPLIST_KEY_NSCalendarsUsageDescription = "precisamos acessar os dados de calendário";
				INFOPLIST_KEY_NSContactsUsageDescription = "precisamos acessar os dados de contatos";
				INFOPLIST_KEY_NSRemindersUsageDescription = "precisamos acessar os dados de calendário";
				INFOPLIST_KEY_UIApplicationSupportsIndirectInputEvents = YES;
				INFOPLIST_KEY_UILaunchStoryboardName = LaunchScreen;
				INFOPLIST_KEY_UIRequiresFullScreen = YES;
				INFOPLIST_KEY_UISupportedInterfaceOrientations = UIInterfaceOrientationPortrait;
				INFOPLIST_KEY_UISupportedInterfaceOrientations_iPad = UIInterfaceOrientationPortrait;
				INFOPLIST_KEY_UISupportedInterfaceOrientations_iPhone = UIInterfaceOrientationPortrait;
				IPHONEOS_DEPLOYMENT_TARGET = 15.0;
				LD_RUNPATH_SEARCH_PATHS = (
					"$(inherited)",
					"@executable_path/Frameworks",
				);
				MARKETING_VERSION = 1.0;
				PRODUCT_BUNDLE_IDENTIFIER = com.hoffsilva.timetable;
				PRODUCT_NAME = "$(TARGET_NAME)";
				SWIFT_EMIT_LOC_STRINGS = YES;
				SWIFT_VERSION = 5.0;
				TARGETED_DEVICE_FAMILY = "1,2";
			};
			name = Release;
		};
		0B0DF409269D0E4C005535CC /* Debug */ = {
			isa = XCBuildConfiguration;
			buildSettings = {
				ALWAYS_EMBED_SWIFT_STANDARD_LIBRARIES = YES;
				BUNDLE_LOADER = "$(TEST_HOST)";
				CODE_SIGN_STYLE = Automatic;
				CURRENT_PROJECT_VERSION = 1;
				DEVELOPMENT_TEAM = C434CHPZ37;
				GENERATE_INFOPLIST_FILE = YES;
				IPHONEOS_DEPLOYMENT_TARGET = 15.0;
				LD_RUNPATH_SEARCH_PATHS = (
					"$(inherited)",
					"@executable_path/Frameworks",
					"@loader_path/Frameworks",
				);
				MARKETING_VERSION = 1.0;
				PRODUCT_BUNDLE_IDENTIFIER = com.hoffsilva.timetableTests;
				PRODUCT_NAME = "$(TARGET_NAME)";
				SWIFT_EMIT_LOC_STRINGS = NO;
				SWIFT_VERSION = 5.0;
				TARGETED_DEVICE_FAMILY = "1,2";
				TEST_HOST = "$(BUILT_PRODUCTS_DIR)/timetable.app/timetable";
			};
			name = Debug;
		};
		0B0DF40A269D0E4C005535CC /* Release */ = {
			isa = XCBuildConfiguration;
			buildSettings = {
				ALWAYS_EMBED_SWIFT_STANDARD_LIBRARIES = YES;
				BUNDLE_LOADER = "$(TEST_HOST)";
				CODE_SIGN_STYLE = Automatic;
				CURRENT_PROJECT_VERSION = 1;
				DEVELOPMENT_TEAM = C434CHPZ37;
				GENERATE_INFOPLIST_FILE = YES;
				IPHONEOS_DEPLOYMENT_TARGET = 15.0;
				LD_RUNPATH_SEARCH_PATHS = (
					"$(inherited)",
					"@executable_path/Frameworks",
					"@loader_path/Frameworks",
				);
				MARKETING_VERSION = 1.0;
				PRODUCT_BUNDLE_IDENTIFIER = com.hoffsilva.timetableTests;
				PRODUCT_NAME = "$(TARGET_NAME)";
				SWIFT_EMIT_LOC_STRINGS = NO;
				SWIFT_VERSION = 5.0;
				TARGETED_DEVICE_FAMILY = "1,2";
				TEST_HOST = "$(BUILT_PRODUCTS_DIR)/timetable.app/timetable";
			};
			name = Release;
		};
		0B0DF40C269D0E4C005535CC /* Debug */ = {
			isa = XCBuildConfiguration;
			buildSettings = {
				ALWAYS_EMBED_SWIFT_STANDARD_LIBRARIES = YES;
				CODE_SIGN_STYLE = Automatic;
				CURRENT_PROJECT_VERSION = 1;
				DEVELOPMENT_TEAM = C434CHPZ37;
				GENERATE_INFOPLIST_FILE = YES;
				IPHONEOS_DEPLOYMENT_TARGET = 15.0;
				LD_RUNPATH_SEARCH_PATHS = (
					"$(inherited)",
					"@executable_path/Frameworks",
					"@loader_path/Frameworks",
				);
				MARKETING_VERSION = 1.0;
				PRODUCT_BUNDLE_IDENTIFIER = com.hoffsilva.timetableUITests;
				PRODUCT_NAME = "$(TARGET_NAME)";
				SWIFT_EMIT_LOC_STRINGS = NO;
				SWIFT_VERSION = 5.0;
				TARGETED_DEVICE_FAMILY = "1,2";
				TEST_TARGET_NAME = timetable;
			};
			name = Debug;
		};
		0B0DF40D269D0E4C005535CC /* Release */ = {
			isa = XCBuildConfiguration;
			buildSettings = {
				ALWAYS_EMBED_SWIFT_STANDARD_LIBRARIES = YES;
				CODE_SIGN_STYLE = Automatic;
				CURRENT_PROJECT_VERSION = 1;
				DEVELOPMENT_TEAM = C434CHPZ37;
				GENERATE_INFOPLIST_FILE = YES;
				IPHONEOS_DEPLOYMENT_TARGET = 15.0;
				LD_RUNPATH_SEARCH_PATHS = (
					"$(inherited)",
					"@executable_path/Frameworks",
					"@loader_path/Frameworks",
				);
				MARKETING_VERSION = 1.0;
				PRODUCT_BUNDLE_IDENTIFIER = com.hoffsilva.timetableUITests;
				PRODUCT_NAME = "$(TARGET_NAME)";
				SWIFT_EMIT_LOC_STRINGS = NO;
				SWIFT_VERSION = 5.0;
				TARGETED_DEVICE_FAMILY = "1,2";
				TEST_TARGET_NAME = timetable;
			};
			name = Release;
		};
		0BF3C984265F17F3009C393F /* Debug */ = {
			isa = XCBuildConfiguration;
			buildSettings = {
				ALWAYS_SEARCH_USER_PATHS = NO;
				CLANG_ANALYZER_NONNULL = YES;
				CLANG_ANALYZER_NUMBER_OBJECT_CONVERSION = YES_AGGRESSIVE;
				CLANG_CXX_LANGUAGE_STANDARD = "gnu++14";
				CLANG_CXX_LIBRARY = "libc++";
				CLANG_ENABLE_MODULES = YES;
				CLANG_ENABLE_OBJC_ARC = YES;
				CLANG_ENABLE_OBJC_WEAK = YES;
				CLANG_WARN_BLOCK_CAPTURE_AUTORELEASING = YES;
				CLANG_WARN_BOOL_CONVERSION = YES;
				CLANG_WARN_COMMA = YES;
				CLANG_WARN_CONSTANT_CONVERSION = YES;
				CLANG_WARN_DEPRECATED_OBJC_IMPLEMENTATIONS = YES;
				CLANG_WARN_DIRECT_OBJC_ISA_USAGE = YES_ERROR;
				CLANG_WARN_DOCUMENTATION_COMMENTS = YES;
				CLANG_WARN_EMPTY_BODY = YES;
				CLANG_WARN_ENUM_CONVERSION = YES;
				CLANG_WARN_INFINITE_RECURSION = YES;
				CLANG_WARN_INT_CONVERSION = YES;
				CLANG_WARN_NON_LITERAL_NULL_CONVERSION = YES;
				CLANG_WARN_OBJC_IMPLICIT_RETAIN_SELF = YES;
				CLANG_WARN_OBJC_LITERAL_CONVERSION = YES;
				CLANG_WARN_OBJC_ROOT_CLASS = YES_ERROR;
				CLANG_WARN_QUOTED_INCLUDE_IN_FRAMEWORK_HEADER = YES;
				CLANG_WARN_RANGE_LOOP_ANALYSIS = YES;
				CLANG_WARN_STRICT_PROTOTYPES = YES;
				CLANG_WARN_SUSPICIOUS_MOVE = YES;
				CLANG_WARN_UNGUARDED_AVAILABILITY = YES_AGGRESSIVE;
				CLANG_WARN_UNREACHABLE_CODE = YES;
				CLANG_WARN__DUPLICATE_METHOD_MATCH = YES;
				COPY_PHASE_STRIP = NO;
				DEBUG_INFORMATION_FORMAT = dwarf;
				ENABLE_STRICT_OBJC_MSGSEND = YES;
				ENABLE_TESTABILITY = YES;
				GCC_C_LANGUAGE_STANDARD = gnu11;
				GCC_DYNAMIC_NO_PIC = NO;
				GCC_NO_COMMON_BLOCKS = YES;
				GCC_OPTIMIZATION_LEVEL = 0;
				GCC_PREPROCESSOR_DEFINITIONS = (
					"DEBUG=1",
					"$(inherited)",
				);
				GCC_WARN_64_TO_32_BIT_CONVERSION = YES;
				GCC_WARN_ABOUT_RETURN_TYPE = YES_ERROR;
				GCC_WARN_UNDECLARED_SELECTOR = YES;
				GCC_WARN_UNINITIALIZED_AUTOS = YES_AGGRESSIVE;
				GCC_WARN_UNUSED_FUNCTION = YES;
				GCC_WARN_UNUSED_VARIABLE = YES;
				INFOPLIST_FILE = timetable/Info.plist;
				IPHONEOS_DEPLOYMENT_TARGET = 14.5;
				MTL_ENABLE_DEBUG_INFO = INCLUDE_SOURCE;
				MTL_FAST_MATH = YES;
				ONLY_ACTIVE_ARCH = YES;
				SDKROOT = iphoneos;
				SWIFT_ACTIVE_COMPILATION_CONDITIONS = DEBUG;
				SWIFT_OPTIMIZATION_LEVEL = "-Onone";
			};
			name = Debug;
		};
		0BF3C985265F17F3009C393F /* Release */ = {
			isa = XCBuildConfiguration;
			buildSettings = {
				ALWAYS_SEARCH_USER_PATHS = NO;
				CLANG_ANALYZER_NONNULL = YES;
				CLANG_ANALYZER_NUMBER_OBJECT_CONVERSION = YES_AGGRESSIVE;
				CLANG_CXX_LANGUAGE_STANDARD = "gnu++14";
				CLANG_CXX_LIBRARY = "libc++";
				CLANG_ENABLE_MODULES = YES;
				CLANG_ENABLE_OBJC_ARC = YES;
				CLANG_ENABLE_OBJC_WEAK = YES;
				CLANG_WARN_BLOCK_CAPTURE_AUTORELEASING = YES;
				CLANG_WARN_BOOL_CONVERSION = YES;
				CLANG_WARN_COMMA = YES;
				CLANG_WARN_CONSTANT_CONVERSION = YES;
				CLANG_WARN_DEPRECATED_OBJC_IMPLEMENTATIONS = YES;
				CLANG_WARN_DIRECT_OBJC_ISA_USAGE = YES_ERROR;
				CLANG_WARN_DOCUMENTATION_COMMENTS = YES;
				CLANG_WARN_EMPTY_BODY = YES;
				CLANG_WARN_ENUM_CONVERSION = YES;
				CLANG_WARN_INFINITE_RECURSION = YES;
				CLANG_WARN_INT_CONVERSION = YES;
				CLANG_WARN_NON_LITERAL_NULL_CONVERSION = YES;
				CLANG_WARN_OBJC_IMPLICIT_RETAIN_SELF = YES;
				CLANG_WARN_OBJC_LITERAL_CONVERSION = YES;
				CLANG_WARN_OBJC_ROOT_CLASS = YES_ERROR;
				CLANG_WARN_QUOTED_INCLUDE_IN_FRAMEWORK_HEADER = YES;
				CLANG_WARN_RANGE_LOOP_ANALYSIS = YES;
				CLANG_WARN_STRICT_PROTOTYPES = YES;
				CLANG_WARN_SUSPICIOUS_MOVE = YES;
				CLANG_WARN_UNGUARDED_AVAILABILITY = YES_AGGRESSIVE;
				CLANG_WARN_UNREACHABLE_CODE = YES;
				CLANG_WARN__DUPLICATE_METHOD_MATCH = YES;
				COPY_PHASE_STRIP = NO;
				DEBUG_INFORMATION_FORMAT = "dwarf-with-dsym";
				ENABLE_NS_ASSERTIONS = NO;
				ENABLE_STRICT_OBJC_MSGSEND = YES;
				GCC_C_LANGUAGE_STANDARD = gnu11;
				GCC_NO_COMMON_BLOCKS = YES;
				GCC_WARN_64_TO_32_BIT_CONVERSION = YES;
				GCC_WARN_ABOUT_RETURN_TYPE = YES_ERROR;
				GCC_WARN_UNDECLARED_SELECTOR = YES;
				GCC_WARN_UNINITIALIZED_AUTOS = YES_AGGRESSIVE;
				GCC_WARN_UNUSED_FUNCTION = YES;
				GCC_WARN_UNUSED_VARIABLE = YES;
				INFOPLIST_FILE = timetable/Info.plist;
				IPHONEOS_DEPLOYMENT_TARGET = 14.5;
				MTL_ENABLE_DEBUG_INFO = NO;
				MTL_FAST_MATH = YES;
				SDKROOT = iphoneos;
				SWIFT_COMPILATION_MODE = wholemodule;
				SWIFT_OPTIMIZATION_LEVEL = "-O";
				VALIDATE_PRODUCT = YES;
			};
			name = Release;
		};
/* End XCBuildConfiguration section */

/* Begin XCConfigurationList section */
		0B0DF405269D0E4C005535CC /* Build configuration list for PBXNativeTarget "timetable" */ = {
			isa = XCConfigurationList;
			buildConfigurations = (
				0B0DF406269D0E4C005535CC /* Debug */,
				0B0DF407269D0E4C005535CC /* Release */,
			);
			defaultConfigurationIsVisible = 0;
			defaultConfigurationName = Release;
		};
		0B0DF408269D0E4C005535CC /* Build configuration list for PBXNativeTarget "timetableTests" */ = {
			isa = XCConfigurationList;
			buildConfigurations = (
				0B0DF409269D0E4C005535CC /* Debug */,
				0B0DF40A269D0E4C005535CC /* Release */,
			);
			defaultConfigurationIsVisible = 0;
			defaultConfigurationName = Release;
		};
		0B0DF40B269D0E4C005535CC /* Build configuration list for PBXNativeTarget "timetableUITests" */ = {
			isa = XCConfigurationList;
			buildConfigurations = (
				0B0DF40C269D0E4C005535CC /* Debug */,
				0B0DF40D269D0E4C005535CC /* Release */,
			);
			defaultConfigurationIsVisible = 0;
			defaultConfigurationName = Release;
		};
		0BF3C972265F17F1009C393F /* Build configuration list for PBXProject "timetable" */ = {
			isa = XCConfigurationList;
			buildConfigurations = (
				0BF3C984265F17F3009C393F /* Debug */,
				0BF3C985265F17F3009C393F /* Release */,
			);
			defaultConfigurationIsVisible = 0;
			defaultConfigurationName = Release;
		};
/* End XCConfigurationList section */

/* Begin XCRemoteSwiftPackageReference section */
		0BA628CE274F250B0046F492 /* XCRemoteSwiftPackageReference "Resolver" */ = {
			isa = XCRemoteSwiftPackageReference;
			repositoryURL = "https://github.com/hmlongco/Resolver.git";
			requirement = {
				kind = upToNextMajorVersion;
				minimumVersion = 1.1.2;
			};
		};
/* End XCRemoteSwiftPackageReference section */

/* Begin XCSwiftPackageProductDependency section */
		0BA628CF274F250B0046F492 /* Resolver */ = {
			isa = XCSwiftPackageProductDependency;
			package = 0BA628CE274F250B0046F492 /* XCRemoteSwiftPackageReference "Resolver" */;
			productName = Resolver;
		};
/* End XCSwiftPackageProductDependency section */
	};
	rootObject = 0BF3C96F265F17F1009C393F /* Project object */;
}
