// !$*UTF8*$!
{
	archiveVersion = 1;
	classes = {
	};
	objectVersion = 55;
	objects = {

/* Begin PBXBuildFile section */
		0B24FCEE28E37A35003EADD7 /* InfoPlist.strings in Resources */ = {isa = PBXBuildFile; fileRef = 0B24FCED28E37A17003EADD7 /* InfoPlist.strings */; };
		0B3331B627AF004300695F27 /* Date+Extensions.swift in Sources */ = {isa = PBXBuildFile; fileRef = 0B471DC827AEEB9000644CE2 /* Date+Extensions.swift */; };
		0B3331B727AF005A00695F27 /* Time.swift in Sources */ = {isa = PBXBuildFile; fileRef = 0B471DC627AEEB9000644CE2 /* Time.swift */; };
		0B3331BB27AFF03400695F27 /* Timetable+Injection.swift in Sources */ = {isa = PBXBuildFile; fileRef = 0B3331BA27AFF03400695F27 /* Timetable+Injection.swift */; };
		0B3331C027AFF1F000695F27 /* EventListViewCoordinator.swift in Sources */ = {isa = PBXBuildFile; fileRef = 0B471E7E27AEF42A00644CE2 /* EventListViewCoordinator.swift */; };
		0B3331C127AFF1FA00695F27 /* AppCoordinator.swift in Sources */ = {isa = PBXBuildFile; fileRef = 0B471E7427AEF3C200644CE2 /* AppCoordinator.swift */; };
		0B3331C227AFF1FE00695F27 /* Coordinator.swift in Sources */ = {isa = PBXBuildFile; fileRef = 0B3331B827AF00AE00695F27 /* Coordinator.swift */; };
		0B3331C427AFF88300695F27 /* Extensions+UIViewController.swift in Sources */ = {isa = PBXBuildFile; fileRef = 0B3331C327AFF88300695F27 /* Extensions+UIViewController.swift */; };
		0B3331C527AFFAF300695F27 /* Localizable.strings in Resources */ = {isa = PBXBuildFile; fileRef = 0B471E8127AEF43A00644CE2 /* Localizable.strings */; };
		0B3331C727AFFAFF00695F27 /* Localizable.swift in Sources */ = {isa = PBXBuildFile; fileRef = 0B471E8427AEF43A00644CE2 /* Localizable.swift */; };
		0B3331CA27AFFFED00695F27 /* Rubik-MediumItalic.ttf in Resources */ = {isa = PBXBuildFile; fileRef = 0B471E1127AEF0AF00644CE2 /* Rubik-MediumItalic.ttf */; };
		0B3331CB27AFFFED00695F27 /* Rubik-Bold.ttf in Resources */ = {isa = PBXBuildFile; fileRef = 0B471E1227AEF0AF00644CE2 /* Rubik-Bold.ttf */; };
		0B3331CC27AFFFED00695F27 /* Rubik-BlackItalic.ttf in Resources */ = {isa = PBXBuildFile; fileRef = 0B471E1B27AEF0AF00644CE2 /* Rubik-BlackItalic.ttf */; };
		0B3331CD27AFFFED00695F27 /* Rubik-SemiBold.ttf in Resources */ = {isa = PBXBuildFile; fileRef = 0B471E1A27AEF0AF00644CE2 /* Rubik-SemiBold.ttf */; };
		0B3331CE27AFFFED00695F27 /* Rubik-Black.ttf in Resources */ = {isa = PBXBuildFile; fileRef = 0B471E1727AEF0AF00644CE2 /* Rubik-Black.ttf */; };
		0B3331CF27AFFFED00695F27 /* Rubik-Light.ttf in Resources */ = {isa = PBXBuildFile; fileRef = 0B471E1427AEF0AF00644CE2 /* Rubik-Light.ttf */; };
		0B3331D027AFFFED00695F27 /* Rubik-LightItalic.ttf in Resources */ = {isa = PBXBuildFile; fileRef = 0B471E1927AEF0AF00644CE2 /* Rubik-LightItalic.ttf */; };
		0B3331D127AFFFED00695F27 /* Rubik-BoldItalic.ttf in Resources */ = {isa = PBXBuildFile; fileRef = 0B471E1E27AEF0AF00644CE2 /* Rubik-BoldItalic.ttf */; };
		0B3331D227AFFFED00695F27 /* Rubik-Regular.ttf in Resources */ = {isa = PBXBuildFile; fileRef = 0B471E1D27AEF0AF00644CE2 /* Rubik-Regular.ttf */; };
		0B3331D327AFFFED00695F27 /* Rubik-Medium.ttf in Resources */ = {isa = PBXBuildFile; fileRef = 0B471E1527AEF0AF00644CE2 /* Rubik-Medium.ttf */; };
		0B3331D427AFFFED00695F27 /* Rubik-SemiBoldItalic.ttf in Resources */ = {isa = PBXBuildFile; fileRef = 0B471E1327AEF0AF00644CE2 /* Rubik-SemiBoldItalic.ttf */; };
		0B3331D527AFFFED00695F27 /* Rubik-ExtraBold.ttf in Resources */ = {isa = PBXBuildFile; fileRef = 0B471E1C27AEF0AF00644CE2 /* Rubik-ExtraBold.ttf */; };
		0B3331D627AFFFED00695F27 /* Rubik-Italic.ttf in Resources */ = {isa = PBXBuildFile; fileRef = 0B471E1827AEF0AF00644CE2 /* Rubik-Italic.ttf */; };
		0B3331D727AFFFED00695F27 /* Rubik-ExtraBoldItalic.ttf in Resources */ = {isa = PBXBuildFile; fileRef = 0B471E1627AEF0AF00644CE2 /* Rubik-ExtraBoldItalic.ttf */; };
		0B3331D827B000DA00695F27 /* Assets.xcassets in Resources */ = {isa = PBXBuildFile; fileRef = 0B471E7B27AEF3FB00644CE2 /* Assets.xcassets */; };
		0B3331DA27B00F1D00695F27 /* CustomLaunchScreen.swift in Sources */ = {isa = PBXBuildFile; fileRef = 0B3331D927B00F1D00695F27 /* CustomLaunchScreen.swift */; };
		0B33320E27B1A96500695F27 /* Domain.framework in Frameworks */ = {isa = PBXBuildFile; fileRef = 0B471D8227AEE99900644CE2 /* Domain.framework */; };
		0B33321327B1AAF900695F27 /* Data.framework in Frameworks */ = {isa = PBXBuildFile; fileRef = 0B471D9B27AEEAA400644CE2 /* Data.framework */; };
		0B33321827B1AB0400695F27 /* Data.framework in Frameworks */ = {isa = PBXBuildFile; fileRef = 0B471D9B27AEEAA400644CE2 /* Data.framework */; };
		0B33321B27B1AB0600695F27 /* Domain.framework in Frameworks */ = {isa = PBXBuildFile; fileRef = 0B471D8227AEE99900644CE2 /* Domain.framework */; };
		0B33321D27B1AB0800695F27 /* Presentation.framework in Frameworks */ = {isa = PBXBuildFile; fileRef = 0B471DDB27AEEF2A00644CE2 /* Presentation.framework */; };
		0B33323B27B5976500695F27 /* Domain.framework in Frameworks */ = {isa = PBXBuildFile; fileRef = 0B471D8227AEE99900644CE2 /* Domain.framework */; };
		0B33324D27B7FC4800695F27 /* Data.framework in Frameworks */ = {isa = PBXBuildFile; fileRef = 0B471D9B27AEEAA400644CE2 /* Data.framework */; platformFilter = ios; };
		0B33324E27B7FC4800695F27 /* Data.framework in Embed Frameworks */ = {isa = PBXBuildFile; fileRef = 0B471D9B27AEEAA400644CE2 /* Data.framework */; platformFilter = ios; settings = {ATTRIBUTES = (CodeSignOnCopy, RemoveHeadersOnCopy, ); }; };
		0B33325027B7FC4A00695F27 /* Domain.framework in Frameworks */ = {isa = PBXBuildFile; fileRef = 0B471D8227AEE99900644CE2 /* Domain.framework */; platformFilter = ios; };
		0B33325127B7FC4A00695F27 /* Domain.framework in Embed Frameworks */ = {isa = PBXBuildFile; fileRef = 0B471D8227AEE99900644CE2 /* Domain.framework */; platformFilter = ios; settings = {ATTRIBUTES = (CodeSignOnCopy, RemoveHeadersOnCopy, ); }; };
		0B33325227B7FC4C00695F27 /* Presentation.framework in Frameworks */ = {isa = PBXBuildFile; fileRef = 0B471DDB27AEEF2A00644CE2 /* Presentation.framework */; platformFilter = ios; };
		0B33325327B7FC4C00695F27 /* Presentation.framework in Embed Frameworks */ = {isa = PBXBuildFile; fileRef = 0B471DDB27AEEF2A00644CE2 /* Presentation.framework */; platformFilter = ios; settings = {ATTRIBUTES = (CodeSignOnCopy, RemoveHeadersOnCopy, ); }; };
		0B33325427B7FC4D00695F27 /* UI.framework in Frameworks */ = {isa = PBXBuildFile; fileRef = 0B471DFB27AEF07000644CE2 /* UI.framework */; platformFilter = ios; };
		0B33325527B7FC4D00695F27 /* UI.framework in Embed Frameworks */ = {isa = PBXBuildFile; fileRef = 0B471DFB27AEF07000644CE2 /* UI.framework */; platformFilter = ios; settings = {ATTRIBUTES = (CodeSignOnCopy, RemoveHeadersOnCopy, ); }; };
		0B471D8A27AEEA3400644CE2 /* GetEventsUseCase.swift in Sources */ = {isa = PBXBuildFile; fileRef = 0B471D8927AEEA3400644CE2 /* GetEventsUseCase.swift */; };
		0B471D9127AEEA4E00644CE2 /* Location.swift in Sources */ = {isa = PBXBuildFile; fileRef = 0B471D8C27AEEA4E00644CE2 /* Location.swift */; };
		0B471D9227AEEA4E00644CE2 /* Months.swift in Sources */ = {isa = PBXBuildFile; fileRef = 0B471D8D27AEEA4E00644CE2 /* Months.swift */; };
		0B471D9327AEEA4E00644CE2 /* Event.swift in Sources */ = {isa = PBXBuildFile; fileRef = 0B471D8E27AEEA4E00644CE2 /* Event.swift */; };
		0B471D9427AEEA4E00644CE2 /* Day.swift in Sources */ = {isa = PBXBuildFile; fileRef = 0B471D8F27AEEA4E00644CE2 /* Day.swift */; };
		0B471D9527AEEA4E00644CE2 /* Month.swift in Sources */ = {isa = PBXBuildFile; fileRef = 0B471D9027AEEA4E00644CE2 /* Month.swift */; };
		0B471DA327AEEAA400644CE2 /* Data.framework in Frameworks */ = {isa = PBXBuildFile; fileRef = 0B471D9B27AEEAA400644CE2 /* Data.framework */; };
		0B471DA827AEEAA400644CE2 /* DataTests.swift in Sources */ = {isa = PBXBuildFile; fileRef = 0B471DA727AEEAA400644CE2 /* DataTests.swift */; };
		0B471DB227AEEAC300644CE2 /* GetEventsRepository.swift in Sources */ = {isa = PBXBuildFile; fileRef = 0B471DB127AEEAC300644CE2 /* GetEventsRepository.swift */; };
		0B471DB727AEEACE00644CE2 /* EventsDataSourceImp.swift in Sources */ = {isa = PBXBuildFile; fileRef = 0B471DB327AEEACE00644CE2 /* EventsDataSourceImp.swift */; };
		0B471DB827AEEACE00644CE2 /* EventsDataSource.swift in Sources */ = {isa = PBXBuildFile; fileRef = 0B471DB427AEEACE00644CE2 /* EventsDataSource.swift */; };
		0B471DB927AEEACE00644CE2 /* GetEventsRepositoryImp.swift in Sources */ = {isa = PBXBuildFile; fileRef = 0B471DB527AEEACE00644CE2 /* GetEventsRepositoryImp.swift */; };
		0B471DBA27AEEACE00644CE2 /* GetEventsUseCaseImp.swift in Sources */ = {isa = PBXBuildFile; fileRef = 0B471DB627AEEACE00644CE2 /* GetEventsUseCaseImp.swift */; };
		0B471DE327AEEF2A00644CE2 /* Presentation.framework in Frameworks */ = {isa = PBXBuildFile; fileRef = 0B471DDB27AEEF2A00644CE2 /* Presentation.framework */; };
		0B471DE827AEEF2A00644CE2 /* PresentationTests.swift in Sources */ = {isa = PBXBuildFile; fileRef = 0B471DE727AEEF2A00644CE2 /* PresentationTests.swift */; };
		0B471DF327AEEF5400644CE2 /* EventViewModel.swift in Sources */ = {isa = PBXBuildFile; fileRef = 0B471DF027AEEF5400644CE2 /* EventViewModel.swift */; };
		0B471DF427AEEF5400644CE2 /* ErrorViewModel.swift in Sources */ = {isa = PBXBuildFile; fileRef = 0B471DF127AEEF5400644CE2 /* ErrorViewModel.swift */; };
		0B471DF527AEEF5400644CE2 /* EventCellViewModel.swift in Sources */ = {isa = PBXBuildFile; fileRef = 0B471DF227AEEF5400644CE2 /* EventCellViewModel.swift */; };
		0B471E0327AEF07000644CE2 /* UI.framework in Frameworks */ = {isa = PBXBuildFile; fileRef = 0B471DFB27AEF07000644CE2 /* UI.framework */; };
		0B471E0827AEF07000644CE2 /* UITests.swift in Sources */ = {isa = PBXBuildFile; fileRef = 0B471E0727AEF07000644CE2 /* UITests.swift */; };
		0B471E3927AEF0AF00644CE2 /* CustomLaunchScreen.xib in Resources */ = {isa = PBXBuildFile; fileRef = 0B471E2027AEF0AF00644CE2 /* CustomLaunchScreen.xib */; };
		0B471E3B27AEF0AF00644CE2 /* EventCell.swift in Sources */ = {isa = PBXBuildFile; fileRef = 0B471E2327AEF0AF00644CE2 /* EventCell.swift */; };
		0B471E3C27AEF0AF00644CE2 /* EventCell.xib in Resources */ = {isa = PBXBuildFile; fileRef = 0B471E2427AEF0AF00644CE2 /* EventCell.xib */; };
		0B471E3D27AEF0AF00644CE2 /* AppearenceToggle.swift in Sources */ = {isa = PBXBuildFile; fileRef = 0B471E2527AEF0AF00644CE2 /* AppearenceToggle.swift */; };
		0B471E3E27AEF0AF00644CE2 /* ErrorViewController.swift in Sources */ = {isa = PBXBuildFile; fileRef = 0B471E2627AEF0AF00644CE2 /* ErrorViewController.swift */; };
		0B471E3F27AEF0AF00644CE2 /* EventListViewController.xib in Resources */ = {isa = PBXBuildFile; fileRef = 0B471E2727AEF0AF00644CE2 /* EventListViewController.xib */; };
		0B471E4027AEF0AF00644CE2 /* ErrorViewController.xib in Resources */ = {isa = PBXBuildFile; fileRef = 0B471E2827AEF0AF00644CE2 /* ErrorViewController.xib */; };
		0B471E4127AEF0AF00644CE2 /* EventListViewController.swift in Sources */ = {isa = PBXBuildFile; fileRef = 0B471E2927AEF0AF00644CE2 /* EventListViewController.swift */; };
		0B471E5427AEF2E500644CE2 /* UIView+Constraints.swift in Sources */ = {isa = PBXBuildFile; fileRef = 0B471E4D27AEF2E400644CE2 /* UIView+Constraints.swift */; };
		0B471E5527AEF2E500644CE2 /* Extension+UILabel.swift in Sources */ = {isa = PBXBuildFile; fileRef = 0B471E4E27AEF2E500644CE2 /* Extension+UILabel.swift */; };
		0B471E5627AEF2E500644CE2 /* Extension+UIFont.swift in Sources */ = {isa = PBXBuildFile; fileRef = 0B471E4F27AEF2E500644CE2 /* Extension+UIFont.swift */; };
		0B471E5727AEF2E500644CE2 /* PaddableLabel.swift in Sources */ = {isa = PBXBuildFile; fileRef = 0B471E5027AEF2E500644CE2 /* PaddableLabel.swift */; };
		0B471E5827AEF2E500644CE2 /* String+Utils.swift in Sources */ = {isa = PBXBuildFile; fileRef = 0B471E5127AEF2E500644CE2 /* String+Utils.swift */; };
		0B471E5927AEF2E500644CE2 /* TimeTableNavigationController.swift in Sources */ = {isa = PBXBuildFile; fileRef = 0B471E5227AEF2E500644CE2 /* TimeTableNavigationController.swift */; };
		0B471E7627AEF3C200644CE2 /* AppDelegate.swift in Sources */ = {isa = PBXBuildFile; fileRef = 0B471E7327AEF3C200644CE2 /* AppDelegate.swift */; };
		0B471E7827AEF3C200644CE2 /* SceneDelegate.swift in Sources */ = {isa = PBXBuildFile; fileRef = 0B471E7527AEF3C200644CE2 /* SceneDelegate.swift */; };
		0B471E7C27AEF3FB00644CE2 /* Assets.xcassets in Resources */ = {isa = PBXBuildFile; fileRef = 0B471E7B27AEF3FB00644CE2 /* Assets.xcassets */; };
		0B57B02A27B82A6F008F4015 /* Resolver.swift in Sources */ = {isa = PBXBuildFile; fileRef = 0B57B02927B82A6F008F4015 /* Resolver.swift */; };
		0B57B02C27B82E60008F4015 /* exportOptions.plist in Resources */ = {isa = PBXBuildFile; fileRef = 0B57B02B27B82E60008F4015 /* exportOptions.plist */; };
		0BAF0A9A27E6281400030DA1 /* ShowTransition.swift in Sources */ = {isa = PBXBuildFile; fileRef = 0BAF0A9927E6281400030DA1 /* ShowTransition.swift */; };
		0BC68B09285A78A20086B2CF /* DismissTransition.swift in Sources */ = {isa = PBXBuildFile; fileRef = 0BC68B08285A78A20086B2CF /* DismissTransition.swift */; };
		0BD0A7E627D030C00087B1AC /* DetailDayViewController.swift in Sources */ = {isa = PBXBuildFile; fileRef = 0BD0A7E427D030C00087B1AC /* DetailDayViewController.swift */; };
		0BD0A7E727D030C00087B1AC /* DetailDayViewController.xib in Resources */ = {isa = PBXBuildFile; fileRef = 0BD0A7E527D030C00087B1AC /* DetailDayViewController.xib */; };
		0BD0A7E927D032800087B1AC /* DaysEventsViewModel.swift in Sources */ = {isa = PBXBuildFile; fileRef = 0BD0A7E827D032800087B1AC /* DaysEventsViewModel.swift */; };
		0BD0A7EB27D034B00087B1AC /* Hour.swift in Sources */ = {isa = PBXBuildFile; fileRef = 0BD0A7EA27D034B00087B1AC /* Hour.swift */; };
		0BD0A7EE27D035F00087B1AC /* DetailDayEventCell.swift in Sources */ = {isa = PBXBuildFile; fileRef = 0BD0A7EC27D035F00087B1AC /* DetailDayEventCell.swift */; };
		0BD1166F27DE298000BD7AD8 /* DetailEventCell.swift in Sources */ = {isa = PBXBuildFile; fileRef = 0BD1166D27DE298000BD7AD8 /* DetailEventCell.swift */; };
		502BDF642843C22E00C0C6B7 /* LaunchScreen.storyboard in Resources */ = {isa = PBXBuildFile; fileRef = 502BDF632843C22D00C0C6B7 /* LaunchScreen.storyboard */; };
		502BDF652843CDD200C0C6B7 /* LaunchScreen.storyboard in Resources */ = {isa = PBXBuildFile; fileRef = 502BDF632843C22D00C0C6B7 /* LaunchScreen.storyboard */; };
		5094EC592842499A002A3042 /* Extension+UIColor.swift in Sources */ = {isa = PBXBuildFile; fileRef = 5094EC582842499A002A3042 /* Extension+UIColor.swift */; };
/* End PBXBuildFile section */

/* Begin PBXContainerItemProxy section */
		0B33320327B1824F00695F27 /* PBXContainerItemProxy */ = {
			isa = PBXContainerItemProxy;
			containerPortal = 0B471D5C27AEE88F00644CE2 /* Project object */;
			proxyType = 1;
			remoteGlobalIDString = 0B471D9A27AEEAA400644CE2;
			remoteInfo = Data;
		};
		0B33320727B1824F00695F27 /* PBXContainerItemProxy */ = {
			isa = PBXContainerItemProxy;
			containerPortal = 0B471D5C27AEE88F00644CE2 /* Project object */;
			proxyType = 1;
			remoteGlobalIDString = 0B471D8127AEE99900644CE2;
			remoteInfo = Domain;
		};
		0B33321027B1A96500695F27 /* PBXContainerItemProxy */ = {
			isa = PBXContainerItemProxy;
			containerPortal = 0B471D5C27AEE88F00644CE2 /* Project object */;
			proxyType = 1;
			remoteGlobalIDString = 0B471D8127AEE99900644CE2;
			remoteInfo = Domain;
		};
		0B33324027B7F45400695F27 /* PBXContainerItemProxy */ = {
			isa = PBXContainerItemProxy;
			containerPortal = 0B471D5C27AEE88F00644CE2 /* Project object */;
			proxyType = 1;
			remoteGlobalIDString = 0B471D9A27AEEAA400644CE2;
			remoteInfo = Data;
		};
		0B33324427B7F45400695F27 /* PBXContainerItemProxy */ = {
			isa = PBXContainerItemProxy;
			containerPortal = 0B471D5C27AEE88F00644CE2 /* Project object */;
			proxyType = 1;
			remoteGlobalIDString = 0B471D8127AEE99900644CE2;
			remoteInfo = Domain;
		};
		0B33324827B7F45400695F27 /* PBXContainerItemProxy */ = {
			isa = PBXContainerItemProxy;
			containerPortal = 0B471D5C27AEE88F00644CE2 /* Project object */;
			proxyType = 1;
			remoteGlobalIDString = 0B471DDA27AEEF2A00644CE2;
			remoteInfo = Presentation;
		};
		0B471DA427AEEAA400644CE2 /* PBXContainerItemProxy */ = {
			isa = PBXContainerItemProxy;
			containerPortal = 0B471D5C27AEE88F00644CE2 /* Project object */;
			proxyType = 1;
			remoteGlobalIDString = 0B471D9A27AEEAA400644CE2;
			remoteInfo = Data;
		};
		0B471DBE27AEEB3400644CE2 /* PBXContainerItemProxy */ = {
			isa = PBXContainerItemProxy;
			containerPortal = 0B471D5C27AEE88F00644CE2 /* Project object */;
			proxyType = 1;
			remoteGlobalIDString = 0B471D8127AEE99900644CE2;
			remoteInfo = Domain;
		};
		0B471DE427AEEF2A00644CE2 /* PBXContainerItemProxy */ = {
			isa = PBXContainerItemProxy;
			containerPortal = 0B471D5C27AEE88F00644CE2 /* Project object */;
			proxyType = 1;
			remoteGlobalIDString = 0B471DDA27AEEF2A00644CE2;
			remoteInfo = Presentation;
		};
		0B471E0427AEF07000644CE2 /* PBXContainerItemProxy */ = {
			isa = PBXContainerItemProxy;
			containerPortal = 0B471D5C27AEE88F00644CE2 /* Project object */;
			proxyType = 1;
			remoteGlobalIDString = 0B471DFA27AEF07000644CE2;
			remoteInfo = UI;
		};
		0B471E4927AEF1D400644CE2 /* PBXContainerItemProxy */ = {
			isa = PBXContainerItemProxy;
			containerPortal = 0B471D5C27AEE88F00644CE2 /* Project object */;
			proxyType = 1;
			remoteGlobalIDString = 0B471DDA27AEEF2A00644CE2;
			remoteInfo = Presentation;
		};
		0B471E9627AEF4F500644CE2 /* PBXContainerItemProxy */ = {
			isa = PBXContainerItemProxy;
			containerPortal = 0B471D5C27AEE88F00644CE2 /* Project object */;
			proxyType = 1;
			remoteGlobalIDString = 0B471DFA27AEF07000644CE2;
			remoteInfo = UI;
		};
		0B471E9B27AEF52000644CE2 /* PBXContainerItemProxy */ = {
			isa = PBXContainerItemProxy;
			containerPortal = 0B471D5C27AEE88F00644CE2 /* Project object */;
			proxyType = 1;
			remoteGlobalIDString = 0B471D9A27AEEAA400644CE2;
			remoteInfo = Data;
		};
/* End PBXContainerItemProxy section */

/* Begin PBXCopyFilesBuildPhase section */
		0B33324F27B7FC4800695F27 /* Embed Frameworks */ = {
			isa = PBXCopyFilesBuildPhase;
			buildActionMask = 2147483647;
			dstPath = "";
			dstSubfolderSpec = 10;
			files = (
				0B33325127B7FC4A00695F27 /* Domain.framework in Embed Frameworks */,
				0B33324E27B7FC4800695F27 /* Data.framework in Embed Frameworks */,
				0B33325527B7FC4D00695F27 /* UI.framework in Embed Frameworks */,
				0B33325327B7FC4C00695F27 /* Presentation.framework in Embed Frameworks */,
			);
			name = "Embed Frameworks";
			runOnlyForDeploymentPostprocessing = 0;
		};
/* End PBXCopyFilesBuildPhase section */

/* Begin PBXFileReference section */
		0B24FCEC28E37A17003EADD7 /* en */ = {isa = PBXFileReference; lastKnownFileType = text.plist.strings; name = en; path = en.lproj/InfoPlist.strings; sourceTree = "<group>"; };
		0B3331B827AF00AE00695F27 /* Coordinator.swift */ = {isa = PBXFileReference; fileEncoding = 4; lastKnownFileType = sourcecode.swift; path = Coordinator.swift; sourceTree = "<group>"; };
		0B3331BA27AFF03400695F27 /* Timetable+Injection.swift */ = {isa = PBXFileReference; fileEncoding = 4; lastKnownFileType = sourcecode.swift; path = "Timetable+Injection.swift"; sourceTree = "<group>"; };
		0B3331C327AFF88300695F27 /* Extensions+UIViewController.swift */ = {isa = PBXFileReference; lastKnownFileType = sourcecode.swift; path = "Extensions+UIViewController.swift"; sourceTree = "<group>"; };
		0B3331D927B00F1D00695F27 /* CustomLaunchScreen.swift */ = {isa = PBXFileReference; fileEncoding = 4; lastKnownFileType = sourcecode.swift; path = CustomLaunchScreen.swift; sourceTree = "<group>"; };
		0B471D8227AEE99900644CE2 /* Domain.framework */ = {isa = PBXFileReference; explicitFileType = wrapper.framework; includeInIndex = 0; path = Domain.framework; sourceTree = BUILT_PRODUCTS_DIR; };
		0B471D8927AEEA3400644CE2 /* GetEventsUseCase.swift */ = {isa = PBXFileReference; fileEncoding = 4; lastKnownFileType = sourcecode.swift; path = GetEventsUseCase.swift; sourceTree = "<group>"; };
		0B471D8C27AEEA4E00644CE2 /* Location.swift */ = {isa = PBXFileReference; fileEncoding = 4; lastKnownFileType = sourcecode.swift; path = Location.swift; sourceTree = "<group>"; };
		0B471D8D27AEEA4E00644CE2 /* Months.swift */ = {isa = PBXFileReference; fileEncoding = 4; lastKnownFileType = sourcecode.swift; path = Months.swift; sourceTree = "<group>"; };
		0B471D8E27AEEA4E00644CE2 /* Event.swift */ = {isa = PBXFileReference; fileEncoding = 4; lastKnownFileType = sourcecode.swift; path = Event.swift; sourceTree = "<group>"; };
		0B471D8F27AEEA4E00644CE2 /* Day.swift */ = {isa = PBXFileReference; fileEncoding = 4; lastKnownFileType = sourcecode.swift; path = Day.swift; sourceTree = "<group>"; };
		0B471D9027AEEA4E00644CE2 /* Month.swift */ = {isa = PBXFileReference; fileEncoding = 4; lastKnownFileType = sourcecode.swift; path = Month.swift; sourceTree = "<group>"; };
		0B471D9B27AEEAA400644CE2 /* Data.framework */ = {isa = PBXFileReference; explicitFileType = wrapper.framework; includeInIndex = 0; path = Data.framework; sourceTree = BUILT_PRODUCTS_DIR; };
		0B471DA227AEEAA400644CE2 /* DataTests.xctest */ = {isa = PBXFileReference; explicitFileType = wrapper.cfbundle; includeInIndex = 0; path = DataTests.xctest; sourceTree = BUILT_PRODUCTS_DIR; };
		0B471DA727AEEAA400644CE2 /* DataTests.swift */ = {isa = PBXFileReference; lastKnownFileType = sourcecode.swift; path = DataTests.swift; sourceTree = "<group>"; };
		0B471DB127AEEAC300644CE2 /* GetEventsRepository.swift */ = {isa = PBXFileReference; fileEncoding = 4; lastKnownFileType = sourcecode.swift; path = GetEventsRepository.swift; sourceTree = "<group>"; };
		0B471DB327AEEACE00644CE2 /* EventsDataSourceImp.swift */ = {isa = PBXFileReference; fileEncoding = 4; lastKnownFileType = sourcecode.swift; path = EventsDataSourceImp.swift; sourceTree = "<group>"; };
		0B471DB427AEEACE00644CE2 /* EventsDataSource.swift */ = {isa = PBXFileReference; fileEncoding = 4; lastKnownFileType = sourcecode.swift; path = EventsDataSource.swift; sourceTree = "<group>"; };
		0B471DB527AEEACE00644CE2 /* GetEventsRepositoryImp.swift */ = {isa = PBXFileReference; fileEncoding = 4; lastKnownFileType = sourcecode.swift; path = GetEventsRepositoryImp.swift; sourceTree = "<group>"; };
		0B471DB627AEEACE00644CE2 /* GetEventsUseCaseImp.swift */ = {isa = PBXFileReference; fileEncoding = 4; lastKnownFileType = sourcecode.swift; path = GetEventsUseCaseImp.swift; sourceTree = "<group>"; };
		0B471DC127AEEB8F00644CE2 /* String+Utils.swift */ = {isa = PBXFileReference; fileEncoding = 4; lastKnownFileType = sourcecode.swift; name = "String+Utils.swift"; path = "../String+Utils.swift"; sourceTree = "<group>"; };
		0B471DC627AEEB9000644CE2 /* Time.swift */ = {isa = PBXFileReference; fileEncoding = 4; lastKnownFileType = sourcecode.swift; path = Time.swift; sourceTree = "<group>"; };
		0B471DC827AEEB9000644CE2 /* Date+Extensions.swift */ = {isa = PBXFileReference; fileEncoding = 4; lastKnownFileType = sourcecode.swift; path = "Date+Extensions.swift"; sourceTree = "<group>"; };
		0B471DDB27AEEF2A00644CE2 /* Presentation.framework */ = {isa = PBXFileReference; explicitFileType = wrapper.framework; includeInIndex = 0; path = Presentation.framework; sourceTree = BUILT_PRODUCTS_DIR; };
		0B471DE227AEEF2A00644CE2 /* PresentationTests.xctest */ = {isa = PBXFileReference; explicitFileType = wrapper.cfbundle; includeInIndex = 0; path = PresentationTests.xctest; sourceTree = BUILT_PRODUCTS_DIR; };
		0B471DE727AEEF2A00644CE2 /* PresentationTests.swift */ = {isa = PBXFileReference; lastKnownFileType = sourcecode.swift; path = PresentationTests.swift; sourceTree = "<group>"; };
		0B471DF027AEEF5400644CE2 /* EventViewModel.swift */ = {isa = PBXFileReference; fileEncoding = 4; lastKnownFileType = sourcecode.swift; path = EventViewModel.swift; sourceTree = "<group>"; };
		0B471DF127AEEF5400644CE2 /* ErrorViewModel.swift */ = {isa = PBXFileReference; fileEncoding = 4; lastKnownFileType = sourcecode.swift; path = ErrorViewModel.swift; sourceTree = "<group>"; };
		0B471DF227AEEF5400644CE2 /* EventCellViewModel.swift */ = {isa = PBXFileReference; fileEncoding = 4; lastKnownFileType = sourcecode.swift; path = EventCellViewModel.swift; sourceTree = "<group>"; };
		0B471DFB27AEF07000644CE2 /* UI.framework */ = {isa = PBXFileReference; explicitFileType = wrapper.framework; includeInIndex = 0; path = UI.framework; sourceTree = BUILT_PRODUCTS_DIR; };
		0B471E0227AEF07000644CE2 /* UITests.xctest */ = {isa = PBXFileReference; explicitFileType = wrapper.cfbundle; includeInIndex = 0; path = UITests.xctest; sourceTree = BUILT_PRODUCTS_DIR; };
		0B471E0727AEF07000644CE2 /* UITests.swift */ = {isa = PBXFileReference; lastKnownFileType = sourcecode.swift; path = UITests.swift; sourceTree = "<group>"; };
		0B471E1127AEF0AF00644CE2 /* Rubik-MediumItalic.ttf */ = {isa = PBXFileReference; lastKnownFileType = file; path = "Rubik-MediumItalic.ttf"; sourceTree = "<group>"; };
		0B471E1227AEF0AF00644CE2 /* Rubik-Bold.ttf */ = {isa = PBXFileReference; lastKnownFileType = file; path = "Rubik-Bold.ttf"; sourceTree = "<group>"; };
		0B471E1327AEF0AF00644CE2 /* Rubik-SemiBoldItalic.ttf */ = {isa = PBXFileReference; lastKnownFileType = file; path = "Rubik-SemiBoldItalic.ttf"; sourceTree = "<group>"; };
		0B471E1427AEF0AF00644CE2 /* Rubik-Light.ttf */ = {isa = PBXFileReference; lastKnownFileType = file; path = "Rubik-Light.ttf"; sourceTree = "<group>"; };
		0B471E1527AEF0AF00644CE2 /* Rubik-Medium.ttf */ = {isa = PBXFileReference; lastKnownFileType = file; path = "Rubik-Medium.ttf"; sourceTree = "<group>"; };
		0B471E1627AEF0AF00644CE2 /* Rubik-ExtraBoldItalic.ttf */ = {isa = PBXFileReference; lastKnownFileType = file; path = "Rubik-ExtraBoldItalic.ttf"; sourceTree = "<group>"; };
		0B471E1727AEF0AF00644CE2 /* Rubik-Black.ttf */ = {isa = PBXFileReference; lastKnownFileType = file; path = "Rubik-Black.ttf"; sourceTree = "<group>"; };
		0B471E1827AEF0AF00644CE2 /* Rubik-Italic.ttf */ = {isa = PBXFileReference; lastKnownFileType = file; path = "Rubik-Italic.ttf"; sourceTree = "<group>"; };
		0B471E1927AEF0AF00644CE2 /* Rubik-LightItalic.ttf */ = {isa = PBXFileReference; lastKnownFileType = file; path = "Rubik-LightItalic.ttf"; sourceTree = "<group>"; };
		0B471E1A27AEF0AF00644CE2 /* Rubik-SemiBold.ttf */ = {isa = PBXFileReference; lastKnownFileType = file; path = "Rubik-SemiBold.ttf"; sourceTree = "<group>"; };
		0B471E1B27AEF0AF00644CE2 /* Rubik-BlackItalic.ttf */ = {isa = PBXFileReference; lastKnownFileType = file; path = "Rubik-BlackItalic.ttf"; sourceTree = "<group>"; };
		0B471E1C27AEF0AF00644CE2 /* Rubik-ExtraBold.ttf */ = {isa = PBXFileReference; lastKnownFileType = file; path = "Rubik-ExtraBold.ttf"; sourceTree = "<group>"; };
		0B471E1D27AEF0AF00644CE2 /* Rubik-Regular.ttf */ = {isa = PBXFileReference; lastKnownFileType = file; path = "Rubik-Regular.ttf"; sourceTree = "<group>"; };
		0B471E1E27AEF0AF00644CE2 /* Rubik-BoldItalic.ttf */ = {isa = PBXFileReference; lastKnownFileType = file; path = "Rubik-BoldItalic.ttf"; sourceTree = "<group>"; };
		0B471E2027AEF0AF00644CE2 /* CustomLaunchScreen.xib */ = {isa = PBXFileReference; fileEncoding = 4; lastKnownFileType = file.xib; path = CustomLaunchScreen.xib; sourceTree = "<group>"; };
		0B471E2327AEF0AF00644CE2 /* EventCell.swift */ = {isa = PBXFileReference; fileEncoding = 4; lastKnownFileType = sourcecode.swift; path = EventCell.swift; sourceTree = "<group>"; };
		0B471E2427AEF0AF00644CE2 /* EventCell.xib */ = {isa = PBXFileReference; fileEncoding = 4; lastKnownFileType = file.xib; path = EventCell.xib; sourceTree = "<group>"; };
		0B471E2527AEF0AF00644CE2 /* AppearenceToggle.swift */ = {isa = PBXFileReference; fileEncoding = 4; lastKnownFileType = sourcecode.swift; path = AppearenceToggle.swift; sourceTree = "<group>"; };
		0B471E2627AEF0AF00644CE2 /* ErrorViewController.swift */ = {isa = PBXFileReference; fileEncoding = 4; lastKnownFileType = sourcecode.swift; path = ErrorViewController.swift; sourceTree = "<group>"; };
		0B471E2727AEF0AF00644CE2 /* EventListViewController.xib */ = {isa = PBXFileReference; fileEncoding = 4; lastKnownFileType = file.xib; path = EventListViewController.xib; sourceTree = "<group>"; };
		0B471E2827AEF0AF00644CE2 /* ErrorViewController.xib */ = {isa = PBXFileReference; fileEncoding = 4; lastKnownFileType = file.xib; path = ErrorViewController.xib; sourceTree = "<group>"; };
		0B471E2927AEF0AF00644CE2 /* EventListViewController.swift */ = {isa = PBXFileReference; fileEncoding = 4; lastKnownFileType = sourcecode.swift; path = EventListViewController.swift; sourceTree = "<group>"; };
		0B471E4D27AEF2E400644CE2 /* UIView+Constraints.swift */ = {isa = PBXFileReference; fileEncoding = 4; lastKnownFileType = sourcecode.swift; path = "UIView+Constraints.swift"; sourceTree = "<group>"; };
		0B471E4E27AEF2E500644CE2 /* Extension+UILabel.swift */ = {isa = PBXFileReference; fileEncoding = 4; lastKnownFileType = sourcecode.swift; path = "Extension+UILabel.swift"; sourceTree = "<group>"; };
		0B471E4F27AEF2E500644CE2 /* Extension+UIFont.swift */ = {isa = PBXFileReference; fileEncoding = 4; lastKnownFileType = sourcecode.swift; path = "Extension+UIFont.swift"; sourceTree = "<group>"; };
		0B471E5027AEF2E500644CE2 /* PaddableLabel.swift */ = {isa = PBXFileReference; fileEncoding = 4; lastKnownFileType = sourcecode.swift; path = PaddableLabel.swift; sourceTree = "<group>"; };
		0B471E5127AEF2E500644CE2 /* String+Utils.swift */ = {isa = PBXFileReference; fileEncoding = 4; lastKnownFileType = sourcecode.swift; path = "String+Utils.swift"; sourceTree = "<group>"; };
		0B471E5227AEF2E500644CE2 /* TimeTableNavigationController.swift */ = {isa = PBXFileReference; fileEncoding = 4; lastKnownFileType = sourcecode.swift; path = TimeTableNavigationController.swift; sourceTree = "<group>"; };
		0B471E5E27AEF35E00644CE2 /* timetable.app */ = {isa = PBXFileReference; explicitFileType = wrapper.application; includeInIndex = 0; path = timetable.app; sourceTree = BUILT_PRODUCTS_DIR; };
		0B471E7227AEF3C100644CE2 /* timetable-Bridging-Header.h */ = {isa = PBXFileReference; lastKnownFileType = sourcecode.c.h; path = "timetable-Bridging-Header.h"; sourceTree = "<group>"; };
		0B471E7327AEF3C200644CE2 /* AppDelegate.swift */ = {isa = PBXFileReference; fileEncoding = 4; lastKnownFileType = sourcecode.swift; path = AppDelegate.swift; sourceTree = "<group>"; };
		0B471E7427AEF3C200644CE2 /* AppCoordinator.swift */ = {isa = PBXFileReference; fileEncoding = 4; lastKnownFileType = sourcecode.swift; path = AppCoordinator.swift; sourceTree = "<group>"; };
		0B471E7527AEF3C200644CE2 /* SceneDelegate.swift */ = {isa = PBXFileReference; fileEncoding = 4; lastKnownFileType = sourcecode.swift; path = SceneDelegate.swift; sourceTree = "<group>"; };
		0B471E7927AEF3DB00644CE2 /* Info.plist */ = {isa = PBXFileReference; fileEncoding = 4; lastKnownFileType = text.plist.xml; path = Info.plist; sourceTree = "<group>"; };
		0B471E7B27AEF3FB00644CE2 /* Assets.xcassets */ = {isa = PBXFileReference; lastKnownFileType = folder.assetcatalog; path = Assets.xcassets; sourceTree = "<group>"; };
		0B471E7E27AEF42A00644CE2 /* EventListViewCoordinator.swift */ = {isa = PBXFileReference; fileEncoding = 4; lastKnownFileType = sourcecode.swift; path = EventListViewCoordinator.swift; sourceTree = "<group>"; };
		0B471E8227AEF43A00644CE2 /* en */ = {isa = PBXFileReference; lastKnownFileType = text.plist.strings; name = en; path = en.lproj/Localizable.strings; sourceTree = "<group>"; };
		0B471E8427AEF43A00644CE2 /* Localizable.swift */ = {isa = PBXFileReference; fileEncoding = 4; lastKnownFileType = sourcecode.swift; path = Localizable.swift; sourceTree = "<group>"; };
		0B57B02927B82A6F008F4015 /* Resolver.swift */ = {isa = PBXFileReference; fileEncoding = 4; lastKnownFileType = sourcecode.swift; path = Resolver.swift; sourceTree = "<group>"; };
		0B57B02B27B82E60008F4015 /* exportOptions.plist */ = {isa = PBXFileReference; lastKnownFileType = text.plist.xml; path = exportOptions.plist; sourceTree = "<group>"; };
		0BAF0A9927E6281400030DA1 /* ShowTransition.swift */ = {isa = PBXFileReference; lastKnownFileType = sourcecode.swift; path = ShowTransition.swift; sourceTree = "<group>"; };
		0BC68B08285A78A20086B2CF /* DismissTransition.swift */ = {isa = PBXFileReference; lastKnownFileType = sourcecode.swift; path = DismissTransition.swift; sourceTree = "<group>"; };
		0BD0A7E427D030C00087B1AC /* DetailDayViewController.swift */ = {isa = PBXFileReference; lastKnownFileType = sourcecode.swift; path = DetailDayViewController.swift; sourceTree = "<group>"; };
		0BD0A7E527D030C00087B1AC /* DetailDayViewController.xib */ = {isa = PBXFileReference; lastKnownFileType = file.xib; path = DetailDayViewController.xib; sourceTree = "<group>"; };
		0BD0A7E827D032800087B1AC /* DaysEventsViewModel.swift */ = {isa = PBXFileReference; lastKnownFileType = sourcecode.swift; path = DaysEventsViewModel.swift; sourceTree = "<group>"; };
		0BD0A7EA27D034B00087B1AC /* Hour.swift */ = {isa = PBXFileReference; lastKnownFileType = sourcecode.swift; path = Hour.swift; sourceTree = "<group>"; };
		0BD0A7EC27D035F00087B1AC /* DetailDayEventCell.swift */ = {isa = PBXFileReference; lastKnownFileType = sourcecode.swift; path = DetailDayEventCell.swift; sourceTree = "<group>"; };
		0BD1166D27DE298000BD7AD8 /* DetailEventCell.swift */ = {isa = PBXFileReference; lastKnownFileType = sourcecode.swift; path = DetailEventCell.swift; sourceTree = "<group>"; };
		502BDF632843C22D00C0C6B7 /* LaunchScreen.storyboard */ = {isa = PBXFileReference; fileEncoding = 4; lastKnownFileType = file.storyboard; path = LaunchScreen.storyboard; sourceTree = "<group>"; };
		5094EC582842499A002A3042 /* Extension+UIColor.swift */ = {isa = PBXFileReference; fileEncoding = 4; lastKnownFileType = sourcecode.swift; path = "Extension+UIColor.swift"; sourceTree = "<group>"; };
/* End PBXFileReference section */

/* Begin PBXFrameworksBuildPhase section */
		0B471D7F27AEE99900644CE2 /* Frameworks */ = {
			isa = PBXFrameworksBuildPhase;
			buildActionMask = 2147483647;
			files = (
			);
			runOnlyForDeploymentPostprocessing = 0;
		};
		0B471D9827AEEAA400644CE2 /* Frameworks */ = {
			isa = PBXFrameworksBuildPhase;
			buildActionMask = 2147483647;
			files = (
				0B33323B27B5976500695F27 /* Domain.framework in Frameworks */,
			);
			runOnlyForDeploymentPostprocessing = 0;
		};
		0B471D9F27AEEAA400644CE2 /* Frameworks */ = {
			isa = PBXFrameworksBuildPhase;
			buildActionMask = 2147483647;
			files = (
				0B471DA327AEEAA400644CE2 /* Data.framework in Frameworks */,
			);
			runOnlyForDeploymentPostprocessing = 0;
		};
		0B471DD827AEEF2A00644CE2 /* Frameworks */ = {
			isa = PBXFrameworksBuildPhase;
			buildActionMask = 2147483647;
			files = (
				0B33321327B1AAF900695F27 /* Data.framework in Frameworks */,
				0B33320E27B1A96500695F27 /* Domain.framework in Frameworks */,
			);
			runOnlyForDeploymentPostprocessing = 0;
		};
		0B471DDF27AEEF2A00644CE2 /* Frameworks */ = {
			isa = PBXFrameworksBuildPhase;
			buildActionMask = 2147483647;
			files = (
				0B471DE327AEEF2A00644CE2 /* Presentation.framework in Frameworks */,
			);
			runOnlyForDeploymentPostprocessing = 0;
		};
		0B471DF827AEF07000644CE2 /* Frameworks */ = {
			isa = PBXFrameworksBuildPhase;
			buildActionMask = 2147483647;
			files = (
				0B33321B27B1AB0600695F27 /* Domain.framework in Frameworks */,
				0B33321827B1AB0400695F27 /* Data.framework in Frameworks */,
				0B33321D27B1AB0800695F27 /* Presentation.framework in Frameworks */,
			);
			runOnlyForDeploymentPostprocessing = 0;
		};
		0B471DFF27AEF07000644CE2 /* Frameworks */ = {
			isa = PBXFrameworksBuildPhase;
			buildActionMask = 2147483647;
			files = (
				0B471E0327AEF07000644CE2 /* UI.framework in Frameworks */,
			);
			runOnlyForDeploymentPostprocessing = 0;
		};
		0B471E5B27AEF35E00644CE2 /* Frameworks */ = {
			isa = PBXFrameworksBuildPhase;
			buildActionMask = 2147483647;
			files = (
				0B33325027B7FC4A00695F27 /* Domain.framework in Frameworks */,
				0B33324D27B7FC4800695F27 /* Data.framework in Frameworks */,
				0B33325427B7FC4D00695F27 /* UI.framework in Frameworks */,
				0B33325227B7FC4C00695F27 /* Presentation.framework in Frameworks */,
			);
			runOnlyForDeploymentPostprocessing = 0;
		};
/* End PBXFrameworksBuildPhase section */

/* Begin PBXGroup section */
		0B471D5B27AEE88F00644CE2 = {
			isa = PBXGroup;
			children = (
				0B471D8327AEE99900644CE2 /* Domain */,
				0B471D9C27AEEAA400644CE2 /* Data */,
				0B471DA627AEEAA400644CE2 /* DataTests */,
				0B471DDC27AEEF2A00644CE2 /* Presentation */,
				0B471DE627AEEF2A00644CE2 /* PresentationTests */,
				0B471DFC27AEF07000644CE2 /* UI */,
				0B471E0627AEF07000644CE2 /* UITests */,
				0B471E5F27AEF35E00644CE2 /* timetable */,
				0B471D6627AEE89000644CE2 /* Products */,
				0B471DBB27AEEB3400644CE2 /* Frameworks */,
			);
			sourceTree = "<group>";
		};
		0B471D6627AEE89000644CE2 /* Products */ = {
			isa = PBXGroup;
			children = (
				0B471D8227AEE99900644CE2 /* Domain.framework */,
				0B471D9B27AEEAA400644CE2 /* Data.framework */,
				0B471DA227AEEAA400644CE2 /* DataTests.xctest */,
				0B471DDB27AEEF2A00644CE2 /* Presentation.framework */,
				0B471DE227AEEF2A00644CE2 /* PresentationTests.xctest */,
				0B471DFB27AEF07000644CE2 /* UI.framework */,
				0B471E0227AEF07000644CE2 /* UITests.xctest */,
				0B471E5E27AEF35E00644CE2 /* timetable.app */,
			);
			name = Products;
			sourceTree = "<group>";
		};
		0B471D8327AEE99900644CE2 /* Domain */ = {
			isa = PBXGroup;
			children = (
				0B471D8927AEEA3400644CE2 /* GetEventsUseCase.swift */,
				0B471D8B27AEEA4E00644CE2 /* Entities */,
			);
			path = Domain;
			sourceTree = "<group>";
		};
		0B471D8B27AEEA4E00644CE2 /* Entities */ = {
			isa = PBXGroup;
			children = (
				0B471D8C27AEEA4E00644CE2 /* Location.swift */,
				0B471D8D27AEEA4E00644CE2 /* Months.swift */,
				0B471D8E27AEEA4E00644CE2 /* Event.swift */,
				0B471D8F27AEEA4E00644CE2 /* Day.swift */,
				0B471D9027AEEA4E00644CE2 /* Month.swift */,
				0BD0A7EA27D034B00087B1AC /* Hour.swift */,
			);
			path = Entities;
			sourceTree = "<group>";
		};
		0B471D9C27AEEAA400644CE2 /* Data */ = {
			isa = PBXGroup;
			children = (
				0B471DC627AEEB9000644CE2 /* Time.swift */,
				0B471DB427AEEACE00644CE2 /* EventsDataSource.swift */,
				0B471DB327AEEACE00644CE2 /* EventsDataSourceImp.swift */,
				0B471DB527AEEACE00644CE2 /* GetEventsRepositoryImp.swift */,
				0B471DB627AEEACE00644CE2 /* GetEventsUseCaseImp.swift */,
				0B471DC827AEEB9000644CE2 /* Date+Extensions.swift */,
				0B471DB027AEEAC300644CE2 /* Repositories */,
			);
			path = Data;
			sourceTree = "<group>";
		};
		0B471DA627AEEAA400644CE2 /* DataTests */ = {
			isa = PBXGroup;
			children = (
				0B471DA727AEEAA400644CE2 /* DataTests.swift */,
			);
			path = DataTests;
			sourceTree = "<group>";
		};
		0B471DB027AEEAC300644CE2 /* Repositories */ = {
			isa = PBXGroup;
			children = (
				0B471DB127AEEAC300644CE2 /* GetEventsRepository.swift */,
			);
			path = Repositories;
			sourceTree = "<group>";
		};
		0B471DBB27AEEB3400644CE2 /* Frameworks */ = {
			isa = PBXGroup;
			children = (
			);
			name = Frameworks;
			sourceTree = "<group>";
		};
		0B471DDC27AEEF2A00644CE2 /* Presentation */ = {
			isa = PBXGroup;
			children = (
				0B471DF127AEEF5400644CE2 /* ErrorViewModel.swift */,
				0B471DF227AEEF5400644CE2 /* EventCellViewModel.swift */,
				0B471DF027AEEF5400644CE2 /* EventViewModel.swift */,
				0BD0A7E827D032800087B1AC /* DaysEventsViewModel.swift */,
			);
			path = Presentation;
			sourceTree = "<group>";
		};
		0B471DE627AEEF2A00644CE2 /* PresentationTests */ = {
			isa = PBXGroup;
			children = (
				0B471DE727AEEF2A00644CE2 /* PresentationTests.swift */,
			);
			path = PresentationTests;
			sourceTree = "<group>";
		};
		0B471DFC27AEF07000644CE2 /* UI */ = {
			isa = PBXGroup;
			children = (
				502BDF632843C22D00C0C6B7 /* LaunchScreen.storyboard */,
				5094EC582842499A002A3042 /* Extension+UIColor.swift */,
				0B57B02927B82A6F008F4015 /* Resolver.swift */,
				0B471E4F27AEF2E500644CE2 /* Extension+UIFont.swift */,
				0B471E4E27AEF2E500644CE2 /* Extension+UILabel.swift */,
				0B471E5027AEF2E500644CE2 /* PaddableLabel.swift */,
				0B471E5127AEF2E500644CE2 /* String+Utils.swift */,
				0B471E5227AEF2E500644CE2 /* TimeTableNavigationController.swift */,
				0B471E4D27AEF2E400644CE2 /* UIView+Constraints.swift */,
				0B3331D927B00F1D00695F27 /* CustomLaunchScreen.swift */,
				0B471E2027AEF0AF00644CE2 /* CustomLaunchScreen.xib */,
				0B471DC127AEEB8F00644CE2 /* String+Utils.swift */,
				0B3331BA27AFF03400695F27 /* Timetable+Injection.swift */,
				0B471E7D27AEF42A00644CE2 /* Coordinator */,
				0B471E2227AEF0AF00644CE2 /* Views */,
				0B3331C327AFF88300695F27 /* Extensions+UIViewController.swift */,
				0B471E8027AEF43A00644CE2 /* Localizations */,
				0BAF0A9927E6281400030DA1 /* ShowTransition.swift */,
				0BC68B08285A78A20086B2CF /* DismissTransition.swift */,
			);
			path = UI;
			sourceTree = "<group>";
		};
		0B471E0627AEF07000644CE2 /* UITests */ = {
			isa = PBXGroup;
			children = (
				0B471E0727AEF07000644CE2 /* UITests.swift */,
			);
			path = UITests;
			sourceTree = "<group>";
		};
		0B471E1027AEF0AF00644CE2 /* Fonts */ = {
			isa = PBXGroup;
			children = (
				0B471E1127AEF0AF00644CE2 /* Rubik-MediumItalic.ttf */,
				0B471E1227AEF0AF00644CE2 /* Rubik-Bold.ttf */,
				0B471E1327AEF0AF00644CE2 /* Rubik-SemiBoldItalic.ttf */,
				0B471E1427AEF0AF00644CE2 /* Rubik-Light.ttf */,
				0B471E1527AEF0AF00644CE2 /* Rubik-Medium.ttf */,
				0B471E1627AEF0AF00644CE2 /* Rubik-ExtraBoldItalic.ttf */,
				0B471E1727AEF0AF00644CE2 /* Rubik-Black.ttf */,
				0B471E1827AEF0AF00644CE2 /* Rubik-Italic.ttf */,
				0B471E1927AEF0AF00644CE2 /* Rubik-LightItalic.ttf */,
				0B471E1A27AEF0AF00644CE2 /* Rubik-SemiBold.ttf */,
				0B471E1B27AEF0AF00644CE2 /* Rubik-BlackItalic.ttf */,
				0B471E1C27AEF0AF00644CE2 /* Rubik-ExtraBold.ttf */,
				0B471E1D27AEF0AF00644CE2 /* Rubik-Regular.ttf */,
				0B471E1E27AEF0AF00644CE2 /* Rubik-BoldItalic.ttf */,
			);
			path = Fonts;
			sourceTree = "<group>";
		};
		0B471E2227AEF0AF00644CE2 /* Views */ = {
			isa = PBXGroup;
			children = (
				0B471E2327AEF0AF00644CE2 /* EventCell.swift */,
				0B471E2427AEF0AF00644CE2 /* EventCell.xib */,
				0B471E2527AEF0AF00644CE2 /* AppearenceToggle.swift */,
				0B471E2627AEF0AF00644CE2 /* ErrorViewController.swift */,
				0B471E2727AEF0AF00644CE2 /* EventListViewController.xib */,
				0B471E2927AEF0AF00644CE2 /* EventListViewController.swift */,
				0B471E2827AEF0AF00644CE2 /* ErrorViewController.xib */,
				0BD0A7E427D030C00087B1AC /* DetailDayViewController.swift */,
				0BD0A7E527D030C00087B1AC /* DetailDayViewController.xib */,
				0BD0A7EC27D035F00087B1AC /* DetailDayEventCell.swift */,
				0BD1166D27DE298000BD7AD8 /* DetailEventCell.swift */,
			);
			path = Views;
			sourceTree = "<group>";
		};
		0B471E5F27AEF35E00644CE2 /* timetable */ = {
			isa = PBXGroup;
			children = (
				0B471E1027AEF0AF00644CE2 /* Fonts */,
				0B471E7B27AEF3FB00644CE2 /* Assets.xcassets */,
				0B471E7327AEF3C200644CE2 /* AppDelegate.swift */,
				0B471E7527AEF3C200644CE2 /* SceneDelegate.swift */,
				0B24FCED28E37A17003EADD7 /* InfoPlist.strings */,
				0B471E7927AEF3DB00644CE2 /* Info.plist */,
				0B471E7227AEF3C100644CE2 /* timetable-Bridging-Header.h */,
				0B57B02B27B82E60008F4015 /* exportOptions.plist */,
			);
			path = timetable;
			sourceTree = "<group>";
		};
		0B471E7D27AEF42A00644CE2 /* Coordinator */ = {
			isa = PBXGroup;
			children = (
				0B471E7E27AEF42A00644CE2 /* EventListViewCoordinator.swift */,
				0B471E7427AEF3C200644CE2 /* AppCoordinator.swift */,
				0B3331B827AF00AE00695F27 /* Coordinator.swift */,
			);
			path = Coordinator;
			sourceTree = "<group>";
		};
		0B471E8027AEF43A00644CE2 /* Localizations */ = {
			isa = PBXGroup;
			children = (
				0B471E8127AEF43A00644CE2 /* Localizable.strings */,
				0B471E8427AEF43A00644CE2 /* Localizable.swift */,
			);
			path = Localizations;
			sourceTree = "<group>";
		};
/* End PBXGroup section */

/* Begin PBXHeadersBuildPhase section */
		0B471D7D27AEE99900644CE2 /* Headers */ = {
			isa = PBXHeadersBuildPhase;
			buildActionMask = 2147483647;
			files = (
			);
			runOnlyForDeploymentPostprocessing = 0;
		};
		0B471D9627AEEAA400644CE2 /* Headers */ = {
			isa = PBXHeadersBuildPhase;
			buildActionMask = 2147483647;
			files = (
			);
			runOnlyForDeploymentPostprocessing = 0;
		};
		0B471DD627AEEF2A00644CE2 /* Headers */ = {
			isa = PBXHeadersBuildPhase;
			buildActionMask = 2147483647;
			files = (
			);
			runOnlyForDeploymentPostprocessing = 0;
		};
		0B471DF627AEF07000644CE2 /* Headers */ = {
			isa = PBXHeadersBuildPhase;
			buildActionMask = 2147483647;
			files = (
			);
			runOnlyForDeploymentPostprocessing = 0;
		};
/* End PBXHeadersBuildPhase section */

/* Begin PBXNativeTarget section */
		0B471D8127AEE99900644CE2 /* Domain */ = {
			isa = PBXNativeTarget;
			buildConfigurationList = 0B471D8627AEE99900644CE2 /* Build configuration list for PBXNativeTarget "Domain" */;
			buildPhases = (
				0B471D7D27AEE99900644CE2 /* Headers */,
				0B471D7E27AEE99900644CE2 /* Sources */,
				0B471D7F27AEE99900644CE2 /* Frameworks */,
				0B471D8027AEE99900644CE2 /* Resources */,
			);
			buildRules = (
			);
			dependencies = (
			);
			name = Domain;
			packageProductDependencies = (
			);
			productName = Domain;
			productReference = 0B471D8227AEE99900644CE2 /* Domain.framework */;
			productType = "com.apple.product-type.framework";
		};
		0B471D9A27AEEAA400644CE2 /* Data */ = {
			isa = PBXNativeTarget;
			buildConfigurationList = 0B471DAA27AEEAA400644CE2 /* Build configuration list for PBXNativeTarget "Data" */;
			buildPhases = (
				0B471D9627AEEAA400644CE2 /* Headers */,
				0B471D9727AEEAA400644CE2 /* Sources */,
				0B471D9827AEEAA400644CE2 /* Frameworks */,
				0B471D9927AEEAA400644CE2 /* Resources */,
			);
			buildRules = (
			);
			dependencies = (
				0B471DBF27AEEB3400644CE2 /* PBXTargetDependency */,
			);
			name = Data;
			productName = Data;
			productReference = 0B471D9B27AEEAA400644CE2 /* Data.framework */;
			productType = "com.apple.product-type.framework";
		};
		0B471DA127AEEAA400644CE2 /* DataTests */ = {
			isa = PBXNativeTarget;
			buildConfigurationList = 0B471DAD27AEEAA400644CE2 /* Build configuration list for PBXNativeTarget "DataTests" */;
			buildPhases = (
				0B471D9E27AEEAA400644CE2 /* Sources */,
				0B471D9F27AEEAA400644CE2 /* Frameworks */,
				0B471DA027AEEAA400644CE2 /* Resources */,
			);
			buildRules = (
			);
			dependencies = (
				0B471DA527AEEAA400644CE2 /* PBXTargetDependency */,
			);
			name = DataTests;
			productName = DataTests;
			productReference = 0B471DA227AEEAA400644CE2 /* DataTests.xctest */;
			productType = "com.apple.product-type.bundle.unit-test";
		};
		0B471DDA27AEEF2A00644CE2 /* Presentation */ = {
			isa = PBXNativeTarget;
			buildConfigurationList = 0B471DEA27AEEF2A00644CE2 /* Build configuration list for PBXNativeTarget "Presentation" */;
			buildPhases = (
				0B471DD627AEEF2A00644CE2 /* Headers */,
				0B471DD727AEEF2A00644CE2 /* Sources */,
				0B471DD827AEEF2A00644CE2 /* Frameworks */,
				0B471DD927AEEF2A00644CE2 /* Resources */,
			);
			buildRules = (
			);
			dependencies = (
				0B471E9C27AEF52000644CE2 /* PBXTargetDependency */,
				0B33321127B1A96500695F27 /* PBXTargetDependency */,
			);
			name = Presentation;
			packageProductDependencies = (
			);
			productName = Presentation;
			productReference = 0B471DDB27AEEF2A00644CE2 /* Presentation.framework */;
			productType = "com.apple.product-type.framework";
		};
		0B471DE127AEEF2A00644CE2 /* PresentationTests */ = {
			isa = PBXNativeTarget;
			buildConfigurationList = 0B471DED27AEEF2A00644CE2 /* Build configuration list for PBXNativeTarget "PresentationTests" */;
			buildPhases = (
				0B471DDE27AEEF2A00644CE2 /* Sources */,
				0B471DDF27AEEF2A00644CE2 /* Frameworks */,
				0B471DE027AEEF2A00644CE2 /* Resources */,
			);
			buildRules = (
			);
			dependencies = (
				0B471DE527AEEF2A00644CE2 /* PBXTargetDependency */,
			);
			name = PresentationTests;
			productName = PresentationTests;
			productReference = 0B471DE227AEEF2A00644CE2 /* PresentationTests.xctest */;
			productType = "com.apple.product-type.bundle.unit-test";
		};
		0B471DFA27AEF07000644CE2 /* UI */ = {
			isa = PBXNativeTarget;
			buildConfigurationList = 0B471E0A27AEF07100644CE2 /* Build configuration list for PBXNativeTarget "UI" */;
			buildPhases = (
				0B471DF627AEF07000644CE2 /* Headers */,
				0B471DF727AEF07000644CE2 /* Sources */,
				0B471DF827AEF07000644CE2 /* Frameworks */,
				0B471DF927AEF07000644CE2 /* Resources */,
			);
			buildRules = (
			);
			dependencies = (
				0B471E4A27AEF1D400644CE2 /* PBXTargetDependency */,
				0B33320427B1824F00695F27 /* PBXTargetDependency */,
				0B33320827B1824F00695F27 /* PBXTargetDependency */,
			);
			name = UI;
			packageProductDependencies = (
			);
			productName = UI;
			productReference = 0B471DFB27AEF07000644CE2 /* UI.framework */;
			productType = "com.apple.product-type.framework";
		};
		0B471E0127AEF07000644CE2 /* UITests */ = {
			isa = PBXNativeTarget;
			buildConfigurationList = 0B471E0D27AEF07100644CE2 /* Build configuration list for PBXNativeTarget "UITests" */;
			buildPhases = (
				0B471DFE27AEF07000644CE2 /* Sources */,
				0B471DFF27AEF07000644CE2 /* Frameworks */,
				0B471E0027AEF07000644CE2 /* Resources */,
			);
			buildRules = (
			);
			dependencies = (
				0B471E0527AEF07000644CE2 /* PBXTargetDependency */,
			);
			name = UITests;
			productName = UITests;
			productReference = 0B471E0227AEF07000644CE2 /* UITests.xctest */;
			productType = "com.apple.product-type.bundle.unit-test";
		};
		0B471E5D27AEF35E00644CE2 /* timetable */ = {
			isa = PBXNativeTarget;
			buildConfigurationList = 0B471E6F27AEF36000644CE2 /* Build configuration list for PBXNativeTarget "timetable" */;
			buildPhases = (
				0B471E5A27AEF35E00644CE2 /* Sources */,
				0B471E5B27AEF35E00644CE2 /* Frameworks */,
				0B471E5C27AEF35E00644CE2 /* Resources */,
				0B33324F27B7FC4800695F27 /* Embed Frameworks */,
			);
			buildRules = (
			);
			dependencies = (
				0B471E9727AEF4F500644CE2 /* PBXTargetDependency */,
				0B33324127B7F45400695F27 /* PBXTargetDependency */,
				0B33324527B7F45400695F27 /* PBXTargetDependency */,
				0B33324927B7F45400695F27 /* PBXTargetDependency */,
			);
			name = timetable;
			packageProductDependencies = (
			);
			productName = timetable;
			productReference = 0B471E5E27AEF35E00644CE2 /* timetable.app */;
			productType = "com.apple.product-type.application";
		};
/* End PBXNativeTarget section */

/* Begin PBXProject section */
		0B471D5C27AEE88F00644CE2 /* Project object */ = {
			isa = PBXProject;
			attributes = {
				BuildIndependentTargetsInParallel = 1;
				LastSwiftUpdateCheck = 1320;
				LastUpgradeCheck = 1320;
				TargetAttributes = {
					0B471D8127AEE99900644CE2 = {
						CreatedOnToolsVersion = 13.2.1;
						LastSwiftMigration = 1320;
					};
					0B471D9A27AEEAA400644CE2 = {
						CreatedOnToolsVersion = 13.2.1;
					};
					0B471DA127AEEAA400644CE2 = {
						CreatedOnToolsVersion = 13.2.1;
					};
					0B471DDA27AEEF2A00644CE2 = {
						CreatedOnToolsVersion = 13.2.1;
						LastSwiftMigration = 1320;
					};
					0B471DE127AEEF2A00644CE2 = {
						CreatedOnToolsVersion = 13.2.1;
					};
					0B471DFA27AEF07000644CE2 = {
						CreatedOnToolsVersion = 13.2.1;
						LastSwiftMigration = 1320;
					};
					0B471E0127AEF07000644CE2 = {
						CreatedOnToolsVersion = 13.2.1;
					};
					0B471E5D27AEF35E00644CE2 = {
						CreatedOnToolsVersion = 13.2.1;
						LastSwiftMigration = 1320;
					};
				};
			};
			buildConfigurationList = 0B471D5F27AEE88F00644CE2 /* Build configuration list for PBXProject "timetable" */;
			compatibilityVersion = "Xcode 13.0";
			developmentRegion = en;
			hasScannedForEncodings = 0;
			knownRegions = (
				en,
				Base,
			);
			mainGroup = 0B471D5B27AEE88F00644CE2;
			packageReferences = (
			);
			productRefGroup = 0B471D6627AEE89000644CE2 /* Products */;
			projectDirPath = "";
			projectRoot = "";
			targets = (
				0B471D8127AEE99900644CE2 /* Domain */,
				0B471D9A27AEEAA400644CE2 /* Data */,
				0B471DA127AEEAA400644CE2 /* DataTests */,
				0B471DDA27AEEF2A00644CE2 /* Presentation */,
				0B471DE127AEEF2A00644CE2 /* PresentationTests */,
				0B471DFA27AEF07000644CE2 /* UI */,
				0B471E0127AEF07000644CE2 /* UITests */,
				0B471E5D27AEF35E00644CE2 /* timetable */,
			);
		};
/* End PBXProject section */

/* Begin PBXResourcesBuildPhase section */
		0B471D8027AEE99900644CE2 /* Resources */ = {
			isa = PBXResourcesBuildPhase;
			buildActionMask = 2147483647;
			files = (
			);
			runOnlyForDeploymentPostprocessing = 0;
		};
		0B471D9927AEEAA400644CE2 /* Resources */ = {
			isa = PBXResourcesBuildPhase;
			buildActionMask = 2147483647;
			files = (
			);
			runOnlyForDeploymentPostprocessing = 0;
		};
		0B471DA027AEEAA400644CE2 /* Resources */ = {
			isa = PBXResourcesBuildPhase;
			buildActionMask = 2147483647;
			files = (
			);
			runOnlyForDeploymentPostprocessing = 0;
		};
		0B471DD927AEEF2A00644CE2 /* Resources */ = {
			isa = PBXResourcesBuildPhase;
			buildActionMask = 2147483647;
			files = (
			);
			runOnlyForDeploymentPostprocessing = 0;
		};
		0B471DE027AEEF2A00644CE2 /* Resources */ = {
			isa = PBXResourcesBuildPhase;
			buildActionMask = 2147483647;
			files = (
			);
			runOnlyForDeploymentPostprocessing = 0;
		};
		0B471DF927AEF07000644CE2 /* Resources */ = {
			isa = PBXResourcesBuildPhase;
			buildActionMask = 2147483647;
			files = (
				502BDF642843C22E00C0C6B7 /* LaunchScreen.storyboard in Resources */,
				0B471E3F27AEF0AF00644CE2 /* EventListViewController.xib in Resources */,
				0B3331C527AFFAF300695F27 /* Localizable.strings in Resources */,
				0B471E3C27AEF0AF00644CE2 /* EventCell.xib in Resources */,
				0B471E4027AEF0AF00644CE2 /* ErrorViewController.xib in Resources */,
				0B3331D827B000DA00695F27 /* Assets.xcassets in Resources */,
				0B471E3927AEF0AF00644CE2 /* CustomLaunchScreen.xib in Resources */,
				0BD0A7E727D030C00087B1AC /* DetailDayViewController.xib in Resources */,
			);
			runOnlyForDeploymentPostprocessing = 0;
		};
		0B471E0027AEF07000644CE2 /* Resources */ = {
			isa = PBXResourcesBuildPhase;
			buildActionMask = 2147483647;
			files = (
			);
			runOnlyForDeploymentPostprocessing = 0;
		};
		0B471E5C27AEF35E00644CE2 /* Resources */ = {
			isa = PBXResourcesBuildPhase;
			buildActionMask = 2147483647;
			files = (
				0B3331CE27AFFFED00695F27 /* Rubik-Black.ttf in Resources */,
				0B3331D527AFFFED00695F27 /* Rubik-ExtraBold.ttf in Resources */,
				0B3331D027AFFFED00695F27 /* Rubik-LightItalic.ttf in Resources */,
				0B3331D727AFFFED00695F27 /* Rubik-ExtraBoldItalic.ttf in Resources */,
				0B471E7C27AEF3FB00644CE2 /* Assets.xcassets in Resources */,
				0B3331D627AFFFED00695F27 /* Rubik-Italic.ttf in Resources */,
				0B3331D427AFFFED00695F27 /* Rubik-SemiBoldItalic.ttf in Resources */,
				0B24FCEE28E37A35003EADD7 /* InfoPlist.strings in Resources */,
				502BDF652843CDD200C0C6B7 /* LaunchScreen.storyboard in Resources */,
				0B3331D227AFFFED00695F27 /* Rubik-Regular.ttf in Resources */,
				0B3331CB27AFFFED00695F27 /* Rubik-Bold.ttf in Resources */,
				0B3331CD27AFFFED00695F27 /* Rubik-SemiBold.ttf in Resources */,
				0B3331CC27AFFFED00695F27 /* Rubik-BlackItalic.ttf in Resources */,
				0B57B02C27B82E60008F4015 /* exportOptions.plist in Resources */,
				0B3331CF27AFFFED00695F27 /* Rubik-Light.ttf in Resources */,
				0B3331D127AFFFED00695F27 /* Rubik-BoldItalic.ttf in Resources */,
				0B3331D327AFFFED00695F27 /* Rubik-Medium.ttf in Resources */,
				0B3331CA27AFFFED00695F27 /* Rubik-MediumItalic.ttf in Resources */,
			);
			runOnlyForDeploymentPostprocessing = 0;
		};
/* End PBXResourcesBuildPhase section */

/* Begin PBXSourcesBuildPhase section */
		0B471D7E27AEE99900644CE2 /* Sources */ = {
			isa = PBXSourcesBuildPhase;
			buildActionMask = 2147483647;
			files = (
				0B471D9327AEEA4E00644CE2 /* Event.swift in Sources */,
				0B471D9127AEEA4E00644CE2 /* Location.swift in Sources */,
				0B471D9527AEEA4E00644CE2 /* Month.swift in Sources */,
				0B471D9227AEEA4E00644CE2 /* Months.swift in Sources */,
				0B471D9427AEEA4E00644CE2 /* Day.swift in Sources */,
				0B471D8A27AEEA3400644CE2 /* GetEventsUseCase.swift in Sources */,
				0BD0A7EB27D034B00087B1AC /* Hour.swift in Sources */,
			);
			runOnlyForDeploymentPostprocessing = 0;
		};
		0B471D9727AEEAA400644CE2 /* Sources */ = {
			isa = PBXSourcesBuildPhase;
			buildActionMask = 2147483647;
			files = (
				0B471DB727AEEACE00644CE2 /* EventsDataSourceImp.swift in Sources */,
				0B471DB227AEEAC300644CE2 /* GetEventsRepository.swift in Sources */,
				0B3331B727AF005A00695F27 /* Time.swift in Sources */,
				0B471DB927AEEACE00644CE2 /* GetEventsRepositoryImp.swift in Sources */,
				0B471DB827AEEACE00644CE2 /* EventsDataSource.swift in Sources */,
				0B471DBA27AEEACE00644CE2 /* GetEventsUseCaseImp.swift in Sources */,
				0B3331B627AF004300695F27 /* Date+Extensions.swift in Sources */,
			);
			runOnlyForDeploymentPostprocessing = 0;
		};
		0B471D9E27AEEAA400644CE2 /* Sources */ = {
			isa = PBXSourcesBuildPhase;
			buildActionMask = 2147483647;
			files = (
				0B471DA827AEEAA400644CE2 /* DataTests.swift in Sources */,
			);
			runOnlyForDeploymentPostprocessing = 0;
		};
		0B471DD727AEEF2A00644CE2 /* Sources */ = {
			isa = PBXSourcesBuildPhase;
			buildActionMask = 2147483647;
			files = (
				0B471DF327AEEF5400644CE2 /* EventViewModel.swift in Sources */,
				0B471DF527AEEF5400644CE2 /* EventCellViewModel.swift in Sources */,
				0BD0A7E927D032800087B1AC /* DaysEventsViewModel.swift in Sources */,
				0B471DF427AEEF5400644CE2 /* ErrorViewModel.swift in Sources */,
			);
			runOnlyForDeploymentPostprocessing = 0;
		};
		0B471DDE27AEEF2A00644CE2 /* Sources */ = {
			isa = PBXSourcesBuildPhase;
			buildActionMask = 2147483647;
			files = (
				0B471DE827AEEF2A00644CE2 /* PresentationTests.swift in Sources */,
			);
			runOnlyForDeploymentPostprocessing = 0;
		};
		0B471DF727AEF07000644CE2 /* Sources */ = {
			isa = PBXSourcesBuildPhase;
			buildActionMask = 2147483647;
			files = (
				0B3331C427AFF88300695F27 /* Extensions+UIViewController.swift in Sources */,
				0BC68B09285A78A20086B2CF /* DismissTransition.swift in Sources */,
				0B3331C027AFF1F000695F27 /* EventListViewCoordinator.swift in Sources */,
				0B471E5827AEF2E500644CE2 /* String+Utils.swift in Sources */,
				0B471E5527AEF2E500644CE2 /* Extension+UILabel.swift in Sources */,
				0B57B02A27B82A6F008F4015 /* Resolver.swift in Sources */,
				0B3331C127AFF1FA00695F27 /* AppCoordinator.swift in Sources */,
				0B471E4127AEF0AF00644CE2 /* EventListViewController.swift in Sources */,
				0B471E3B27AEF0AF00644CE2 /* EventCell.swift in Sources */,
				0BD0A7E627D030C00087B1AC /* DetailDayViewController.swift in Sources */,
				0B3331BB27AFF03400695F27 /* Timetable+Injection.swift in Sources */,
				0B3331DA27B00F1D00695F27 /* CustomLaunchScreen.swift in Sources */,
				0BD1166F27DE298000BD7AD8 /* DetailEventCell.swift in Sources */,
				0B471E3E27AEF0AF00644CE2 /* ErrorViewController.swift in Sources */,
				0B471E5927AEF2E500644CE2 /* TimeTableNavigationController.swift in Sources */,
				0B3331C227AFF1FE00695F27 /* Coordinator.swift in Sources */,
				5094EC592842499A002A3042 /* Extension+UIColor.swift in Sources */,
				0B471E5627AEF2E500644CE2 /* Extension+UIFont.swift in Sources */,
				0BAF0A9A27E6281400030DA1 /* ShowTransition.swift in Sources */,
				0B471E5427AEF2E500644CE2 /* UIView+Constraints.swift in Sources */,
				0B471E3D27AEF0AF00644CE2 /* AppearenceToggle.swift in Sources */,
				0B3331C727AFFAFF00695F27 /* Localizable.swift in Sources */,
				0BD0A7EE27D035F00087B1AC /* DetailDayEventCell.swift in Sources */,
				0B471E5727AEF2E500644CE2 /* PaddableLabel.swift in Sources */,
			);
			runOnlyForDeploymentPostprocessing = 0;
		};
		0B471DFE27AEF07000644CE2 /* Sources */ = {
			isa = PBXSourcesBuildPhase;
			buildActionMask = 2147483647;
			files = (
				0B471E0827AEF07000644CE2 /* UITests.swift in Sources */,
			);
			runOnlyForDeploymentPostprocessing = 0;
		};
		0B471E5A27AEF35E00644CE2 /* Sources */ = {
			isa = PBXSourcesBuildPhase;
			buildActionMask = 2147483647;
			files = (
				0B471E7627AEF3C200644CE2 /* AppDelegate.swift in Sources */,
				0B471E7827AEF3C200644CE2 /* SceneDelegate.swift in Sources */,
			);
			runOnlyForDeploymentPostprocessing = 0;
		};
/* End PBXSourcesBuildPhase section */

/* Begin PBXTargetDependency section */
		0B33320427B1824F00695F27 /* PBXTargetDependency */ = {
			isa = PBXTargetDependency;
			target = 0B471D9A27AEEAA400644CE2 /* Data */;
			targetProxy = 0B33320327B1824F00695F27 /* PBXContainerItemProxy */;
		};
		0B33320827B1824F00695F27 /* PBXTargetDependency */ = {
			isa = PBXTargetDependency;
			target = 0B471D8127AEE99900644CE2 /* Domain */;
			targetProxy = 0B33320727B1824F00695F27 /* PBXContainerItemProxy */;
		};
		0B33321127B1A96500695F27 /* PBXTargetDependency */ = {
			isa = PBXTargetDependency;
			target = 0B471D8127AEE99900644CE2 /* Domain */;
			targetProxy = 0B33321027B1A96500695F27 /* PBXContainerItemProxy */;
		};
		0B33324127B7F45400695F27 /* PBXTargetDependency */ = {
			isa = PBXTargetDependency;
			platformFilter = ios;
			target = 0B471D9A27AEEAA400644CE2 /* Data */;
			targetProxy = 0B33324027B7F45400695F27 /* PBXContainerItemProxy */;
		};
		0B33324527B7F45400695F27 /* PBXTargetDependency */ = {
			isa = PBXTargetDependency;
			platformFilter = ios;
			target = 0B471D8127AEE99900644CE2 /* Domain */;
			targetProxy = 0B33324427B7F45400695F27 /* PBXContainerItemProxy */;
		};
		0B33324927B7F45400695F27 /* PBXTargetDependency */ = {
			isa = PBXTargetDependency;
			platformFilter = ios;
			target = 0B471DDA27AEEF2A00644CE2 /* Presentation */;
			targetProxy = 0B33324827B7F45400695F27 /* PBXContainerItemProxy */;
		};
		0B471DA527AEEAA400644CE2 /* PBXTargetDependency */ = {
			isa = PBXTargetDependency;
			target = 0B471D9A27AEEAA400644CE2 /* Data */;
			targetProxy = 0B471DA427AEEAA400644CE2 /* PBXContainerItemProxy */;
		};
		0B471DBF27AEEB3400644CE2 /* PBXTargetDependency */ = {
			isa = PBXTargetDependency;
			target = 0B471D8127AEE99900644CE2 /* Domain */;
			targetProxy = 0B471DBE27AEEB3400644CE2 /* PBXContainerItemProxy */;
		};
		0B471DE527AEEF2A00644CE2 /* PBXTargetDependency */ = {
			isa = PBXTargetDependency;
			target = 0B471DDA27AEEF2A00644CE2 /* Presentation */;
			targetProxy = 0B471DE427AEEF2A00644CE2 /* PBXContainerItemProxy */;
		};
		0B471E0527AEF07000644CE2 /* PBXTargetDependency */ = {
			isa = PBXTargetDependency;
			target = 0B471DFA27AEF07000644CE2 /* UI */;
			targetProxy = 0B471E0427AEF07000644CE2 /* PBXContainerItemProxy */;
		};
		0B471E4A27AEF1D400644CE2 /* PBXTargetDependency */ = {
			isa = PBXTargetDependency;
			target = 0B471DDA27AEEF2A00644CE2 /* Presentation */;
			targetProxy = 0B471E4927AEF1D400644CE2 /* PBXContainerItemProxy */;
		};
		0B471E9727AEF4F500644CE2 /* PBXTargetDependency */ = {
			isa = PBXTargetDependency;
			platformFilter = ios;
			target = 0B471DFA27AEF07000644CE2 /* UI */;
			targetProxy = 0B471E9627AEF4F500644CE2 /* PBXContainerItemProxy */;
		};
		0B471E9C27AEF52000644CE2 /* PBXTargetDependency */ = {
			isa = PBXTargetDependency;
			platformFilter = ios;
			target = 0B471D9A27AEEAA400644CE2 /* Data */;
			targetProxy = 0B471E9B27AEF52000644CE2 /* PBXContainerItemProxy */;
		};
/* End PBXTargetDependency section */

/* Begin PBXVariantGroup section */
		0B24FCED28E37A17003EADD7 /* InfoPlist.strings */ = {
			isa = PBXVariantGroup;
			children = (
				0B24FCEC28E37A17003EADD7 /* en */,
			);
			name = InfoPlist.strings;
			sourceTree = "<group>";
		};
		0B471E8127AEF43A00644CE2 /* Localizable.strings */ = {
			isa = PBXVariantGroup;
			children = (
				0B471E8227AEF43A00644CE2 /* en */,
			);
			name = Localizable.strings;
			sourceTree = "<group>";
		};
/* End PBXVariantGroup section */

/* Begin XCBuildConfiguration section */
		0B471D7527AEE89000644CE2 /* Debug */ = {
			isa = XCBuildConfiguration;
			buildSettings = {
				ALWAYS_SEARCH_USER_PATHS = NO;
				CLANG_ANALYZER_NONNULL = YES;
				CLANG_ANALYZER_NUMBER_OBJECT_CONVERSION = YES_AGGRESSIVE;
				CLANG_CXX_LANGUAGE_STANDARD = "gnu++17";
				CLANG_CXX_LIBRARY = "libc++";
				CLANG_ENABLE_MODULES = YES;
				CLANG_ENABLE_OBJC_ARC = YES;
				CLANG_ENABLE_OBJC_WEAK = YES;
				CLANG_WARN_BLOCK_CAPTURE_AUTORELEASING = YES;
				CLANG_WARN_BOOL_CONVERSION = YES;
				CLANG_WARN_COMMA = YES;
				CLANG_WARN_CONSTANT_CONVERSION = YES;
				CLANG_WARN_DEPRECATED_OBJC_IMPLEMENTATIONS = YES;
				CLANG_WARN_DIRECT_OBJC_ISA_USAGE = YES_ERROR;
				CLANG_WARN_DOCUMENTATION_COMMENTS = YES;
				CLANG_WARN_EMPTY_BODY = YES;
				CLANG_WARN_ENUM_CONVERSION = YES;
				CLANG_WARN_INFINITE_RECURSION = YES;
				CLANG_WARN_INT_CONVERSION = YES;
				CLANG_WARN_NON_LITERAL_NULL_CONVERSION = YES;
				CLANG_WARN_OBJC_IMPLICIT_RETAIN_SELF = YES;
				CLANG_WARN_OBJC_LITERAL_CONVERSION = YES;
				CLANG_WARN_OBJC_ROOT_CLASS = YES_ERROR;
				CLANG_WARN_QUOTED_INCLUDE_IN_FRAMEWORK_HEADER = YES;
				CLANG_WARN_RANGE_LOOP_ANALYSIS = YES;
				CLANG_WARN_STRICT_PROTOTYPES = YES;
				CLANG_WARN_SUSPICIOUS_MOVE = YES;
				CLANG_WARN_UNGUARDED_AVAILABILITY = YES_AGGRESSIVE;
				CLANG_WARN_UNREACHABLE_CODE = YES;
				CLANG_WARN__DUPLICATE_METHOD_MATCH = YES;
				COPY_PHASE_STRIP = NO;
				CURRENT_PROJECT_VERSION = 9;
				DEBUG_INFORMATION_FORMAT = dwarf;
				ENABLE_STRICT_OBJC_MSGSEND = YES;
				ENABLE_TESTABILITY = YES;
				GCC_C_LANGUAGE_STANDARD = gnu11;
				GCC_DYNAMIC_NO_PIC = NO;
				GCC_NO_COMMON_BLOCKS = YES;
				GCC_OPTIMIZATION_LEVEL = 0;
				GCC_PREPROCESSOR_DEFINITIONS = (
					"DEBUG=1",
					"$(inherited)",
				);
				GCC_WARN_64_TO_32_BIT_CONVERSION = YES;
				GCC_WARN_ABOUT_RETURN_TYPE = YES_ERROR;
				GCC_WARN_UNDECLARED_SELECTOR = YES;
				GCC_WARN_UNINITIALIZED_AUTOS = YES_AGGRESSIVE;
				GCC_WARN_UNUSED_FUNCTION = YES;
				GCC_WARN_UNUSED_VARIABLE = YES;
				INFOPLIST_FILE = timetable/Info.plist;
				IPHONEOS_DEPLOYMENT_TARGET = 15.0;
				MTL_ENABLE_DEBUG_INFO = INCLUDE_SOURCE;
				MTL_FAST_MATH = YES;
				ONLY_ACTIVE_ARCH = YES;
				SDKROOT = iphoneos;
				SWIFT_ACTIVE_COMPILATION_CONDITIONS = DEBUG;
				SWIFT_OPTIMIZATION_LEVEL = "-Onone";
				VERSIONING_SYSTEM = "apple-generic";
				VERSION_INFO_PREFIX = "";
			};
			name = Debug;
		};
		0B471D7627AEE89000644CE2 /* Release */ = {
			isa = XCBuildConfiguration;
			buildSettings = {
				ALWAYS_SEARCH_USER_PATHS = NO;
				CLANG_ANALYZER_NONNULL = YES;
				CLANG_ANALYZER_NUMBER_OBJECT_CONVERSION = YES_AGGRESSIVE;
				CLANG_CXX_LANGUAGE_STANDARD = "gnu++17";
				CLANG_CXX_LIBRARY = "libc++";
				CLANG_ENABLE_MODULES = YES;
				CLANG_ENABLE_OBJC_ARC = YES;
				CLANG_ENABLE_OBJC_WEAK = YES;
				CLANG_WARN_BLOCK_CAPTURE_AUTORELEASING = YES;
				CLANG_WARN_BOOL_CONVERSION = YES;
				CLANG_WARN_COMMA = YES;
				CLANG_WARN_CONSTANT_CONVERSION = YES;
				CLANG_WARN_DEPRECATED_OBJC_IMPLEMENTATIONS = YES;
				CLANG_WARN_DIRECT_OBJC_ISA_USAGE = YES_ERROR;
				CLANG_WARN_DOCUMENTATION_COMMENTS = YES;
				CLANG_WARN_EMPTY_BODY = YES;
				CLANG_WARN_ENUM_CONVERSION = YES;
				CLANG_WARN_INFINITE_RECURSION = YES;
				CLANG_WARN_INT_CONVERSION = YES;
				CLANG_WARN_NON_LITERAL_NULL_CONVERSION = YES;
				CLANG_WARN_OBJC_IMPLICIT_RETAIN_SELF = YES;
				CLANG_WARN_OBJC_LITERAL_CONVERSION = YES;
				CLANG_WARN_OBJC_ROOT_CLASS = YES_ERROR;
				CLANG_WARN_QUOTED_INCLUDE_IN_FRAMEWORK_HEADER = YES;
				CLANG_WARN_RANGE_LOOP_ANALYSIS = YES;
				CLANG_WARN_STRICT_PROTOTYPES = YES;
				CLANG_WARN_SUSPICIOUS_MOVE = YES;
				CLANG_WARN_UNGUARDED_AVAILABILITY = YES_AGGRESSIVE;
				CLANG_WARN_UNREACHABLE_CODE = YES;
				CLANG_WARN__DUPLICATE_METHOD_MATCH = YES;
				COPY_PHASE_STRIP = NO;
				CURRENT_PROJECT_VERSION = 9;
				DEBUG_INFORMATION_FORMAT = "dwarf-with-dsym";
				ENABLE_NS_ASSERTIONS = NO;
				ENABLE_STRICT_OBJC_MSGSEND = YES;
				GCC_C_LANGUAGE_STANDARD = gnu11;
				GCC_NO_COMMON_BLOCKS = YES;
				GCC_WARN_64_TO_32_BIT_CONVERSION = YES;
				GCC_WARN_ABOUT_RETURN_TYPE = YES_ERROR;
				GCC_WARN_UNDECLARED_SELECTOR = YES;
				GCC_WARN_UNINITIALIZED_AUTOS = YES_AGGRESSIVE;
				GCC_WARN_UNUSED_FUNCTION = YES;
				GCC_WARN_UNUSED_VARIABLE = YES;
				INFOPLIST_FILE = timetable/Info.plist;
				IPHONEOS_DEPLOYMENT_TARGET = 15.0;
				MTL_ENABLE_DEBUG_INFO = NO;
				MTL_FAST_MATH = YES;
				SDKROOT = iphoneos;
				SWIFT_COMPILATION_MODE = wholemodule;
				SWIFT_OPTIMIZATION_LEVEL = "-O";
				VALIDATE_PRODUCT = YES;
				VERSIONING_SYSTEM = "apple-generic";
				VERSION_INFO_PREFIX = "";
			};
			name = Release;
		};
		0B471D8727AEE99900644CE2 /* Debug */ = {
			isa = XCBuildConfiguration;
			buildSettings = {
				CLANG_ENABLE_MODULES = YES;
				CODE_SIGN_IDENTITY = "Apple Development";
				CODE_SIGN_STYLE = Automatic;
				COMBINE_HIDPI_IMAGES = YES;
				CURRENT_PROJECT_VERSION = 9;
				DEFINES_MODULE = YES;
				DEVELOPMENT_TEAM = C434CHPZ37;
				DYLIB_COMPATIBILITY_VERSION = 1;
				DYLIB_CURRENT_VERSION = 9;
				DYLIB_INSTALL_NAME_BASE = "@rpath";
				GENERATE_INFOPLIST_FILE = YES;
				INFOPLIST_KEY_NSHumanReadableCopyright = "";
				INSTALL_PATH = "$(LOCAL_LIBRARY_DIR)/Frameworks";
				LD_RUNPATH_SEARCH_PATHS = (
					"$(inherited)",
					"@executable_path/../Frameworks",
					"@loader_path/Frameworks",
				);
				MACOSX_DEPLOYMENT_TARGET = 11.5;
				MARKETING_VERSION = 1.0;
				PRODUCT_BUNDLE_IDENTIFIER = com.hoffsilva.timetable.Domain;
				PRODUCT_NAME = "$(TARGET_NAME:c99extidentifier)";
				PROVISIONING_PROFILE_SPECIFIER = "";
				SDKROOT = macosx;
				SKIP_INSTALL = YES;
				SUPPORTED_PLATFORMS = "macosx iphoneos iphonesimulator";
				SWIFT_EMIT_LOC_STRINGS = YES;
				SWIFT_OPTIMIZATION_LEVEL = "-Onone";
				SWIFT_VERSION = 5.0;
			};
			name = Debug;
		};
		0B471D8827AEE99900644CE2 /* Release */ = {
			isa = XCBuildConfiguration;
			buildSettings = {
				CLANG_ENABLE_MODULES = YES;
				CODE_SIGN_IDENTITY = "Apple Development";
				CODE_SIGN_STYLE = Automatic;
				COMBINE_HIDPI_IMAGES = YES;
				CURRENT_PROJECT_VERSION = 9;
				DEFINES_MODULE = YES;
				DEVELOPMENT_TEAM = C434CHPZ37;
				DYLIB_COMPATIBILITY_VERSION = 1;
				DYLIB_CURRENT_VERSION = 9;
				DYLIB_INSTALL_NAME_BASE = "@rpath";
				GENERATE_INFOPLIST_FILE = YES;
				INFOPLIST_KEY_NSHumanReadableCopyright = "";
				INSTALL_PATH = "$(LOCAL_LIBRARY_DIR)/Frameworks";
				LD_RUNPATH_SEARCH_PATHS = (
					"$(inherited)",
					"@executable_path/../Frameworks",
					"@loader_path/Frameworks",
				);
				MACOSX_DEPLOYMENT_TARGET = 11.5;
				MARKETING_VERSION = 1.0;
				PRODUCT_BUNDLE_IDENTIFIER = com.hoffsilva.timetable.Domain;
				PRODUCT_NAME = "$(TARGET_NAME:c99extidentifier)";
				PROVISIONING_PROFILE_SPECIFIER = "";
				SDKROOT = macosx;
				SKIP_INSTALL = YES;
				SUPPORTED_PLATFORMS = "macosx iphoneos iphonesimulator";
				SWIFT_EMIT_LOC_STRINGS = YES;
				SWIFT_VERSION = 5.0;
			};
			name = Release;
		};
		0B471DAB27AEEAA400644CE2 /* Debug */ = {
			isa = XCBuildConfiguration;
			buildSettings = {
				CODE_SIGN_IDENTITY = "Apple Development";
				CODE_SIGN_STYLE = Automatic;
				COMBINE_HIDPI_IMAGES = YES;
				CURRENT_PROJECT_VERSION = 9;
				DEFINES_MODULE = YES;
				DEVELOPMENT_TEAM = C434CHPZ37;
				DYLIB_COMPATIBILITY_VERSION = 1;
				DYLIB_CURRENT_VERSION = 9;
				DYLIB_INSTALL_NAME_BASE = "@rpath";
				GENERATE_INFOPLIST_FILE = YES;
				INFOPLIST_KEY_NSHumanReadableCopyright = "";
				INSTALL_PATH = "$(LOCAL_LIBRARY_DIR)/Frameworks";
				LD_RUNPATH_SEARCH_PATHS = (
					"$(inherited)",
					"@executable_path/../Frameworks",
					"@loader_path/Frameworks",
				);
				MACOSX_DEPLOYMENT_TARGET = 11.5;
				MARKETING_VERSION = 1.0;
				PRODUCT_BUNDLE_IDENTIFIER = com.hoffsilva.timetable.Data;
				PRODUCT_NAME = "$(TARGET_NAME:c99extidentifier)";
				PROVISIONING_PROFILE_SPECIFIER = "";
				SDKROOT = macosx;
				SKIP_INSTALL = YES;
				SUPPORTED_PLATFORMS = "macosx iphoneos iphonesimulator";
				SWIFT_EMIT_LOC_STRINGS = YES;
				SWIFT_VERSION = 5.0;
			};
			name = Debug;
		};
		0B471DAC27AEEAA400644CE2 /* Release */ = {
			isa = XCBuildConfiguration;
			buildSettings = {
				CODE_SIGN_IDENTITY = "Apple Development";
				CODE_SIGN_STYLE = Automatic;
				COMBINE_HIDPI_IMAGES = YES;
				CURRENT_PROJECT_VERSION = 9;
				DEFINES_MODULE = YES;
				DEVELOPMENT_TEAM = C434CHPZ37;
				DYLIB_COMPATIBILITY_VERSION = 1;
				DYLIB_CURRENT_VERSION = 9;
				DYLIB_INSTALL_NAME_BASE = "@rpath";
				GENERATE_INFOPLIST_FILE = YES;
				INFOPLIST_KEY_NSHumanReadableCopyright = "";
				INSTALL_PATH = "$(LOCAL_LIBRARY_DIR)/Frameworks";
				LD_RUNPATH_SEARCH_PATHS = (
					"$(inherited)",
					"@executable_path/../Frameworks",
					"@loader_path/Frameworks",
				);
				MACOSX_DEPLOYMENT_TARGET = 11.5;
				MARKETING_VERSION = 1.0;
				PRODUCT_BUNDLE_IDENTIFIER = com.hoffsilva.timetable.Data;
				PRODUCT_NAME = "$(TARGET_NAME:c99extidentifier)";
				PROVISIONING_PROFILE_SPECIFIER = "";
				SDKROOT = macosx;
				SKIP_INSTALL = YES;
				SUPPORTED_PLATFORMS = "macosx iphoneos iphonesimulator";
				SWIFT_EMIT_LOC_STRINGS = YES;
				SWIFT_VERSION = 5.0;
			};
			name = Release;
		};
		0B471DAE27AEEAA400644CE2 /* Debug */ = {
			isa = XCBuildConfiguration;
			buildSettings = {
				ALWAYS_EMBED_SWIFT_STANDARD_LIBRARIES = YES;
				CODE_SIGN_IDENTITY = "-";
				CODE_SIGN_STYLE = Automatic;
				CURRENT_PROJECT_VERSION = 9;
				DEVELOPMENT_TEAM = C434CHPZ37;
				GENERATE_INFOPLIST_FILE = YES;
				MACOSX_DEPLOYMENT_TARGET = 11.5;
				MARKETING_VERSION = 1.0;
				PRODUCT_BUNDLE_IDENTIFIER = com.hoffsilva.DataTests;
				PRODUCT_NAME = "$(TARGET_NAME)";
				SDKROOT = macosx;
				SUPPORTED_PLATFORMS = "macosx iphonesimulator iphoneos";
				SWIFT_EMIT_LOC_STRINGS = NO;
				SWIFT_VERSION = 5.0;
			};
			name = Debug;
		};
		0B471DAF27AEEAA400644CE2 /* Release */ = {
			isa = XCBuildConfiguration;
			buildSettings = {
				ALWAYS_EMBED_SWIFT_STANDARD_LIBRARIES = YES;
				CODE_SIGN_IDENTITY = "-";
				CODE_SIGN_STYLE = Automatic;
				CURRENT_PROJECT_VERSION = 9;
				DEVELOPMENT_TEAM = C434CHPZ37;
				GENERATE_INFOPLIST_FILE = YES;
				MACOSX_DEPLOYMENT_TARGET = 11.5;
				MARKETING_VERSION = 1.0;
				PRODUCT_BUNDLE_IDENTIFIER = com.hoffsilva.DataTests;
				PRODUCT_NAME = "$(TARGET_NAME)";
				SDKROOT = macosx;
				SUPPORTED_PLATFORMS = "macosx iphonesimulator iphoneos";
				SWIFT_EMIT_LOC_STRINGS = NO;
				SWIFT_VERSION = 5.0;
			};
			name = Release;
		};
		0B471DEB27AEEF2A00644CE2 /* Debug */ = {
			isa = XCBuildConfiguration;
			buildSettings = {
				CLANG_ENABLE_MODULES = YES;
				CODE_SIGN_IDENTITY = "Apple Development";
				CODE_SIGN_STYLE = Automatic;
				COMBINE_HIDPI_IMAGES = YES;
				CURRENT_PROJECT_VERSION = 9;
				DEFINES_MODULE = YES;
				DEVELOPMENT_TEAM = C434CHPZ37;
				DYLIB_COMPATIBILITY_VERSION = 1;
				DYLIB_CURRENT_VERSION = 9;
				DYLIB_INSTALL_NAME_BASE = "@rpath";
				GENERATE_INFOPLIST_FILE = YES;
				INFOPLIST_KEY_NSHumanReadableCopyright = "";
				INSTALL_PATH = "$(LOCAL_LIBRARY_DIR)/Frameworks";
				LD_RUNPATH_SEARCH_PATHS = (
					"$(inherited)",
					"@executable_path/../Frameworks",
					"@loader_path/Frameworks",
				);
				MACOSX_DEPLOYMENT_TARGET = 11.5;
				MARKETING_VERSION = 1.0;
				PRODUCT_BUNDLE_IDENTIFIER = com.hoffsilva.timetable.Presentation;
				PRODUCT_NAME = "$(TARGET_NAME:c99extidentifier)";
				PROVISIONING_PROFILE_SPECIFIER = "";
				SDKROOT = macosx;
				SKIP_INSTALL = YES;
				SUPPORTED_PLATFORMS = "macosx iphonesimulator iphoneos";
				SWIFT_EMIT_LOC_STRINGS = YES;
				SWIFT_OPTIMIZATION_LEVEL = "-Onone";
				SWIFT_VERSION = 5.0;
			};
			name = Debug;
		};
		0B471DEC27AEEF2A00644CE2 /* Release */ = {
			isa = XCBuildConfiguration;
			buildSettings = {
				CLANG_ENABLE_MODULES = YES;
				CODE_SIGN_IDENTITY = "Apple Development";
				CODE_SIGN_STYLE = Automatic;
				COMBINE_HIDPI_IMAGES = YES;
				CURRENT_PROJECT_VERSION = 9;
				DEFINES_MODULE = YES;
				DEVELOPMENT_TEAM = C434CHPZ37;
				DYLIB_COMPATIBILITY_VERSION = 1;
				DYLIB_CURRENT_VERSION = 9;
				DYLIB_INSTALL_NAME_BASE = "@rpath";
				GENERATE_INFOPLIST_FILE = YES;
				INFOPLIST_KEY_NSHumanReadableCopyright = "";
				INSTALL_PATH = "$(LOCAL_LIBRARY_DIR)/Frameworks";
				LD_RUNPATH_SEARCH_PATHS = (
					"$(inherited)",
					"@executable_path/../Frameworks",
					"@loader_path/Frameworks",
				);
				MACOSX_DEPLOYMENT_TARGET = 11.5;
				MARKETING_VERSION = 1.0;
				PRODUCT_BUNDLE_IDENTIFIER = com.hoffsilva.timetable.Presentation;
				PRODUCT_NAME = "$(TARGET_NAME:c99extidentifier)";
				PROVISIONING_PROFILE_SPECIFIER = "";
				SDKROOT = macosx;
				SKIP_INSTALL = YES;
				SUPPORTED_PLATFORMS = "macosx iphonesimulator iphoneos";
				SWIFT_EMIT_LOC_STRINGS = YES;
				SWIFT_VERSION = 5.0;
			};
			name = Release;
		};
		0B471DEE27AEEF2A00644CE2 /* Debug */ = {
			isa = XCBuildConfiguration;
			buildSettings = {
				ALWAYS_EMBED_SWIFT_STANDARD_LIBRARIES = YES;
				CODE_SIGN_IDENTITY = "-";
				CODE_SIGN_STYLE = Automatic;
				CURRENT_PROJECT_VERSION = 9;
				DEVELOPMENT_TEAM = C434CHPZ37;
				GENERATE_INFOPLIST_FILE = YES;
				MACOSX_DEPLOYMENT_TARGET = 11.5;
				MARKETING_VERSION = 1.0;
				PRODUCT_BUNDLE_IDENTIFIER = com.hoffsilva.PresentationTests;
				PRODUCT_NAME = "$(TARGET_NAME)";
				SDKROOT = macosx;
				SUPPORTED_PLATFORMS = "macosx iphoneos iphonesimulator";
				SWIFT_EMIT_LOC_STRINGS = NO;
				SWIFT_VERSION = 5.0;
			};
			name = Debug;
		};
		0B471DEF27AEEF2A00644CE2 /* Release */ = {
			isa = XCBuildConfiguration;
			buildSettings = {
				ALWAYS_EMBED_SWIFT_STANDARD_LIBRARIES = YES;
				CODE_SIGN_IDENTITY = "-";
				CODE_SIGN_STYLE = Automatic;
				CURRENT_PROJECT_VERSION = 9;
				DEVELOPMENT_TEAM = C434CHPZ37;
				GENERATE_INFOPLIST_FILE = YES;
				MACOSX_DEPLOYMENT_TARGET = 11.5;
				MARKETING_VERSION = 1.0;
				PRODUCT_BUNDLE_IDENTIFIER = com.hoffsilva.PresentationTests;
				PRODUCT_NAME = "$(TARGET_NAME)";
				SDKROOT = macosx;
				SUPPORTED_PLATFORMS = "macosx iphoneos iphonesimulator";
				SWIFT_EMIT_LOC_STRINGS = NO;
				SWIFT_VERSION = 5.0;
			};
			name = Release;
		};
		0B471E0B27AEF07100644CE2 /* Debug */ = {
			isa = XCBuildConfiguration;
			buildSettings = {
				CLANG_ENABLE_MODULES = YES;
				CODE_SIGN_IDENTITY = "Apple Development";
				CODE_SIGN_STYLE = Automatic;
				COMBINE_HIDPI_IMAGES = YES;
				CURRENT_PROJECT_VERSION = 9;
				DEFINES_MODULE = YES;
				DEVELOPMENT_TEAM = C434CHPZ37;
				DYLIB_COMPATIBILITY_VERSION = 1;
				DYLIB_CURRENT_VERSION = 9;
				DYLIB_INSTALL_NAME_BASE = "@rpath";
				GENERATE_INFOPLIST_FILE = YES;
				INFOPLIST_KEY_NSCalendarsUsageDescription = "";
				INFOPLIST_KEY_NSHumanReadableCopyright = "";
				INSTALL_PATH = "$(LOCAL_LIBRARY_DIR)/Frameworks";
				LD_RUNPATH_SEARCH_PATHS = (
					"$(inherited)",
					"@executable_path/../Frameworks",
					"@loader_path/Frameworks",
				);
				MACOSX_DEPLOYMENT_TARGET = 11.5;
				MARKETING_VERSION = 1.0;
				PRODUCT_BUNDLE_IDENTIFIER = com.hoffsilva.timetable.UI;
				PRODUCT_NAME = "$(TARGET_NAME:c99extidentifier)";
				PROVISIONING_PROFILE_SPECIFIER = "";
				SDKROOT = macosx;
				SKIP_INSTALL = YES;
				SUPPORTED_PLATFORMS = "macosx iphoneos iphonesimulator";
				SWIFT_EMIT_LOC_STRINGS = YES;
				SWIFT_OPTIMIZATION_LEVEL = "-Onone";
				SWIFT_VERSION = 5.0;
			};
			name = Debug;
		};
		0B471E0C27AEF07100644CE2 /* Release */ = {
			isa = XCBuildConfiguration;
			buildSettings = {
				CLANG_ENABLE_MODULES = YES;
				CODE_SIGN_IDENTITY = "Apple Development";
				CODE_SIGN_STYLE = Automatic;
				COMBINE_HIDPI_IMAGES = YES;
				CURRENT_PROJECT_VERSION = 9;
				DEFINES_MODULE = YES;
				DEVELOPMENT_TEAM = C434CHPZ37;
				DYLIB_COMPATIBILITY_VERSION = 1;
				DYLIB_CURRENT_VERSION = 9;
				DYLIB_INSTALL_NAME_BASE = "@rpath";
				GENERATE_INFOPLIST_FILE = YES;
				INFOPLIST_KEY_NSCalendarsUsageDescription = "";
				INFOPLIST_KEY_NSHumanReadableCopyright = "";
				INSTALL_PATH = "$(LOCAL_LIBRARY_DIR)/Frameworks";
				LD_RUNPATH_SEARCH_PATHS = (
					"$(inherited)",
					"@executable_path/../Frameworks",
					"@loader_path/Frameworks",
				);
				MACOSX_DEPLOYMENT_TARGET = 11.5;
				MARKETING_VERSION = 1.0;
				PRODUCT_BUNDLE_IDENTIFIER = com.hoffsilva.timetable.UI;
				PRODUCT_NAME = "$(TARGET_NAME:c99extidentifier)";
				PROVISIONING_PROFILE_SPECIFIER = "";
				SDKROOT = macosx;
				SKIP_INSTALL = YES;
				SUPPORTED_PLATFORMS = "macosx iphoneos iphonesimulator";
				SWIFT_EMIT_LOC_STRINGS = YES;
				SWIFT_VERSION = 5.0;
			};
			name = Release;
		};
		0B471E0E27AEF07100644CE2 /* Debug */ = {
			isa = XCBuildConfiguration;
			buildSettings = {
				ALWAYS_EMBED_SWIFT_STANDARD_LIBRARIES = YES;
				CODE_SIGN_IDENTITY = "-";
				CODE_SIGN_STYLE = Automatic;
				CURRENT_PROJECT_VERSION = 9;
				DEVELOPMENT_TEAM = C434CHPZ37;
				GENERATE_INFOPLIST_FILE = YES;
				MACOSX_DEPLOYMENT_TARGET = 11.5;
				MARKETING_VERSION = 1.0;
				PRODUCT_BUNDLE_IDENTIFIER = com.hoffsilva.UITests;
				PRODUCT_NAME = "$(TARGET_NAME)";
				SDKROOT = macosx;
				SUPPORTED_PLATFORMS = "macosx iphoneos iphonesimulator";
				SWIFT_EMIT_LOC_STRINGS = NO;
				SWIFT_VERSION = 5.0;
			};
			name = Debug;
		};
		0B471E0F27AEF07100644CE2 /* Release */ = {
			isa = XCBuildConfiguration;
			buildSettings = {
				ALWAYS_EMBED_SWIFT_STANDARD_LIBRARIES = YES;
				CODE_SIGN_IDENTITY = "-";
				CODE_SIGN_STYLE = Automatic;
				CURRENT_PROJECT_VERSION = 9;
				DEVELOPMENT_TEAM = C434CHPZ37;
				GENERATE_INFOPLIST_FILE = YES;
				MACOSX_DEPLOYMENT_TARGET = 11.5;
				MARKETING_VERSION = 1.0;
				PRODUCT_BUNDLE_IDENTIFIER = com.hoffsilva.UITests;
				PRODUCT_NAME = "$(TARGET_NAME)";
				SDKROOT = macosx;
				SUPPORTED_PLATFORMS = "macosx iphoneos iphonesimulator";
				SWIFT_EMIT_LOC_STRINGS = NO;
				SWIFT_VERSION = 5.0;
			};
			name = Release;
		};
		0B471E7027AEF36000644CE2 /* Debug */ = {
			isa = XCBuildConfiguration;
			buildSettings = {
				ASSETCATALOG_COMPILER_APPICON_NAME = AppIconBlack;
				ASSETCATALOG_COMPILER_GLOBAL_ACCENT_COLOR_NAME = AccentColor;
				ASSETCATALOG_COMPILER_INCLUDE_ALL_APPICON_ASSETS = YES;
				CLANG_ENABLE_MODULES = YES;
				CODE_SIGN_IDENTITY = "Apple Development";
				CODE_SIGN_STYLE = Automatic;
				CURRENT_PROJECT_VERSION = 32;
				DEVELOPMENT_TEAM = C434CHPZ37;
				GENERATE_INFOPLIST_FILE = YES;
				INFOPLIST_FILE = timetable/Info.plist;
				INFOPLIST_KEY_NSCalendarsUsageDescription = "";
				INFOPLIST_KEY_UIApplicationSupportsIndirectInputEvents = YES;
				INFOPLIST_KEY_UILaunchStoryboardName = LaunchScreen;
				INFOPLIST_KEY_UISupportedInterfaceOrientations = UIInterfaceOrientationPortrait;
				INFOPLIST_KEY_UISupportedInterfaceOrientations_iPad = UIInterfaceOrientationPortrait;
				INFOPLIST_KEY_UISupportedInterfaceOrientations_iPhone = UIInterfaceOrientationPortrait;
				INFOPLIST_KEY_UIUserInterfaceStyle = Light;
				IPHONEOS_DEPLOYMENT_TARGET = 15.0;
				LD_RUNPATH_SEARCH_PATHS = (
					"$(inherited)",
					"@executable_path/Frameworks",
				);
				MARKETING_VERSION = 1.0;
				PRODUCT_BUNDLE_IDENTIFIER = com.hoffsilva.timetable;
				PRODUCT_NAME = "$(TARGET_NAME)";
				PROVISIONING_PROFILE_SPECIFIER = "";
				SWIFT_EMIT_LOC_STRINGS = YES;
				SWIFT_OBJC_BRIDGING_HEADER = "timetable/timetable-Bridging-Header.h";
				SWIFT_OPTIMIZATION_LEVEL = "-Onone";
				SWIFT_VERSION = 5.0;
				TARGETED_DEVICE_FAMILY = 1;
			};
			name = Debug;
		};
		0B471E7127AEF36000644CE2 /* Release */ = {
			isa = XCBuildConfiguration;
			buildSettings = {
				ASSETCATALOG_COMPILER_APPICON_NAME = AppIconBlack;
				ASSETCATALOG_COMPILER_GLOBAL_ACCENT_COLOR_NAME = AccentColor;
				ASSETCATALOG_COMPILER_INCLUDE_ALL_APPICON_ASSETS = YES;
				CLANG_ENABLE_MODULES = YES;
				CODE_SIGN_IDENTITY = "Apple Development";
				CODE_SIGN_STYLE = Automatic;
				CURRENT_PROJECT_VERSION = 32;
				DEVELOPMENT_TEAM = C434CHPZ37;
				GENERATE_INFOPLIST_FILE = YES;
				INFOPLIST_FILE = timetable/Info.plist;
				INFOPLIST_KEY_NSCalendarsUsageDescription = "";
				INFOPLIST_KEY_UIApplicationSupportsIndirectInputEvents = YES;
				INFOPLIST_KEY_UILaunchStoryboardName = LaunchScreen;
				INFOPLIST_KEY_UISupportedInterfaceOrientations = UIInterfaceOrientationPortrait;
				INFOPLIST_KEY_UISupportedInterfaceOrientations_iPad = UIInterfaceOrientationPortrait;
				INFOPLIST_KEY_UISupportedInterfaceOrientations_iPhone = UIInterfaceOrientationPortrait;
				INFOPLIST_KEY_UIUserInterfaceStyle = Light;
				IPHONEOS_DEPLOYMENT_TARGET = 15.0;
				LD_RUNPATH_SEARCH_PATHS = (
					"$(inherited)",
					"@executable_path/Frameworks",
				);
				MARKETING_VERSION = 1.0;
				PRODUCT_BUNDLE_IDENTIFIER = com.hoffsilva.timetable;
				PRODUCT_NAME = "$(TARGET_NAME)";
				PROVISIONING_PROFILE_SPECIFIER = "";
				SWIFT_EMIT_LOC_STRINGS = YES;
				SWIFT_OBJC_BRIDGING_HEADER = "timetable/timetable-Bridging-Header.h";
				SWIFT_VERSION = 5.0;
				TARGETED_DEVICE_FAMILY = 1;
			};
			name = Release;
		};
/* End XCBuildConfiguration section */

/* Begin XCConfigurationList section */
		0B471D5F27AEE88F00644CE2 /* Build configuration list for PBXProject "timetable" */ = {
			isa = XCConfigurationList;
			buildConfigurations = (
				0B471D7527AEE89000644CE2 /* Debug */,
				0B471D7627AEE89000644CE2 /* Release */,
			);
			defaultConfigurationIsVisible = 0;
			defaultConfigurationName = Release;
		};
		0B471D8627AEE99900644CE2 /* Build configuration list for PBXNativeTarget "Domain" */ = {
			isa = XCConfigurationList;
			buildConfigurations = (
				0B471D8727AEE99900644CE2 /* Debug */,
				0B471D8827AEE99900644CE2 /* Release */,
			);
			defaultConfigurationIsVisible = 0;
			defaultConfigurationName = Release;
		};
		0B471DAA27AEEAA400644CE2 /* Build configuration list for PBXNativeTarget "Data" */ = {
			isa = XCConfigurationList;
			buildConfigurations = (
				0B471DAB27AEEAA400644CE2 /* Debug */,
				0B471DAC27AEEAA400644CE2 /* Release */,
			);
			defaultConfigurationIsVisible = 0;
			defaultConfigurationName = Release;
		};
		0B471DAD27AEEAA400644CE2 /* Build configuration list for PBXNativeTarget "DataTests" */ = {
			isa = XCConfigurationList;
			buildConfigurations = (
				0B471DAE27AEEAA400644CE2 /* Debug */,
				0B471DAF27AEEAA400644CE2 /* Release */,
			);
			defaultConfigurationIsVisible = 0;
			defaultConfigurationName = Release;
		};
		0B471DEA27AEEF2A00644CE2 /* Build configuration list for PBXNativeTarget "Presentation" */ = {
			isa = XCConfigurationList;
			buildConfigurations = (
				0B471DEB27AEEF2A00644CE2 /* Debug */,
				0B471DEC27AEEF2A00644CE2 /* Release */,
			);
			defaultConfigurationIsVisible = 0;
			defaultConfigurationName = Release;
		};
		0B471DED27AEEF2A00644CE2 /* Build configuration list for PBXNativeTarget "PresentationTests" */ = {
			isa = XCConfigurationList;
			buildConfigurations = (
				0B471DEE27AEEF2A00644CE2 /* Debug */,
				0B471DEF27AEEF2A00644CE2 /* Release */,
			);
			defaultConfigurationIsVisible = 0;
			defaultConfigurationName = Release;
		};
		0B471E0A27AEF07100644CE2 /* Build configuration list for PBXNativeTarget "UI" */ = {
			isa = XCConfigurationList;
			buildConfigurations = (
				0B471E0B27AEF07100644CE2 /* Debug */,
				0B471E0C27AEF07100644CE2 /* Release */,
			);
			defaultConfigurationIsVisible = 0;
			defaultConfigurationName = Release;
		};
		0B471E0D27AEF07100644CE2 /* Build configuration list for PBXNativeTarget "UITests" */ = {
			isa = XCConfigurationList;
			buildConfigurations = (
				0B471E0E27AEF07100644CE2 /* Debug */,
				0B471E0F27AEF07100644CE2 /* Release */,
			);
			defaultConfigurationIsVisible = 0;
			defaultConfigurationName = Release;
		};
		0B471E6F27AEF36000644CE2 /* Build configuration list for PBXNativeTarget "timetable" */ = {
			isa = XCConfigurationList;
			buildConfigurations = (
				0B471E7027AEF36000644CE2 /* Debug */,
				0B471E7127AEF36000644CE2 /* Release */,
			);
			defaultConfigurationIsVisible = 0;
			defaultConfigurationName = Release;
		};
/* End XCConfigurationList section */
	};
	rootObject = 0B471D5C27AEE88F00644CE2 /* Project object */;
}
