{
  "object": {
    "pins": [
      {
        "package": "LocalazyPackage",
        "repositoryURL": "https://github.com/localazy/localazy-swift",
        "state": {
          "branch": null,
          "revision": "921b29345b92919ed190be8ec88512e00191e624",
          "version": "0.1.7"
        }
      },
      {
        "package": "Resolver",
        "repositoryURL": "https://github.com/hmlongco/Resolver.git",
        "state": {
          "branch": null,
          "revision": "97de0b0320036607564af4a60025b48f8d041221",
          "version": "1.5.0"
        }
      }
    ]
  },
  "version": 1
}
