// !$*UTF8*$!
{
	archiveVersion = 1;
	classes = {
	};
	objectVersion = 50;
	objects = {

/* Begin PBXBuildFile section */
		0B745BE02669935500A3AB19 /* CalendarUnitTests.swift in Sources */ = {isa = PBXBuildFile; fileRef = 0B745BDF2669935500A3AB19 /* CalendarUnitTests.swift */; };
		0B745BEC266995C800A3AB19 /* Event.swift in Sources */ = {isa = PBXBuildFile; fileRef = 0B745BEB266995C800A3AB19 /* Event.swift */; };
		0B745BEE266996C600A3AB19 /* Location.swift in Sources */ = {isa = PBXBuildFile; fileRef = 0B745BED266996C600A3AB19 /* Location.swift */; };
		0BF3C97B265F17F1009C393F /* CalendarApp.swift in Sources */ = {isa = PBXBuildFile; fileRef = 0BF3C97A265F17F1009C393F /* CalendarApp.swift */; };
		0BF3C97D265F17F1009C393F /* ContentView.swift in Sources */ = {isa = PBXBuildFile; fileRef = 0BF3C97C265F17F1009C393F /* ContentView.swift */; };
		0BF3C97F265F17F3009C393F /* Assets.xcassets in Resources */ = {isa = PBXBuildFile; fileRef = 0BF3C97E265F17F3009C393F /* Assets.xcassets */; };
		0BF3C982265F17F3009C393F /* Preview Assets.xcassets in Resources */ = {isa = PBXBuildFile; fileRef = 0BF3C981265F17F3009C393F /* Preview Assets.xcassets */; };
/* End PBXBuildFile section */

/* Begin PBXContainerItemProxy section */
		0B745BE22669935500A3AB19 /* PBXContainerItemProxy */ = {
			isa = PBXContainerItemProxy;
			containerPortal = 0BF3C96F265F17F1009C393F /* Project object */;
			proxyType = 1;
			remoteGlobalIDString = 0BF3C976265F17F1009C393F;
			remoteInfo = Calendar;
		};
/* End PBXContainerItemProxy section */

/* Begin PBXFileReference section */
		0B745BDD2669935500A3AB19 /* CalendarUnitTests.xctest */ = {isa = PBXFileReference; explicitFileType = wrapper.cfbundle; includeInIndex = 0; path = CalendarUnitTests.xctest; sourceTree = BUILT_PRODUCTS_DIR; };
		0B745BDF2669935500A3AB19 /* CalendarUnitTests.swift */ = {isa = PBXFileReference; lastKnownFileType = sourcecode.swift; path = CalendarUnitTests.swift; sourceTree = "<group>"; };
		0B745BE12669935500A3AB19 /* Info.plist */ = {isa = PBXFileReference; lastKnownFileType = text.plist.xml; path = Info.plist; sourceTree = "<group>"; };
		0B745BEB266995C800A3AB19 /* Event.swift */ = {isa = PBXFileReference; lastKnownFileType = sourcecode.swift; path = Event.swift; sourceTree = "<group>"; };
		0B745BED266996C600A3AB19 /* Location.swift */ = {isa = PBXFileReference; lastKnownFileType = sourcecode.swift; path = Location.swift; sourceTree = "<group>"; };
		0BF3C977265F17F1009C393F /* Calendar.app */ = {isa = PBXFileReference; explicitFileType = wrapper.application; includeInIndex = 0; path = Calendar.app; sourceTree = BUILT_PRODUCTS_DIR; };
		0BF3C97A265F17F1009C393F /* CalendarApp.swift */ = {isa = PBXFileReference; lastKnownFileType = sourcecode.swift; path = CalendarApp.swift; sourceTree = "<group>"; };
		0BF3C97C265F17F1009C393F /* ContentView.swift */ = {isa = PBXFileReference; lastKnownFileType = sourcecode.swift; path = ContentView.swift; sourceTree = "<group>"; };
		0BF3C97E265F17F3009C393F /* Assets.xcassets */ = {isa = PBXFileReference; lastKnownFileType = folder.assetcatalog; path = Assets.xcassets; sourceTree = "<group>"; };
		0BF3C981265F17F3009C393F /* Preview Assets.xcassets */ = {isa = PBXFileReference; lastKnownFileType = folder.assetcatalog; path = "Preview Assets.xcassets"; sourceTree = "<group>"; };
		0BF3C983265F17F3009C393F /* Info.plist */ = {isa = PBXFileReference; lastKnownFileType = text.plist.xml; path = Info.plist; sourceTree = "<group>"; };
/* End PBXFileReference section */

/* Begin PBXFrameworksBuildPhase section */
		0B745BDA2669935500A3AB19 /* Frameworks */ = {
			isa = PBXFrameworksBuildPhase;
			buildActionMask = 2147483647;
			files = (
			);
			runOnlyForDeploymentPostprocessing = 0;
		};
		0BF3C974265F17F1009C393F /* Frameworks */ = {
			isa = PBXFrameworksBuildPhase;
			buildActionMask = 2147483647;
			files = (
			);
			runOnlyForDeploymentPostprocessing = 0;
		};
/* End PBXFrameworksBuildPhase section */

/* Begin PBXGroup section */
		0B745BDE2669935500A3AB19 /* CalendarUnitTests */ = {
			isa = PBXGroup;
			children = (
				0B745BDF2669935500A3AB19 /* CalendarUnitTests.swift */,
				0B745BE12669935500A3AB19 /* Info.plist */,
			);
			path = CalendarUnitTests;
			sourceTree = "<group>";
		};
		0B745BE72669959500A3AB19 /* Data */ = {
			isa = PBXGroup;
			children = (
			);
			path = Data;
			sourceTree = "<group>";
		};
		0B745BE8266995A100A3AB19 /* Domain */ = {
			isa = PBXGroup;
			children = (
				0B745BEA266995B400A3AB19 /* Entities */,
			);
			path = Domain;
			sourceTree = "<group>";
		};
		0B745BE9266995A700A3AB19 /* Presentation */ = {
			isa = PBXGroup;
			children = (
			);
			path = Presentation;
			sourceTree = "<group>";
		};
		0B745BEA266995B400A3AB19 /* Entities */ = {
			isa = PBXGroup;
			children = (
				0B745BEB266995C800A3AB19 /* Event.swift */,
				0B745BED266996C600A3AB19 /* Location.swift */,
			);
			path = Entities;
			sourceTree = "<group>";
		};
		0BF3C96E265F17F1009C393F = {
			isa = PBXGroup;
			children = (
				0BF3C979265F17F1009C393F /* Calendar */,
				0B745BDE2669935500A3AB19 /* CalendarUnitTests */,
				0BF3C978265F17F1009C393F /* Products */,
			);
			sourceTree = "<group>";
		};
		0BF3C978265F17F1009C393F /* Products */ = {
			isa = PBXGroup;
			children = (
				0BF3C977265F17F1009C393F /* Calendar.app */,
				0B745BDD2669935500A3AB19 /* CalendarUnitTests.xctest */,
			);
			name = Products;
			sourceTree = "<group>";
		};
		0BF3C979265F17F1009C393F /* Calendar */ = {
			isa = PBXGroup;
			children = (
				0B745BE9266995A700A3AB19 /* Presentation */,
				0B745BE8266995A100A3AB19 /* Domain */,
				0B745BE72669959500A3AB19 /* Data */,
				0BF3C97A265F17F1009C393F /* CalendarApp.swift */,
				0BF3C97C265F17F1009C393F /* ContentView.swift */,
				0BF3C97E265F17F3009C393F /* Assets.xcassets */,
				0BF3C983265F17F3009C393F /* Info.plist */,
				0BF3C980265F17F3009C393F /* Preview Content */,
			);
			path = Calendar;
			sourceTree = "<group>";
		};
		0BF3C980265F17F3009C393F /* Preview Content */ = {
			isa = PBXGroup;
			children = (
				0BF3C981265F17F3009C393F /* Preview Assets.xcassets */,
			);
			path = "Preview Content";
			sourceTree = "<group>";
		};
/* End PBXGroup section */

/* Begin PBXNativeTarget section */
		0B745BDC2669935500A3AB19 /* CalendarUnitTests */ = {
			isa = PBXNativeTarget;
			buildConfigurationList = 0B745BE62669935500A3AB19 /* Build configuration list for PBXNativeTarget "CalendarUnitTests" */;
			buildPhases = (
				0B745BD92669935500A3AB19 /* Sources */,
				0B745BDA2669935500A3AB19 /* Frameworks */,
				0B745BDB2669935500A3AB19 /* Resources */,
			);
			buildRules = (
			);
			dependencies = (
				0B745BE32669935500A3AB19 /* PBXTargetDependency */,
			);
			name = CalendarUnitTests;
			productName = CalendarUnitTests;
			productReference = 0B745BDD2669935500A3AB19 /* CalendarUnitTests.xctest */;
			productType = "com.apple.product-type.bundle.unit-test";
		};
		0BF3C976265F17F1009C393F /* Calendar */ = {
			isa = PBXNativeTarget;
			buildConfigurationList = 0BF3C986265F17F3009C393F /* Build configuration list for PBXNativeTarget "Calendar" */;
			buildPhases = (
				0BF3C973265F17F1009C393F /* Sources */,
				0BF3C974265F17F1009C393F /* Frameworks */,
				0BF3C975265F17F1009C393F /* Resources */,
			);
			buildRules = (
			);
			dependencies = (
			);
			name = Calendar;
			productName = Calendar;
			productReference = 0BF3C977265F17F1009C393F /* Calendar.app */;
			productType = "com.apple.product-type.application";
		};
/* End PBXNativeTarget section */

/* Begin PBXProject section */
		0BF3C96F265F17F1009C393F /* Project object */ = {
			isa = PBXProject;
			attributes = {
				LastSwiftUpdateCheck = 1250;
				LastUpgradeCheck = 1250;
				TargetAttributes = {
					0B745BDC2669935500A3AB19 = {
						CreatedOnToolsVersion = 12.5;
						TestTargetID = 0BF3C976265F17F1009C393F;
					};
					0BF3C976265F17F1009C393F = {
						CreatedOnToolsVersion = 12.5;
					};
				};
			};
			buildConfigurationList = 0BF3C972265F17F1009C393F /* Build configuration list for PBXProject "Calendar" */;
			compatibilityVersion = "Xcode 9.3";
			developmentRegion = en;
			hasScannedForEncodings = 0;
			knownRegions = (
				en,
				Base,
			);
			mainGroup = 0BF3C96E265F17F1009C393F;
			productRefGroup = 0BF3C978265F17F1009C393F /* Products */;
			projectDirPath = "";
			projectRoot = "";
			targets = (
				0BF3C976265F17F1009C393F /* Calendar */,
				0B745BDC2669935500A3AB19 /* CalendarUnitTests */,
			);
		};
/* End PBXProject section */

/* Begin PBXResourcesBuildPhase section */
		0B745BDB2669935500A3AB19 /* Resources */ = {
			isa = PBXResourcesBuildPhase;
			buildActionMask = 2147483647;
			files = (
			);
			runOnlyForDeploymentPostprocessing = 0;
		};
		0BF3C975265F17F1009C393F /* Resources */ = {
			isa = PBXResourcesBuildPhase;
			buildActionMask = 2147483647;
			files = (
				0BF3C982265F17F3009C393F /* Preview Assets.xcassets in Resources */,
				0BF3C97F265F17F3009C393F /* Assets.xcassets in Resources */,
			);
			runOnlyForDeploymentPostprocessing = 0;
		};
/* End PBXResourcesBuildPhase section */

/* Begin PBXSourcesBuildPhase section */
		0B745BD92669935500A3AB19 /* Sources */ = {
			isa = PBXSourcesBuildPhase;
			buildActionMask = 2147483647;
			files = (
				0B745BE02669935500A3AB19 /* CalendarUnitTests.swift in Sources */,
			);
			runOnlyForDeploymentPostprocessing = 0;
		};
		0BF3C973265F17F1009C393F /* Sources */ = {
			isa = PBXSourcesBuildPhase;
			buildActionMask = 2147483647;
			files = (
				0BF3C97D265F17F1009C393F /* ContentView.swift in Sources */,
				0B745BEC266995C800A3AB19 /* Event.swift in Sources */,
				0B745BEE266996C600A3AB19 /* Location.swift in Sources */,
				0BF3C97B265F17F1009C393F /* CalendarApp.swift in Sources */,
			);
			runOnlyForDeploymentPostprocessing = 0;
		};
/* End PBXSourcesBuildPhase section */

/* Begin PBXTargetDependency section */
		0B745BE32669935500A3AB19 /* PBXTargetDependency */ = {
			isa = PBXTargetDependency;
			target = 0BF3C976265F17F1009C393F /* Calendar */;
			targetProxy = 0B745BE22669935500A3AB19 /* PBXContainerItemProxy */;
		};
/* End PBXTargetDependency section */

/* Begin XCBuildConfiguration section */
		0B745BE42669935500A3AB19 /* Debug */ = {
			isa = XCBuildConfiguration;
			buildSettings = {
				BUNDLE_LOADER = "$(TEST_HOST)";
				CODE_SIGN_STYLE = Automatic;
				DEVELOPMENT_TEAM = C434CHPZ37;
				INFOPLIST_FILE = CalendarUnitTests/Info.plist;
				LD_RUNPATH_SEARCH_PATHS = (
					"$(inherited)",
					"@executable_path/Frameworks",
					"@loader_path/Frameworks",
				);
				PRODUCT_BUNDLE_IDENTIFIER = hoffsilva.CalendarUnitTests;
				PRODUCT_NAME = "$(TARGET_NAME)";
				SWIFT_VERSION = 5.0;
				TARGETED_DEVICE_FAMILY = "1,2";
				TEST_HOST = "$(BUILT_PRODUCTS_DIR)/Calendar.app/Calendar";
			};
			name = Debug;
		};
		0B745BE52669935500A3AB19 /* Release */ = {
			isa = XCBuildConfiguration;
			buildSettings = {
				BUNDLE_LOADER = "$(TEST_HOST)";
				CODE_SIGN_STYLE = Automatic;
				DEVELOPMENT_TEAM = C434CHPZ37;
				INFOPLIST_FILE = CalendarUnitTests/Info.plist;
				LD_RUNPATH_SEARCH_PATHS = (
					"$(inherited)",
					"@executable_path/Frameworks",
					"@loader_path/Frameworks",
				);
				PRODUCT_BUNDLE_IDENTIFIER = hoffsilva.CalendarUnitTests;
				PRODUCT_NAME = "$(TARGET_NAME)";
				SWIFT_VERSION = 5.0;
				TARGETED_DEVICE_FAMILY = "1,2";
				TEST_HOST = "$(BUILT_PRODUCTS_DIR)/Calendar.app/Calendar";
			};
			name = Release;
		};
		0BF3C984265F17F3009C393F /* Debug */ = {
			isa = XCBuildConfiguration;
			buildSettings = {
				ALWAYS_SEARCH_USER_PATHS = NO;
				CLANG_ANALYZER_NONNULL = YES;
				CLANG_ANALYZER_NUMBER_OBJECT_CONVERSION = YES_AGGRESSIVE;
				CLANG_CXX_LANGUAGE_STANDARD = "gnu++14";
				CLANG_CXX_LIBRARY = "libc++";
				CLANG_ENABLE_MODULES = YES;
				CLANG_ENABLE_OBJC_ARC = YES;
				CLANG_ENABLE_OBJC_WEAK = YES;
				CLANG_WARN_BLOCK_CAPTURE_AUTORELEASING = YES;
				CLANG_WARN_BOOL_CONVERSION = YES;
				CLANG_WARN_COMMA = YES;
				CLANG_WARN_CONSTANT_CONVERSION = YES;
				CLANG_WARN_DEPRECATED_OBJC_IMPLEMENTATIONS = YES;
				CLANG_WARN_DIRECT_OBJC_ISA_USAGE = YES_ERROR;
				CLANG_WARN_DOCUMENTATION_COMMENTS = YES;
				CLANG_WARN_EMPTY_BODY = YES;
				CLANG_WARN_ENUM_CONVERSION = YES;
				CLANG_WARN_INFINITE_RECURSION = YES;
				CLANG_WARN_INT_CONVERSION = YES;
				CLANG_WARN_NON_LITERAL_NULL_CONVERSION = YES;
				CLANG_WARN_OBJC_IMPLICIT_RETAIN_SELF = YES;
				CLANG_WARN_OBJC_LITERAL_CONVERSION = YES;
				CLANG_WARN_OBJC_ROOT_CLASS = YES_ERROR;
				CLANG_WARN_QUOTED_INCLUDE_IN_FRAMEWORK_HEADER = YES;
				CLANG_WARN_RANGE_LOOP_ANALYSIS = YES;
				CLANG_WARN_STRICT_PROTOTYPES = YES;
				CLANG_WARN_SUSPICIOUS_MOVE = YES;
				CLANG_WARN_UNGUARDED_AVAILABILITY = YES_AGGRESSIVE;
				CLANG_WARN_UNREACHABLE_CODE = YES;
				CLANG_WARN__DUPLICATE_METHOD_MATCH = YES;
				COPY_PHASE_STRIP = NO;
				DEBUG_INFORMATION_FORMAT = dwarf;
				ENABLE_STRICT_OBJC_MSGSEND = YES;
				ENABLE_TESTABILITY = YES;
				GCC_C_LANGUAGE_STANDARD = gnu11;
				GCC_DYNAMIC_NO_PIC = NO;
				GCC_NO_COMMON_BLOCKS = YES;
				GCC_OPTIMIZATION_LEVEL = 0;
				GCC_PREPROCESSOR_DEFINITIONS = (
					"DEBUG=1",
					"$(inherited)",
				);
				GCC_WARN_64_TO_32_BIT_CONVERSION = YES;
				GCC_WARN_ABOUT_RETURN_TYPE = YES_ERROR;
				GCC_WARN_UNDECLARED_SELECTOR = YES;
				GCC_WARN_UNINITIALIZED_AUTOS = YES_AGGRESSIVE;
				GCC_WARN_UNUSED_FUNCTION = YES;
				GCC_WARN_UNUSED_VARIABLE = YES;
				IPHONEOS_DEPLOYMENT_TARGET = 14.5;
				MTL_ENABLE_DEBUG_INFO = INCLUDE_SOURCE;
				MTL_FAST_MATH = YES;
				ONLY_ACTIVE_ARCH = YES;
				SDKROOT = iphoneos;
				SWIFT_ACTIVE_COMPILATION_CONDITIONS = DEBUG;
				SWIFT_OPTIMIZATION_LEVEL = "-Onone";
			};
			name = Debug;
		};
		0BF3C985265F17F3009C393F /* Release */ = {
			isa = XCBuildConfiguration;
			buildSettings = {
				ALWAYS_SEARCH_USER_PATHS = NO;
				CLANG_ANALYZER_NONNULL = YES;
				CLANG_ANALYZER_NUMBER_OBJECT_CONVERSION = YES_AGGRESSIVE;
				CLANG_CXX_LANGUAGE_STANDARD = "gnu++14";
				CLANG_CXX_LIBRARY = "libc++";
				CLANG_ENABLE_MODULES = YES;
				CLANG_ENABLE_OBJC_ARC = YES;
				CLANG_ENABLE_OBJC_WEAK = YES;
				CLANG_WARN_BLOCK_CAPTURE_AUTORELEASING = YES;
				CLANG_WARN_BOOL_CONVERSION = YES;
				CLANG_WARN_COMMA = YES;
				CLANG_WARN_CONSTANT_CONVERSION = YES;
				CLANG_WARN_DEPRECATED_OBJC_IMPLEMENTATIONS = YES;
				CLANG_WARN_DIRECT_OBJC_ISA_USAGE = YES_ERROR;
				CLANG_WARN_DOCUMENTATION_COMMENTS = YES;
				CLANG_WARN_EMPTY_BODY = YES;
				CLANG_WARN_ENUM_CONVERSION = YES;
				CLANG_WARN_INFINITE_RECURSION = YES;
				CLANG_WARN_INT_CONVERSION = YES;
				CLANG_WARN_NON_LITERAL_NULL_CONVERSION = YES;
				CLANG_WARN_OBJC_IMPLICIT_RETAIN_SELF = YES;
				CLANG_WARN_OBJC_LITERAL_CONVERSION = YES;
				CLANG_WARN_OBJC_ROOT_CLASS = YES_ERROR;
				CLANG_WARN_QUOTED_INCLUDE_IN_FRAMEWORK_HEADER = YES;
				CLANG_WARN_RANGE_LOOP_ANALYSIS = YES;
				CLANG_WARN_STRICT_PROTOTYPES = YES;
				CLANG_WARN_SUSPICIOUS_MOVE = YES;
				CLANG_WARN_UNGUARDED_AVAILABILITY = YES_AGGRESSIVE;
				CLANG_WARN_UNREACHABLE_CODE = YES;
				CLANG_WARN__DUPLICATE_METHOD_MATCH = YES;
				COPY_PHASE_STRIP = NO;
				DEBUG_INFORMATION_FORMAT = "dwarf-with-dsym";
				ENABLE_NS_ASSERTIONS = NO;
				ENABLE_STRICT_OBJC_MSGSEND = YES;
				GCC_C_LANGUAGE_STANDARD = gnu11;
				GCC_NO_COMMON_BLOCKS = YES;
				GCC_WARN_64_TO_32_BIT_CONVERSION = YES;
				GCC_WARN_ABOUT_RETURN_TYPE = YES_ERROR;
				GCC_WARN_UNDECLARED_SELECTOR = YES;
				GCC_WARN_UNINITIALIZED_AUTOS = YES_AGGRESSIVE;
				GCC_WARN_UNUSED_FUNCTION = YES;
				GCC_WARN_UNUSED_VARIABLE = YES;
				IPHONEOS_DEPLOYMENT_TARGET = 14.5;
				MTL_ENABLE_DEBUG_INFO = NO;
				MTL_FAST_MATH = YES;
				SDKROOT = iphoneos;
				SWIFT_COMPILATION_MODE = wholemodule;
				SWIFT_OPTIMIZATION_LEVEL = "-O";
				VALIDATE_PRODUCT = YES;
			};
			name = Release;
		};
		0BF3C987265F17F3009C393F /* Debug */ = {
			isa = XCBuildConfiguration;
			buildSettings = {
				ASSETCATALOG_COMPILER_APPICON_NAME = AppIcon;
				ASSETCATALOG_COMPILER_GLOBAL_ACCENT_COLOR_NAME = AccentColor;
				CODE_SIGN_STYLE = Automatic;
				DEVELOPMENT_ASSET_PATHS = "\"Calendar/Preview Content\"";
				DEVELOPMENT_TEAM = C434CHPZ37;
				ENABLE_PREVIEWS = YES;
				INFOPLIST_FILE = Calendar/Info.plist;
				IPHONEOS_DEPLOYMENT_TARGET = 14.0;
				LD_RUNPATH_SEARCH_PATHS = (
					"$(inherited)",
					"@executable_path/Frameworks",
				);
				PRODUCT_BUNDLE_IDENTIFIER = hoffsilva.Calendar;
				PRODUCT_NAME = "$(TARGET_NAME)";
				SWIFT_VERSION = 5.0;
				TARGETED_DEVICE_FAMILY = "1,2";
			};
			name = Debug;
		};
		0BF3C988265F17F3009C393F /* Release */ = {
			isa = XCBuildConfiguration;
			buildSettings = {
				ASSETCATALOG_COMPILER_APPICON_NAME = AppIcon;
				ASSETCATALOG_COMPILER_GLOBAL_ACCENT_COLOR_NAME = AccentColor;
				CODE_SIGN_STYLE = Automatic;
				DEVELOPMENT_ASSET_PATHS = "\"Calendar/Preview Content\"";
				DEVELOPMENT_TEAM = C434CHPZ37;
				ENABLE_PREVIEWS = YES;
				INFOPLIST_FILE = Calendar/Info.plist;
				IPHONEOS_DEPLOYMENT_TARGET = 14.0;
				LD_RUNPATH_SEARCH_PATHS = (
					"$(inherited)",
					"@executable_path/Frameworks",
				);
				PRODUCT_BUNDLE_IDENTIFIER = hoffsilva.Calendar;
				PRODUCT_NAME = "$(TARGET_NAME)";
				SWIFT_VERSION = 5.0;
				TARGETED_DEVICE_FAMILY = "1,2";
			};
			name = Release;
		};
/* End XCBuildConfiguration section */

/* Begin XCConfigurationList section */
		0B745BE62669935500A3AB19 /* Build configuration list for PBXNativeTarget "CalendarUnitTests" */ = {
			isa = XCConfigurationList;
			buildConfigurations = (
				0B745BE42669935500A3AB19 /* Debug */,
				0B745BE52669935500A3AB19 /* Release */,
			);
			defaultConfigurationIsVisible = 0;
			defaultConfigurationName = Release;
		};
		0BF3C972265F17F1009C393F /* Build configuration list for PBXProject "Calendar" */ = {
			isa = XCConfigurationList;
			buildConfigurations = (
				0BF3C984265F17F3009C393F /* Debug */,
				0BF3C985265F17F3009C393F /* Release */,
			);
			defaultConfigurationIsVisible = 0;
			defaultConfigurationName = Release;
		};
		0BF3C986265F17F3009C393F /* Build configuration list for PBXNativeTarget "Calendar" */ = {
			isa = XCConfigurationList;
			buildConfigurations = (
				0BF3C987265F17F3009C393F /* Debug */,
				0BF3C988265F17F3009C393F /* Release */,
			);
			defaultConfigurationIsVisible = 0;
			defaultConfigurationName = Release;
		};
/* End XCConfigurationList section */
	};
	rootObject = 0BF3C96F265F17F1009C393F /* Project object */;
}
